// !$*UTF8*$!
{
	archiveVersion = 1;
	classes = {
	};
	objectVersion = 50;
	objects = {

/* Begin PBXBuildFile section */
		6C86338423C5695D00D7F92E /* AppDelegate.swift in Sources */ = {isa = PBXBuildFile; fileRef = 6C86338323C5695D00D7F92E /* AppDelegate.swift */; };
		6C86338623C5695D00D7F92E /* SceneDelegate.swift in Sources */ = {isa = PBXBuildFile; fileRef = 6C86338523C5695D00D7F92E /* SceneDelegate.swift */; };
		6C86338823C5695D00D7F92E /* ContentView.swift in Sources */ = {isa = PBXBuildFile; fileRef = 6C86338723C5695D00D7F92E /* ContentView.swift */; };
		6C86338A23C5695F00D7F92E /* Assets.xcassets in Resources */ = {isa = PBXBuildFile; fileRef = 6C86338923C5695F00D7F92E /* Assets.xcassets */; };
		6C86338D23C5695F00D7F92E /* Preview Assets.xcassets in Resources */ = {isa = PBXBuildFile; fileRef = 6C86338C23C5695F00D7F92E /* Preview Assets.xcassets */; };
		6C86339023C5695F00D7F92E /* LaunchScreen.storyboard in Resources */ = {isa = PBXBuildFile; fileRef = 6C86338E23C5695F00D7F92E /* LaunchScreen.storyboard */; };
/* End PBXBuildFile section */

/* Begin PBXFileReference section */
		6C86338023C5695D00D7F92E /* SmileApp.app */ = {isa = PBXFileReference; explicitFileType = wrapper.application; includeInIndex = 0; path = SmileApp.app; sourceTree = BUILT_PRODUCTS_DIR; };
		6C86338323C5695D00D7F92E /* AppDelegate.swift */ = {isa = PBXFileReference; lastKnownFileType = sourcecode.swift; path = AppDelegate.swift; sourceTree = "<group>"; };
		6C86338523C5695D00D7F92E /* SceneDelegate.swift */ = {isa = PBXFileReference; lastKnownFileType = sourcecode.swift; path = SceneDelegate.swift; sourceTree = "<group>"; };
		6C86338723C5695D00D7F92E /* ContentView.swift */ = {isa = PBXFileReference; lastKnownFileType = sourcecode.swift; path = ContentView.swift; sourceTree = "<group>"; };
		6C86338923C5695F00D7F92E /* Assets.xcassets */ = {isa = PBXFileReference; lastKnownFileType = folder.assetcatalog; path = Assets.xcassets; sourceTree = "<group>"; };
		6C86338C23C5695F00D7F92E /* Preview Assets.xcassets */ = {isa = PBXFileReference; lastKnownFileType = folder.assetcatalog; path = "Preview Assets.xcassets"; sourceTree = "<group>"; };
		6C86338F23C5695F00D7F92E /* Base */ = {isa = PBXFileReference; lastKnownFileType = file.storyboard; name = Base; path = Base.lproj/LaunchScreen.storyboard; sourceTree = "<group>"; };
		6C86339123C5695F00D7F92E /* Info.plist */ = {isa = PBXFileReference; lastKnownFileType = text.plist.xml; path = Info.plist; sourceTree = "<group>"; };
/* End PBXFileReference section */

/* Begin PBXFrameworksBuildPhase section */
		6C86337D23C5695D00D7F92E /* Frameworks */ = {
			isa = PBXFrameworksBuildPhase;
			buildActionMask = 2147483647;
			files = (
			);
			runOnlyForDeploymentPostprocessing = 0;
		};
/* End PBXFrameworksBuildPhase section */

/* Begin PBXGroup section */
		6C86337723C5695D00D7F92E = {
			isa = PBXGroup;
			children = (
				6C86338223C5695D00D7F92E /* SmileApp */,
				6C86338123C5695D00D7F92E /* Products */,
			);
			sourceTree = "<group>";
		};
		6C86338123C5695D00D7F92E /* Products */ = {
			isa = PBXGroup;
			children = (
				6C86338023C5695D00D7F92E /* SmileApp.app */,
			);
			name = Products;
			sourceTree = "<group>";
		};
		6C86338223C5695D00D7F92E /* SmileApp */ = {
			isa = PBXGroup;
			children = (
				6C86338323C5695D00D7F92E /* AppDelegate.swift */,
				6C86338523C5695D00D7F92E /* SceneDelegate.swift */,
				6C86338723C5695D00D7F92E /* ContentView.swift */,
				6C86338923C5695F00D7F92E /* Assets.xcassets */,
				6C86338E23C5695F00D7F92E /* LaunchScreen.storyboard */,
				6C86339123C5695F00D7F92E /* Info.plist */,
				6C86338B23C5695F00D7F92E /* Preview Content */,
			);
			path = SmileApp;
			sourceTree = "<group>";
		};
		6C86338B23C5695F00D7F92E /* Preview Content */ = {
			isa = PBXGroup;
			children = (
				6C86338C23C5695F00D7F92E /* Preview Assets.xcassets */,
			);
			path = "Preview Content";
			sourceTree = "<group>";
		};
/* End PBXGroup section */

/* Begin PBXNativeTarget section */
		6C86337F23C5695D00D7F92E /* SmileApp */ = {
			isa = PBXNativeTarget;
			buildConfigurationList = 6C86339423C5695F00D7F92E /* Build configuration list for PBXNativeTarget "SmileApp" */;
			buildPhases = (
				6C86337C23C5695D00D7F92E /* Sources */,
				6C86337D23C5695D00D7F92E /* Frameworks */,
				6C86337E23C5695D00D7F92E /* Resources */,
			);
			buildRules = (
			);
			dependencies = (
			);
			name = SmileApp;
			productName = SmileApp;
			productReference = 6C86338023C5695D00D7F92E /* SmileApp.app */;
			productType = "com.apple.product-type.application";
		};
/* End PBXNativeTarget section */

/* Begin PBXProject section */
		6C86337823C5695D00D7F92E /* Project object */ = {
			isa = PBXProject;
			attributes = {
				LastSwiftUpdateCheck = 1130;
				LastUpgradeCheck = 1130;
				ORGANIZATIONNAME = "高橋京介";
				TargetAttributes = {
					6C86337F23C5695D00D7F92E = {
						CreatedOnToolsVersion = 11.3;
					};
				};
			};
			buildConfigurationList = 6C86337B23C5695D00D7F92E /* Build configuration list for PBXProject "SmileApp" */;
			compatibilityVersion = "Xcode 9.3";
			developmentRegion = en;
			hasScannedForEncodings = 0;
			knownRegions = (
				en,
				Base,
			);
			mainGroup = 6C86337723C5695D00D7F92E;
			productRefGroup = 6C86338123C5695D00D7F92E /* Products */;
			projectDirPath = "";
			projectRoot = "";
			targets = (
				6C86337F23C5695D00D7F92E /* SmileApp */,
			);
		};
/* End PBXProject section */

/* Begin PBXResourcesBuildPhase section */
		6C86337E23C5695D00D7F92E /* Resources */ = {
			isa = PBXResourcesBuildPhase;
			buildActionMask = 2147483647;
			files = (
				6C86339023C5695F00D7F92E /* LaunchScreen.storyboard in Resources */,
				6C86338D23C5695F00D7F92E /* Preview Assets.xcassets in Resources */,
				6C86338A23C5695F00D7F92E /* Assets.xcassets in Resources */,
			);
			runOnlyForDeploymentPostprocessing = 0;
		};
/* End PBXResourcesBuildPhase section */

/* Begin PBXSourcesBuildPhase section */
		6C86337C23C5695D00D7F92E /* Sources */ = {
			isa = PBXSourcesBuildPhase;
			buildActionMask = 2147483647;
			files = (
				6C86338423C5695D00D7F92E /* AppDelegate.swift in Sources */,
				6C86338623C5695D00D7F92E /* SceneDelegate.swift in Sources */,
				6C86338823C5695D00D7F92E /* ContentView.swift in Sources */,
			);
			runOnlyForDeploymentPostprocessing = 0;
		};
/* End PBXSourcesBuildPhase section */

/* Begin PBXVariantGroup section */
		6C86338E23C5695F00D7F92E /* LaunchScreen.storyboard */ = {
			isa = PBXVariantGroup;
			children = (
				6C86338F23C5695F00D7F92E /* Base */,
			);
			name = LaunchScreen.storyboard;
			sourceTree = "<group>";
		};
/* End PBXVariantGroup section */

/* Begin XCBuildConfiguration section */
		6C86339223C5695F00D7F92E /* Debug */ = {
			isa = XCBuildConfiguration;
			buildSettings = {
				ALWAYS_SEARCH_USER_PATHS = NO;
				CLANG_ANALYZER_NONNULL = YES;
				CLANG_ANALYZER_NUMBER_OBJECT_CONVERSION = YES_AGGRESSIVE;
				CLANG_CXX_LANGUAGE_STANDARD = "gnu++14";
				CLANG_CXX_LIBRARY = "libc++";
				CLANG_ENABLE_MODULES = YES;
				CLANG_ENABLE_OBJC_ARC = YES;
				CLANG_ENABLE_OBJC_WEAK = YES;
				CLANG_WARN_BLOCK_CAPTURE_AUTORELEASING = YES;
				CLANG_WARN_BOOL_CONVERSION = YES;
				CLANG_WARN_COMMA = YES;
				CLANG_WARN_CONSTANT_CONVERSION = YES;
				CLANG_WARN_DEPRECATED_OBJC_IMPLEMENTATIONS = YES;
				CLANG_WARN_DIRECT_OBJC_ISA_USAGE = YES_ERROR;
				CLANG_WARN_DOCUMENTATION_COMMENTS = YES;
				CLANG_WARN_EMPTY_BODY = YES;
				CLANG_WARN_ENUM_CONVERSION = YES;
				CLANG_WARN_INFINITE_RECURSION = YES;
				CLANG_WARN_INT_CONVERSION = YES;
				CLANG_WARN_NON_LITERAL_NULL_CONVERSION = YES;
				CLANG_WARN_OBJC_IMPLICIT_RETAIN_SELF = YES;
				CLANG_WARN_OBJC_LITERAL_CONVERSION = YES;
				CLANG_WARN_OBJC_ROOT_CLASS = YES_ERROR;
				CLANG_WARN_RANGE_LOOP_ANALYSIS = YES;
				CLANG_WARN_STRICT_PROTOTYPES = YES;
				CLANG_WARN_SUSPICIOUS_MOVE = YES;
				CLANG_WARN_UNGUARDED_AVAILABILITY = YES_AGGRESSIVE;
				CLANG_WARN_UNREACHABLE_CODE = YES;
				CLANG_WARN__DUPLICATE_METHOD_MATCH = YES;
				COPY_PHASE_STRIP = NO;
				DEBUG_INFORMATION_FORMAT = dwarf;
				ENABLE_STRICT_OBJC_MSGSEND = YES;
				ENABLE_TESTABILITY = YES;
				GCC_C_LANGUAGE_STANDARD = gnu11;
				GCC_DYNAMIC_NO_PIC = NO;
				GCC_NO_COMMON_BLOCKS = YES;
				GCC_OPTIMIZATION_LEVEL = 0;
				GCC_PREPROCESSOR_DEFINITIONS = (
					"DEBUG=1",
					"$(inherited)",
				);
				GCC_WARN_64_TO_32_BIT_CONVERSION = YES;
				GCC_WARN_ABOUT_RETURN_TYPE = YES_ERROR;
				GCC_WARN_UNDECLARED_SELECTOR = YES;
				GCC_WARN_UNINITIALIZED_AUTOS = YES_AGGRESSIVE;
				GCC_WARN_UNUSED_FUNCTION = YES;
				GCC_WARN_UNUSED_VARIABLE = YES;
				IPHONEOS_DEPLOYMENT_TARGET = 13.2;
				MTL_ENABLE_DEBUG_INFO = INCLUDE_SOURCE;
				MTL_FAST_MATH = YES;
				ONLY_ACTIVE_ARCH = YES;
				SDKROOT = iphoneos;
				SWIFT_ACTIVE_COMPILATION_CONDITIONS = DEBUG;
				SWIFT_OPTIMIZATION_LEVEL = "-Onone";
			};
			name = Debug;
		};
		6C86339323C5695F00D7F92E /* Release */ = {
			isa = XCBuildConfiguration;
			buildSettings = {
				ALWAYS_SEARCH_USER_PATHS = NO;
				CLANG_ANALYZER_NONNULL = YES;
				CLANG_ANALYZER_NUMBER_OBJECT_CONVERSION = YES_AGGRESSIVE;
				CLANG_CXX_LANGUAGE_STANDARD = "gnu++14";
				CLANG_CXX_LIBRARY = "libc++";
				CLANG_ENABLE_MODULES = YES;
				CLANG_ENABLE_OBJC_ARC = YES;
				CLANG_ENABLE_OBJC_WEAK = YES;
				CLANG_WARN_BLOCK_CAPTURE_AUTORELEASING = YES;
				CLANG_WARN_BOOL_CONVERSION = YES;
				CLANG_WARN_COMMA = YES;
				CLANG_WARN_CONSTANT_CONVERSION = YES;
				CLANG_WARN_DEPRECATED_OBJC_IMPLEMENTATIONS = YES;
				CLANG_WARN_DIRECT_OBJC_ISA_USAGE = YES_ERROR;
				CLANG_WARN_DOCUMENTATION_COMMENTS = YES;
				CLANG_WARN_EMPTY_BODY = YES;
				CLANG_WARN_ENUM_CONVERSION = YES;
				CLANG_WARN_INFINITE_RECURSION = YES;
				CLANG_WARN_INT_CONVERSION = YES;
				CLANG_WARN_NON_LITERAL_NULL_CONVERSION = YES;
				CLANG_WARN_OBJC_IMPLICIT_RETAIN_SELF = YES;
				CLANG_WARN_OBJC_LITERAL_CONVERSION = YES;
				CLANG_WARN_OBJC_ROOT_CLASS = YES_ERROR;
				CLANG_WARN_RANGE_LOOP_ANALYSIS = YES;
				CLANG_WARN_STRICT_PROTOTYPES = YES;
				CLANG_WARN_SUSPICIOUS_MOVE = YES;
				CLANG_WARN_UNGUARDED_AVAILABILITY = YES_AGGRESSIVE;
				CLANG_WARN_UNREACHABLE_CODE = YES;
				CLANG_WARN__DUPLICATE_METHOD_MATCH = YES;
				COPY_PHASE_STRIP = NO;
				DEBUG_INFORMATION_FORMAT = "dwarf-with-dsym";
				ENABLE_NS_ASSERTIONS = NO;
				ENABLE_STRICT_OBJC_MSGSEND = YES;
				GCC_C_LANGUAGE_STANDARD = gnu11;
				GCC_NO_COMMON_BLOCKS = YES;
				GCC_WARN_64_TO_32_BIT_CONVERSION = YES;
				GCC_WARN_ABOUT_RETURN_TYPE = YES_ERROR;
				GCC_WARN_UNDECLARED_SELECTOR = YES;
				GCC_WARN_UNINITIALIZED_AUTOS = YES_AGGRESSIVE;
				GCC_WARN_UNUSED_FUNCTION = YES;
				GCC_WARN_UNUSED_VARIABLE = YES;
				IPHONEOS_DEPLOYMENT_TARGET = 13.2;
				MTL_ENABLE_DEBUG_INFO = NO;
				MTL_FAST_MATH = YES;
				SDKROOT = iphoneos;
				SWIFT_COMPILATION_MODE = wholemodule;
				SWIFT_OPTIMIZATION_LEVEL = "-O";
				VALIDATE_PRODUCT = YES;
			};
			name = Release;
		};
		6C86339523C5695F00D7F92E /* Debug */ = {
			isa = XCBuildConfiguration;
			buildSettings = {
				ASSETCATALOG_COMPILER_APPICON_NAME = AppIcon;
				CODE_SIGN_STYLE = Automatic;
				DEVELOPMENT_ASSET_PATHS = "\"SmileApp/Preview Content\"";
				DEVELOPMENT_TEAM = F4MN49KRJB;
				ENABLE_PREVIEWS = YES;
				INFOPLIST_FILE = SmileApp/Info.plist;
				LD_RUNPATH_SEARCH_PATHS = (
					"$(inherited)",
					"@executable_path/Frameworks",
				);
				PRODUCT_BUNDLE_IDENTIFIER = com.example.someone.SmileApp;
				PRODUCT_NAME = "$(TARGET_NAME)";
				SWIFT_VERSION = 5.0;
				TARGETED_DEVICE_FAMILY = "1,2";
			};
			name = Debug;
		};
		6C86339623C5695F00D7F92E /* Release */ = {
			isa = XCBuildConfiguration;
			buildSettings = {
				ASSETCATALOG_COMPILER_APPICON_NAME = AppIcon;
				CODE_SIGN_STYLE = Automatic;
				DEVELOPMENT_ASSET_PATHS = "\"SmileApp/Preview Content\"";
				DEVELOPMENT_TEAM = F4MN49KRJB;
				ENABLE_PREVIEWS = YES;
				INFOPLIST_FILE = SmileApp/Info.plist;
				LD_RUNPATH_SEARCH_PATHS = (
					"$(inherited)",
					"@executable_path/Frameworks",
				);
				PRODUCT_BUNDLE_IDENTIFIER = com.example.someone.SmileApp;
				PRODUCT_NAME = "$(TARGET_NAME)";
				SWIFT_VERSION = 5.0;
				TARGETED_DEVICE_FAMILY = "1,2";
			};
			name = Release;
		};
/* End XCBuildConfiguration section */

/* Begin XCConfigurationList section */
		6C86337B23C5695D00D7F92E /* Build configuration list for PBXProject "SmileApp" */ = {
			isa = XCConfigurationList;
			buildConfigurations = (
				6C86339223C5695F00D7F92E /* Debug */,
				6C86339323C5695F00D7F92E /* Release */,
			);
			defaultConfigurationIsVisible = 0;
			defaultConfigurationName = Release;
		};
		6C86339423C5695F00D7F92E /* Build configuration list for PBXNativeTarget "SmileApp" */ = {
			isa = XCConfigurationList;
			buildConfigurations = (
				6C86339523C5695F00D7F92E /* Debug */,
				6C86339623C5695F00D7F92E /* Release */,
			);
			defaultConfigurationIsVisible = 0;
			defaultConfigurationName = Release;
		};
/* End XCConfigurationList section */
	};
	rootObject = 6C86337823C5695D00D7F92E /* Project object */;
}
