// !$*UTF8*$!
{
	archiveVersion = 1;
	classes = {
	};
	objectVersion = 50;
	objects = {

/* Begin PBXBuildFile section */
		C530C67D2524DC960078128F /* testApp.swift in Sources */ = {isa = PBXBuildFile; fileRef = C530C67C2524DC960078128F /* testApp.swift */; };
		C530C67F2524DC970078128F /* ContentView.swift in Sources */ = {isa = PBXBuildFile; fileRef = C530C67E2524DC970078128F /* ContentView.swift */; };
		C530C6812524DC9C0078128F /* Assets.xcassets in Resources */ = {isa = PBXBuildFile; fileRef = C530C6802524DC9C0078128F /* Assets.xcassets */; };
		C530C6842524DC9C0078128F /* Preview Assets.xcassets in Resources */ = {isa = PBXBuildFile; fileRef = C530C6832524DC9C0078128F /* Preview Assets.xcassets */; };
		C530C68F2524DC9C0078128F /* testTests.swift in Sources */ = {isa = PBXBuildFile; fileRef = C530C68E2524DC9C0078128F /* testTests.swift */; };
		C530C69A2524DC9C0078128F /* testUITests.swift in Sources */ = {isa = PBXBuildFile; fileRef = C530C6992524DC9C0078128F /* testUITests.swift */; };
		C530C6B32524DD5E0078128F /* employee.json in Resources */ = {isa = PBXBuildFile; fileRef = C530C6B22524DD5E0078128F /* employee.json */; };
		C530C6BB2524DEA20078128F /* Data.swift in Sources */ = {isa = PBXBuildFile; fileRef = C530C6BA2524DEA20078128F /* Data.swift */; };
/* End PBXBuildFile section */

/* Begin PBXContainerItemProxy section */
		C530C68B2524DC9C0078128F /* PBXContainerItemProxy */ = {
			isa = PBXContainerItemProxy;
			containerPortal = C530C6712524DC960078128F /* Project object */;
			proxyType = 1;
			remoteGlobalIDString = C530C6782524DC960078128F;
			remoteInfo = test;
		};
		C530C6962524DC9C0078128F /* PBXContainerItemProxy */ = {
			isa = PBXContainerItemProxy;
			containerPortal = C530C6712524DC960078128F /* Project object */;
			proxyType = 1;
			remoteGlobalIDString = C530C6782524DC960078128F;
			remoteInfo = test;
		};
/* End PBXContainerItemProxy section */

/* Begin PBXFileReference section */
		C530C6792524DC960078128F /* test.app */ = {isa = PBXFileReference; explicitFileType = wrapper.application; includeInIndex = 0; path = test.app; sourceTree = BUILT_PRODUCTS_DIR; };
		C530C67C2524DC960078128F /* testApp.swift */ = {isa = PBXFileReference; lastKnownFileType = sourcecode.swift; path = testApp.swift; sourceTree = "<group>"; };
		C530C67E2524DC970078128F /* ContentView.swift */ = {isa = PBXFileReference; lastKnownFileType = sourcecode.swift; path = ContentView.swift; sourceTree = "<group>"; };
		C530C6802524DC9C0078128F /* Assets.xcassets */ = {isa = PBXFileReference; lastKnownFileType = folder.assetcatalog; path = Assets.xcassets; sourceTree = "<group>"; };
		C530C6832524DC9C0078128F /* Preview Assets.xcassets */ = {isa = PBXFileReference; lastKnownFileType = folder.assetcatalog; path = "Preview Assets.xcassets"; sourceTree = "<group>"; };
		C530C6852524DC9C0078128F /* Info.plist */ = {isa = PBXFileReference; lastKnownFileType = text.plist.xml; path = Info.plist; sourceTree = "<group>"; };
		C530C68A2524DC9C0078128F /* testTests.xctest */ = {isa = PBXFileReference; explicitFileType = wrapper.cfbundle; includeInIndex = 0; path = testTests.xctest; sourceTree = BUILT_PRODUCTS_DIR; };
		C530C68E2524DC9C0078128F /* testTests.swift */ = {isa = PBXFileReference; lastKnownFileType = sourcecode.swift; path = testTests.swift; sourceTree = "<group>"; };
		C530C6902524DC9C0078128F /* Info.plist */ = {isa = PBXFileReference; lastKnownFileType = text.plist.xml; path = Info.plist; sourceTree = "<group>"; };
		C530C6952524DC9C0078128F /* testUITests.xctest */ = {isa = PBXFileReference; explicitFileType = wrapper.cfbundle; includeInIndex = 0; path = testUITests.xctest; sourceTree = BUILT_PRODUCTS_DIR; };
		C530C6992524DC9C0078128F /* testUITests.swift */ = {isa = PBXFileReference; lastKnownFileType = sourcecode.swift; path = testUITests.swift; sourceTree = "<group>"; };
		C530C69B2524DC9C0078128F /* Info.plist */ = {isa = PBXFileReference; lastKnownFileType = text.plist.xml; path = Info.plist; sourceTree = "<group>"; };
		C530C6B22524DD5E0078128F /* employee.json */ = {isa = PBXFileReference; fileEncoding = 4; lastKnownFileType = text.json; path = employee.json; sourceTree = "<group>"; };
		C530C6BA2524DEA20078128F /* Data.swift */ = {isa = PBXFileReference; lastKnownFileType = sourcecode.swift; path = Data.swift; sourceTree = "<group>"; };
/* End PBXFileReference section */

/* Begin PBXFrameworksBuildPhase section */
		C530C6762524DC960078128F /* Frameworks */ = {
			isa = PBXFrameworksBuildPhase;
			buildActionMask = 2147483647;
			files = (
			);
			runOnlyForDeploymentPostprocessing = 0;
		};
		C530C6872524DC9C0078128F /* Frameworks */ = {
			isa = PBXFrameworksBuildPhase;
			buildActionMask = 2147483647;
			files = (
			);
			runOnlyForDeploymentPostprocessing = 0;
		};
		C530C6922524DC9C0078128F /* Frameworks */ = {
			isa = PBXFrameworksBuildPhase;
			buildActionMask = 2147483647;
			files = (
			);
			runOnlyForDeploymentPostprocessing = 0;
		};
/* End PBXFrameworksBuildPhase section */

/* Begin PBXGroup section */
		C530C6702524DC960078128F = {
			isa = PBXGroup;
			children = (
				C530C67B2524DC960078128F /* test */,
				C530C68D2524DC9C0078128F /* testTests */,
				C530C6982524DC9C0078128F /* testUITests */,
				C530C67A2524DC960078128F /* Products */,
			);
			sourceTree = "<group>";
		};
		C530C67A2524DC960078128F /* Products */ = {
			isa = PBXGroup;
			children = (
				C530C6792524DC960078128F /* test.app */,
				C530C68A2524DC9C0078128F /* testTests.xctest */,
				C530C6952524DC9C0078128F /* testUITests.xctest */,
			);
			name = Products;
			sourceTree = "<group>";
		};
		C530C67B2524DC960078128F /* test */ = {
			isa = PBXGroup;
			children = (
				C530C67C2524DC960078128F /* testApp.swift */,
				C530C67E2524DC970078128F /* ContentView.swift */,
				C530C6BA2524DEA20078128F /* Data.swift */,
				C530C6802524DC9C0078128F /* Assets.xcassets */,
				C530C6B22524DD5E0078128F /* employee.json */,
				C530C6852524DC9C0078128F /* Info.plist */,
				C530C6822524DC9C0078128F /* Preview Content */,
			);
			path = test;
			sourceTree = "<group>";
		};
		C530C6822524DC9C0078128F /* Preview Content */ = {
			isa = PBXGroup;
			children = (
				C530C6832524DC9C0078128F /* Preview Assets.xcassets */,
			);
			path = "Preview Content";
			sourceTree = "<group>";
		};
		C530C68D2524DC9C0078128F /* testTests */ = {
			isa = PBXGroup;
			children = (
				C530C68E2524DC9C0078128F /* testTests.swift */,
				C530C6902524DC9C0078128F /* Info.plist */,
			);
			path = testTests;
			sourceTree = "<group>";
		};
		C530C6982524DC9C0078128F /* testUITests */ = {
			isa = PBXGroup;
			children = (
				C530C6992524DC9C0078128F /* testUITests.swift */,
				C530C69B2524DC9C0078128F /* Info.plist */,
			);
			path = testUITests;
			sourceTree = "<group>";
		};
/* End PBXGroup section */

/* Begin PBXNativeTarget section */
		C530C6782524DC960078128F /* test */ = {
			isa = PBXNativeTarget;
			buildConfigurationList = C530C69E2524DC9C0078128F /* Build configuration list for PBXNativeTarget "test" */;
			buildPhases = (
				C530C6752524DC960078128F /* Sources */,
				C530C6762524DC960078128F /* Frameworks */,
				C530C6772524DC960078128F /* Resources */,
			);
			buildRules = (
			);
			dependencies = (
			);
			name = test;
			productName = test;
			productReference = C530C6792524DC960078128F /* test.app */;
			productType = "com.apple.product-type.application";
		};
		C530C6892524DC9C0078128F /* testTests */ = {
			isa = PBXNativeTarget;
			buildConfigurationList = C530C6A12524DC9C0078128F /* Build configuration list for PBXNativeTarget "testTests" */;
			buildPhases = (
				C530C6862524DC9C0078128F /* Sources */,
				C530C6872524DC9C0078128F /* Frameworks */,
				C530C6882524DC9C0078128F /* Resources */,
			);
			buildRules = (
			);
			dependencies = (
				C530C68C2524DC9C0078128F /* PBXTargetDependency */,
			);
			name = testTests;
			productName = testTests;
			productReference = C530C68A2524DC9C0078128F /* testTests.xctest */;
			productType = "com.apple.product-type.bundle.unit-test";
		};
		C530C6942524DC9C0078128F /* testUITests */ = {
			isa = PBXNativeTarget;
			buildConfigurationList = C530C6A42524DC9C0078128F /* Build configuration list for PBXNativeTarget "testUITests" */;
			buildPhases = (
				C530C6912524DC9C0078128F /* Sources */,
				C530C6922524DC9C0078128F /* Frameworks */,
				C530C6932524DC9C0078128F /* Resources */,
			);
			buildRules = (
			);
			dependencies = (
				C530C6972524DC9C0078128F /* PBXTargetDependency */,
			);
			name = testUITests;
			productName = testUITests;
			productReference = C530C6952524DC9C0078128F /* testUITests.xctest */;
			productType = "com.apple.product-type.bundle.ui-testing";
		};
/* End PBXNativeTarget section */

/* Begin PBXProject section */
		C530C6712524DC960078128F /* Project object */ = {
			isa = PBXProject;
			attributes = {
				LastSwiftUpdateCheck = 1200;
				LastUpgradeCheck = 1200;
				TargetAttributes = {
					C530C6782524DC960078128F = {
						CreatedOnToolsVersion = 12.0.1;
					};
					C530C6892524DC9C0078128F = {
						CreatedOnToolsVersion = 12.0.1;
						TestTargetID = C530C6782524DC960078128F;
					};
					C530C6942524DC9C0078128F = {
						CreatedOnToolsVersion = 12.0.1;
						TestTargetID = C530C6782524DC960078128F;
					};
				};
			};
			buildConfigurationList = C530C6742524DC960078128F /* Build configuration list for PBXProject "test" */;
			compatibilityVersion = "Xcode 9.3";
			developmentRegion = en;
			hasScannedForEncodings = 0;
			knownRegions = (
				en,
				Base,
			);
			mainGroup = C530C6702524DC960078128F;
			productRefGroup = C530C67A2524DC960078128F /* Products */;
			projectDirPath = "";
			projectRoot = "";
			targets = (
				C530C6782524DC960078128F /* test */,
				C530C6892524DC9C0078128F /* testTests */,
				C530C6942524DC9C0078128F /* testUITests */,
			);
		};
/* End PBXProject section */

/* Begin PBXResourcesBuildPhase section */
		C530C6772524DC960078128F /* Resources */ = {
			isa = PBXResourcesBuildPhase;
			buildActionMask = 2147483647;
			files = (
				C530C6842524DC9C0078128F /* Preview Assets.xcassets in Resources */,
				C530C6812524DC9C0078128F /* Assets.xcassets in Resources */,
				C530C6B32524DD5E0078128F /* employee.json in Resources */,
			);
			runOnlyForDeploymentPostprocessing = 0;
		};
		C530C6882524DC9C0078128F /* Resources */ = {
			isa = PBXResourcesBuildPhase;
			buildActionMask = 2147483647;
			files = (
			);
			runOnlyForDeploymentPostprocessing = 0;
		};
		C530C6932524DC9C0078128F /* Resources */ = {
			isa = PBXResourcesBuildPhase;
			buildActionMask = 2147483647;
			files = (
			);
			runOnlyForDeploymentPostprocessing = 0;
		};
/* End PBXResourcesBuildPhase section */

/* Begin PBXSourcesBuildPhase section */
		C530C6752524DC960078128F /* Sources */ = {
			isa = PBXSourcesBuildPhase;
			buildActionMask = 2147483647;
			files = (
				C530C67F2524DC970078128F /* ContentView.swift in Sources */,
				C530C6BB2524DEA20078128F /* Data.swift in Sources */,
				C530C67D2524DC960078128F /* testApp.swift in Sources */,
			);
			runOnlyForDeploymentPostprocessing = 0;
		};
		C530C6862524DC9C0078128F /* Sources */ = {
			isa = PBXSourcesBuildPhase;
			buildActionMask = 2147483647;
			files = (
				C530C68F2524DC9C0078128F /* testTests.swift in Sources */,
			);
			runOnlyForDeploymentPostprocessing = 0;
		};
		C530C6912524DC9C0078128F /* Sources */ = {
			isa = PBXSourcesBuildPhase;
			buildActionMask = 2147483647;
			files = (
				C530C69A2524DC9C0078128F /* testUITests.swift in Sources */,
			);
			runOnlyForDeploymentPostprocessing = 0;
		};
/* End PBXSourcesBuildPhase section */

/* Begin PBXTargetDependency section */
		C530C68C2524DC9C0078128F /* PBXTargetDependency */ = {
			isa = PBXTargetDependency;
			target = C530C6782524DC960078128F /* test */;
			targetProxy = C530C68B2524DC9C0078128F /* PBXContainerItemProxy */;
		};
		C530C6972524DC9C0078128F /* PBXTargetDependency */ = {
			isa = PBXTargetDependency;
			target = C530C6782524DC960078128F /* test */;
			targetProxy = C530C6962524DC9C0078128F /* PBXContainerItemProxy */;
		};
/* End PBXTargetDependency section */

/* Begin XCBuildConfiguration section */
		C530C69C2524DC9C0078128F /* Debug */ = {
			isa = XCBuildConfiguration;
			buildSettings = {
				ALWAYS_SEARCH_USER_PATHS = NO;
				CLANG_ANALYZER_NONNULL = YES;
				CLANG_ANALYZER_NUMBER_OBJECT_CONVERSION = YES_AGGRESSIVE;
				CLANG_CXX_LANGUAGE_STANDARD = "gnu++14";
				CLANG_CXX_LIBRARY = "libc++";
				CLANG_ENABLE_MODULES = YES;
				CLANG_ENABLE_OBJC_ARC = YES;
				CLANG_ENABLE_OBJC_WEAK = YES;
				CLANG_WARN_BLOCK_CAPTURE_AUTORELEASING = YES;
				CLANG_WARN_BOOL_CONVERSION = YES;
				CLANG_WARN_COMMA = YES;
				CLANG_WARN_CONSTANT_CONVERSION = YES;
				CLANG_WARN_DEPRECATED_OBJC_IMPLEMENTATIONS = YES;
				CLANG_WARN_DIRECT_OBJC_ISA_USAGE = YES_ERROR;
				CLANG_WARN_DOCUMENTATION_COMMENTS = YES;
				CLANG_WARN_EMPTY_BODY = YES;
				CLANG_WARN_ENUM_CONVERSION = YES;
				CLANG_WARN_INFINITE_RECURSION = YES;
				CLANG_WARN_INT_CONVERSION = YES;
				CLANG_WARN_NON_LITERAL_NULL_CONVERSION = YES;
				CLANG_WARN_OBJC_IMPLICIT_RETAIN_SELF = YES;
				CLANG_WARN_OBJC_LITERAL_CONVERSION = YES;
				CLANG_WARN_OBJC_ROOT_CLASS = YES_ERROR;
				CLANG_WARN_QUOTED_INCLUDE_IN_FRAMEWORK_HEADER = YES;
				CLANG_WARN_RANGE_LOOP_ANALYSIS = YES;
				CLANG_WARN_STRICT_PROTOTYPES = YES;
				CLANG_WARN_SUSPICIOUS_MOVE = YES;
				CLANG_WARN_UNGUARDED_AVAILABILITY = YES_AGGRESSIVE;
				CLANG_WARN_UNREACHABLE_CODE = YES;
				CLANG_WARN__DUPLICATE_METHOD_MATCH = YES;
				COPY_PHASE_STRIP = NO;
				DEBUG_INFORMATION_FORMAT = dwarf;
				ENABLE_STRICT_OBJC_MSGSEND = YES;
				ENABLE_TESTABILITY = YES;
				GCC_C_LANGUAGE_STANDARD = gnu11;
				GCC_DYNAMIC_NO_PIC = NO;
				GCC_NO_COMMON_BLOCKS = YES;
				GCC_OPTIMIZATION_LEVEL = 0;
				GCC_PREPROCESSOR_DEFINITIONS = (
					"DEBUG=1",
					"$(inherited)",
				);
				GCC_WARN_64_TO_32_BIT_CONVERSION = YES;
				GCC_WARN_ABOUT_RETURN_TYPE = YES_ERROR;
				GCC_WARN_UNDECLARED_SELECTOR = YES;
				GCC_WARN_UNINITIALIZED_AUTOS = YES_AGGRESSIVE;
				GCC_WARN_UNUSED_FUNCTION = YES;
				GCC_WARN_UNUSED_VARIABLE = YES;
				IPHONEOS_DEPLOYMENT_TARGET = 14.0;
				MTL_ENABLE_DEBUG_INFO = INCLUDE_SOURCE;
				MTL_FAST_MATH = YES;
				ONLY_ACTIVE_ARCH = YES;
				SDKROOT = iphoneos;
				SWIFT_ACTIVE_COMPILATION_CONDITIONS = DEBUG;
				SWIFT_OPTIMIZATION_LEVEL = "-Onone";
			};
			name = Debug;
		};
		C530C69D2524DC9C0078128F /* Release */ = {
			isa = XCBuildConfiguration;
			buildSettings = {
				ALWAYS_SEARCH_USER_PATHS = NO;
				CLANG_ANALYZER_NONNULL = YES;
				CLANG_ANALYZER_NUMBER_OBJECT_CONVERSION = YES_AGGRESSIVE;
				CLANG_CXX_LANGUAGE_STANDARD = "gnu++14";
				CLANG_CXX_LIBRARY = "libc++";
				CLANG_ENABLE_MODULES = YES;
				CLANG_ENABLE_OBJC_ARC = YES;
				CLANG_ENABLE_OBJC_WEAK = YES;
				CLANG_WARN_BLOCK_CAPTURE_AUTORELEASING = YES;
				CLANG_WARN_BOOL_CONVERSION = YES;
				CLANG_WARN_COMMA = YES;
				CLANG_WARN_CONSTANT_CONVERSION = YES;
				CLANG_WARN_DEPRECATED_OBJC_IMPLEMENTATIONS = YES;
				CLANG_WARN_DIRECT_OBJC_ISA_USAGE = YES_ERROR;
				CLANG_WARN_DOCUMENTATION_COMMENTS = YES;
				CLANG_WARN_EMPTY_BODY = YES;
				CLANG_WARN_ENUM_CONVERSION = YES;
				CLANG_WARN_INFINITE_RECURSION = YES;
				CLANG_WARN_INT_CONVERSION = YES;
				CLANG_WARN_NON_LITERAL_NULL_CONVERSION = YES;
				CLANG_WARN_OBJC_IMPLICIT_RETAIN_SELF = YES;
				CLANG_WARN_OBJC_LITERAL_CONVERSION = YES;
				CLANG_WARN_OBJC_ROOT_CLASS = YES_ERROR;
				CLANG_WARN_QUOTED_INCLUDE_IN_FRAMEWORK_HEADER = YES;
				CLANG_WARN_RANGE_LOOP_ANALYSIS = YES;
				CLANG_WARN_STRICT_PROTOTYPES = YES;
				CLANG_WARN_SUSPICIOUS_MOVE = YES;
				CLANG_WARN_UNGUARDED_AVAILABILITY = YES_AGGRESSIVE;
				CLANG_WARN_UNREACHABLE_CODE = YES;
				CLANG_WARN__DUPLICATE_METHOD_MATCH = YES;
				COPY_PHASE_STRIP = NO;
				DEBUG_INFORMATION_FORMAT = "dwarf-with-dsym";
				ENABLE_NS_ASSERTIONS = NO;
				ENABLE_STRICT_OBJC_MSGSEND = YES;
				GCC_C_LANGUAGE_STANDARD = gnu11;
				GCC_NO_COMMON_BLOCKS = YES;
				GCC_WARN_64_TO_32_BIT_CONVERSION = YES;
				GCC_WARN_ABOUT_RETURN_TYPE = YES_ERROR;
				GCC_WARN_UNDECLARED_SELECTOR = YES;
				GCC_WARN_UNINITIALIZED_AUTOS = YES_AGGRESSIVE;
				GCC_WARN_UNUSED_FUNCTION = YES;
				GCC_WARN_UNUSED_VARIABLE = YES;
				IPHONEOS_DEPLOYMENT_TARGET = 14.0;
				MTL_ENABLE_DEBUG_INFO = NO;
				MTL_FAST_MATH = YES;
				SDKROOT = iphoneos;
				SWIFT_COMPILATION_MODE = wholemodule;
				SWIFT_OPTIMIZATION_LEVEL = "-O";
				VALIDATE_PRODUCT = YES;
			};
			name = Release;
		};
		C530C69F2524DC9C0078128F /* Debug */ = {
			isa = XCBuildConfiguration;
			buildSettings = {
				ASSETCATALOG_COMPILER_APPICON_NAME = AppIcon;
				ASSETCATALOG_COMPILER_GLOBAL_ACCENT_COLOR_NAME = AccentColor;
				CODE_SIGN_STYLE = Automatic;
				DEVELOPMENT_ASSET_PATHS = "\"test/Preview Content\"";
				DEVELOPMENT_TEAM = 8259584TQ2;
				ENABLE_PREVIEWS = YES;
				INFOPLIST_FILE = test/Info.plist;
				IPHONEOS_DEPLOYMENT_TARGET = 14.0;
				LD_RUNPATH_SEARCH_PATHS = (
					"$(inherited)",
					"@executable_path/Frameworks",
				);
				PRODUCT_BUNDLE_IDENTIFIER = "amaebilove-gmail.com.test";
				PRODUCT_NAME = "$(TARGET_NAME)";
				SWIFT_VERSION = 5.0;
				TARGETED_DEVICE_FAMILY = "1,2";
			};
			name = Debug;
		};
		C530C6A02524DC9C0078128F /* Release */ = {
			isa = XCBuildConfiguration;
			buildSettings = {
				ASSETCATALOG_COMPILER_APPICON_NAME = AppIcon;
				ASSETCATALOG_COMPILER_GLOBAL_ACCENT_COLOR_NAME = AccentColor;
				CODE_SIGN_STYLE = Automatic;
				DEVELOPMENT_ASSET_PATHS = "\"test/Preview Content\"";
				DEVELOPMENT_TEAM = 8259584TQ2;
				ENABLE_PREVIEWS = YES;
				INFOPLIST_FILE = test/Info.plist;
				IPHONEOS_DEPLOYMENT_TARGET = 14.0;
				LD_RUNPATH_SEARCH_PATHS = (
					"$(inherited)",
					"@executable_path/Frameworks",
				);
				PRODUCT_BUNDLE_IDENTIFIER = "amaebilove-gmail.com.test";
				PRODUCT_NAME = "$(TARGET_NAME)";
				SWIFT_VERSION = 5.0;
				TARGETED_DEVICE_FAMILY = "1,2";
			};
			name = Release;
		};
		C530C6A22524DC9C0078128F /* Debug */ = {
			isa = XCBuildConfiguration;
			buildSettings = {
				ALWAYS_EMBED_SWIFT_STANDARD_LIBRARIES = YES;
				BUNDLE_LOADER = "$(TEST_HOST)";
				CODE_SIGN_STYLE = Automatic;
				DEVELOPMENT_TEAM = 8259584TQ2;
				INFOPLIST_FILE = testTests/Info.plist;
				IPHONEOS_DEPLOYMENT_TARGET = 14.0;
				LD_RUNPATH_SEARCH_PATHS = (
					"$(inherited)",
					"@executable_path/Frameworks",
					"@loader_path/Frameworks",
				);
				PRODUCT_BUNDLE_IDENTIFIER = "amaebilove-gmail.com.testTests";
				PRODUCT_NAME = "$(TARGET_NAME)";
				SWIFT_VERSION = 5.0;
				TARGETED_DEVICE_FAMILY = "1,2";
				TEST_HOST = "$(BUILT_PRODUCTS_DIR)/test.app/test";
			};
			name = Debug;
		};
		C530C6A32524DC9C0078128F /* Release */ = {
			isa = XCBuildConfiguration;
			buildSettings = {
				ALWAYS_EMBED_SWIFT_STANDARD_LIBRARIES = YES;
				BUNDLE_LOADER = "$(TEST_HOST)";
				CODE_SIGN_STYLE = Automatic;
				DEVELOPMENT_TEAM = 8259584TQ2;
				INFOPLIST_FILE = testTests/Info.plist;
				IPHONEOS_DEPLOYMENT_TARGET = 14.0;
				LD_RUNPATH_SEARCH_PATHS = (
					"$(inherited)",
					"@executable_path/Frameworks",
					"@loader_path/Frameworks",
				);
				PRODUCT_BUNDLE_IDENTIFIER = "amaebilove-gmail.com.testTests";
				PRODUCT_NAME = "$(TARGET_NAME)";
				SWIFT_VERSION = 5.0;
				TARGETED_DEVICE_FAMILY = "1,2";
				TEST_HOST = "$(BUILT_PRODUCTS_DIR)/test.app/test";
			};
			name = Release;
		};
		C530C6A52524DC9C0078128F /* Debug */ = {
			isa = XCBuildConfiguration;
			buildSettings = {
				ALWAYS_EMBED_SWIFT_STANDARD_LIBRARIES = YES;
				CODE_SIGN_STYLE = Automatic;
				DEVELOPMENT_TEAM = 8259584TQ2;
				INFOPLIST_FILE = testUITests/Info.plist;
				LD_RUNPATH_SEARCH_PATHS = (
					"$(inherited)",
					"@executable_path/Frameworks",
					"@loader_path/Frameworks",
				);
				PRODUCT_BUNDLE_IDENTIFIER = "amaebilove-gmail.com.testUITests";
				PRODUCT_NAME = "$(TARGET_NAME)";
				SWIFT_VERSION = 5.0;
				TARGETED_DEVICE_FAMILY = "1,2";
				TEST_TARGET_NAME = test;
			};
			name = Debug;
		};
		C530C6A62524DC9C0078128F /* Release */ = {
			isa = XCBuildConfiguration;
			buildSettings = {
				ALWAYS_EMBED_SWIFT_STANDARD_LIBRARIES = YES;
				CODE_SIGN_STYLE = Automatic;
				DEVELOPMENT_TEAM = 8259584TQ2;
				INFOPLIST_FILE = testUITests/Info.plist;
				LD_RUNPATH_SEARCH_PATHS = (
					"$(inherited)",
					"@executable_path/Frameworks",
					"@loader_path/Frameworks",
				);
				PRODUCT_BUNDLE_IDENTIFIER = "amaebilove-gmail.com.testUITests";
				PRODUCT_NAME = "$(TARGET_NAME)";
				SWIFT_VERSION = 5.0;
				TARGETED_DEVICE_FAMILY = "1,2";
				TEST_TARGET_NAME = test;
			};
			name = Release;
		};
/* End XCBuildConfiguration section */

/* Begin XCConfigurationList section */
		C530C6742524DC960078128F /* Build configuration list for PBXProject "test" */ = {
			isa = XCConfigurationList;
			buildConfigurations = (
				C530C69C2524DC9C0078128F /* Debug */,
				C530C69D2524DC9C0078128F /* Release */,
			);
			defaultConfigurationIsVisible = 0;
			defaultConfigurationName = Release;
		};
		C530C69E2524DC9C0078128F /* Build configuration list for PBXNativeTarget "test" */ = {
			isa = XCConfigurationList;
			buildConfigurations = (
				C530C69F2524DC9C0078128F /* Debug */,
				C530C6A02524DC9C0078128F /* Release */,
			);
			defaultConfigurationIsVisible = 0;
			defaultConfigurationName = Release;
		};
		C530C6A12524DC9C0078128F /* Build configuration list for PBXNativeTarget "testTests" */ = {
			isa = XCConfigurationList;
			buildConfigurations = (
				C530C6A22524DC9C0078128F /* Debug */,
				C530C6A32524DC9C0078128F /* Release */,
			);
			defaultConfigurationIsVisible = 0;
			defaultConfigurationName = Release;
		};
		C530C6A42524DC9C0078128F /* Build configuration list for PBXNativeTarget "testUITests" */ = {
			isa = XCConfigurationList;
			buildConfigurations = (
				C530C6A52524DC9C0078128F /* Debug */,
				C530C6A62524DC9C0078128F /* Release */,
			);
			defaultConfigurationIsVisible = 0;
			defaultConfigurationName = Release;
		};
/* End XCConfigurationList section */
	};
	rootObject = C530C6712524DC960078128F /* Project object */;
}
