// !$*UTF8*$!
{
	archiveVersion = 1;
	classes = {
	};
	objectVersion = 50;
	objects = {

/* Begin PBXBuildFile section */
		C541D36925177138006E7B7E /* CardAppApp.swift in Sources */ = {isa = PBXBuildFile; fileRef = C541D36825177138006E7B7E /* CardAppApp.swift */; };
		C541D36B25177138006E7B7E /* ContentView.swift in Sources */ = {isa = PBXBuildFile; fileRef = C541D36A25177138006E7B7E /* ContentView.swift */; };
		C541D36D25177139006E7B7E /* Assets.xcassets in Resources */ = {isa = PBXBuildFile; fileRef = C541D36C25177139006E7B7E /* Assets.xcassets */; };
		C541D37025177139006E7B7E /* Preview Assets.xcassets in Resources */ = {isa = PBXBuildFile; fileRef = C541D36F25177139006E7B7E /* Preview Assets.xcassets */; };
		C541D37B25177139006E7B7E /* CardAppTests.swift in Sources */ = {isa = PBXBuildFile; fileRef = C541D37A25177139006E7B7E /* CardAppTests.swift */; };
		C541D38625177139006E7B7E /* CardAppUITests.swift in Sources */ = {isa = PBXBuildFile; fileRef = C541D38525177139006E7B7E /* CardAppUITests.swift */; };
		C541D397251794D4006E7B7E /* card.png in Resources */ = {isa = PBXBuildFile; fileRef = C541D396251794D4006E7B7E /* card.png */; };
/* End PBXBuildFile section */

/* Begin PBXContainerItemProxy section */
		C541D37725177139006E7B7E /* PBXContainerItemProxy */ = {
			isa = PBXContainerItemProxy;
			containerPortal = C541D35D25177138006E7B7E /* Project object */;
			proxyType = 1;
			remoteGlobalIDString = C541D36425177138006E7B7E;
			remoteInfo = CardApp;
		};
		C541D38225177139006E7B7E /* PBXContainerItemProxy */ = {
			isa = PBXContainerItemProxy;
			containerPortal = C541D35D25177138006E7B7E /* Project object */;
			proxyType = 1;
			remoteGlobalIDString = C541D36425177138006E7B7E;
			remoteInfo = CardApp;
		};
/* End PBXContainerItemProxy section */

/* Begin PBXFileReference section */
		C541D36525177138006E7B7E /* CardApp.app */ = {isa = PBXFileReference; explicitFileType = wrapper.application; includeInIndex = 0; path = CardApp.app; sourceTree = BUILT_PRODUCTS_DIR; };
		C541D36825177138006E7B7E /* CardAppApp.swift */ = {isa = PBXFileReference; lastKnownFileType = sourcecode.swift; path = CardAppApp.swift; sourceTree = "<group>"; };
		C541D36A25177138006E7B7E /* ContentView.swift */ = {isa = PBXFileReference; lastKnownFileType = sourcecode.swift; path = ContentView.swift; sourceTree = "<group>"; };
		C541D36C25177139006E7B7E /* Assets.xcassets */ = {isa = PBXFileReference; lastKnownFileType = folder.assetcatalog; path = Assets.xcassets; sourceTree = "<group>"; };
		C541D36F25177139006E7B7E /* Preview Assets.xcassets */ = {isa = PBXFileReference; lastKnownFileType = folder.assetcatalog; path = "Preview Assets.xcassets"; sourceTree = "<group>"; };
		C541D37125177139006E7B7E /* Info.plist */ = {isa = PBXFileReference; lastKnownFileType = text.plist.xml; path = Info.plist; sourceTree = "<group>"; };
		C541D37625177139006E7B7E /* CardAppTests.xctest */ = {isa = PBXFileReference; explicitFileType = wrapper.cfbundle; includeInIndex = 0; path = CardAppTests.xctest; sourceTree = BUILT_PRODUCTS_DIR; };
		C541D37A25177139006E7B7E /* CardAppTests.swift */ = {isa = PBXFileReference; lastKnownFileType = sourcecode.swift; path = CardAppTests.swift; sourceTree = "<group>"; };
		C541D37C25177139006E7B7E /* Info.plist */ = {isa = PBXFileReference; lastKnownFileType = text.plist.xml; path = Info.plist; sourceTree = "<group>"; };
		C541D38125177139006E7B7E /* CardAppUITests.xctest */ = {isa = PBXFileReference; explicitFileType = wrapper.cfbundle; includeInIndex = 0; path = CardAppUITests.xctest; sourceTree = BUILT_PRODUCTS_DIR; };
		C541D38525177139006E7B7E /* CardAppUITests.swift */ = {isa = PBXFileReference; lastKnownFileType = sourcecode.swift; path = CardAppUITests.swift; sourceTree = "<group>"; };
		C541D38725177139006E7B7E /* Info.plist */ = {isa = PBXFileReference; lastKnownFileType = text.plist.xml; path = Info.plist; sourceTree = "<group>"; };
		C541D396251794D4006E7B7E /* card.png */ = {isa = PBXFileReference; lastKnownFileType = image.png; name = card.png; path = Assets.xcassets/card.png; sourceTree = "<group>"; };
/* End PBXFileReference section */

/* Begin PBXFrameworksBuildPhase section */
		C541D36225177138006E7B7E /* Frameworks */ = {
			isa = PBXFrameworksBuildPhase;
			buildActionMask = 2147483647;
			files = (
			);
			runOnlyForDeploymentPostprocessing = 0;
		};
		C541D37325177139006E7B7E /* Frameworks */ = {
			isa = PBXFrameworksBuildPhase;
			buildActionMask = 2147483647;
			files = (
			);
			runOnlyForDeploymentPostprocessing = 0;
		};
		C541D37E25177139006E7B7E /* Frameworks */ = {
			isa = PBXFrameworksBuildPhase;
			buildActionMask = 2147483647;
			files = (
			);
			runOnlyForDeploymentPostprocessing = 0;
		};
/* End PBXFrameworksBuildPhase section */

/* Begin PBXGroup section */
		C541D35C25177138006E7B7E = {
			isa = PBXGroup;
			children = (
				C541D36725177138006E7B7E /* CardApp */,
				C541D37925177139006E7B7E /* CardAppTests */,
				C541D38425177139006E7B7E /* CardAppUITests */,
				C541D36625177138006E7B7E /* Products */,
			);
			sourceTree = "<group>";
		};
		C541D36625177138006E7B7E /* Products */ = {
			isa = PBXGroup;
			children = (
				C541D36525177138006E7B7E /* CardApp.app */,
				C541D37625177139006E7B7E /* CardAppTests.xctest */,
				C541D38125177139006E7B7E /* CardAppUITests.xctest */,
			);
			name = Products;
			sourceTree = "<group>";
		};
		C541D36725177138006E7B7E /* CardApp */ = {
			isa = PBXGroup;
			children = (
				C541D36825177138006E7B7E /* CardAppApp.swift */,
				C541D36A25177138006E7B7E /* ContentView.swift */,
				C541D36C25177139006E7B7E /* Assets.xcassets */,
				C541D396251794D4006E7B7E /* card.png */,
				C541D37125177139006E7B7E /* Info.plist */,
				C541D36E25177139006E7B7E /* Preview Content */,
			);
			path = CardApp;
			sourceTree = "<group>";
		};
		C541D36E25177139006E7B7E /* Preview Content */ = {
			isa = PBXGroup;
			children = (
				C541D36F25177139006E7B7E /* Preview Assets.xcassets */,
			);
			path = "Preview Content";
			sourceTree = "<group>";
		};
		C541D37925177139006E7B7E /* CardAppTests */ = {
			isa = PBXGroup;
			children = (
				C541D37A25177139006E7B7E /* CardAppTests.swift */,
				C541D37C25177139006E7B7E /* Info.plist */,
			);
			path = CardAppTests;
			sourceTree = "<group>";
		};
		C541D38425177139006E7B7E /* CardAppUITests */ = {
			isa = PBXGroup;
			children = (
				C541D38525177139006E7B7E /* CardAppUITests.swift */,
				C541D38725177139006E7B7E /* Info.plist */,
			);
			path = CardAppUITests;
			sourceTree = "<group>";
		};
/* End PBXGroup section */

/* Begin PBXNativeTarget section */
		C541D36425177138006E7B7E /* CardApp */ = {
			isa = PBXNativeTarget;
			buildConfigurationList = C541D38A25177139006E7B7E /* Build configuration list for PBXNativeTarget "CardApp" */;
			buildPhases = (
				C541D36125177138006E7B7E /* Sources */,
				C541D36225177138006E7B7E /* Frameworks */,
				C541D36325177138006E7B7E /* Resources */,
			);
			buildRules = (
			);
			dependencies = (
			);
			name = CardApp;
			productName = CardApp;
			productReference = C541D36525177138006E7B7E /* CardApp.app */;
			productType = "com.apple.product-type.application";
		};
		C541D37525177139006E7B7E /* CardAppTests */ = {
			isa = PBXNativeTarget;
			buildConfigurationList = C541D38D25177139006E7B7E /* Build configuration list for PBXNativeTarget "CardAppTests" */;
			buildPhases = (
				C541D37225177139006E7B7E /* Sources */,
				C541D37325177139006E7B7E /* Frameworks */,
				C541D37425177139006E7B7E /* Resources */,
			);
			buildRules = (
			);
			dependencies = (
				C541D37825177139006E7B7E /* PBXTargetDependency */,
			);
			name = CardAppTests;
			productName = CardAppTests;
			productReference = C541D37625177139006E7B7E /* CardAppTests.xctest */;
			productType = "com.apple.product-type.bundle.unit-test";
		};
		C541D38025177139006E7B7E /* CardAppUITests */ = {
			isa = PBXNativeTarget;
			buildConfigurationList = C541D39025177139006E7B7E /* Build configuration list for PBXNativeTarget "CardAppUITests" */;
			buildPhases = (
				C541D37D25177139006E7B7E /* Sources */,
				C541D37E25177139006E7B7E /* Frameworks */,
				C541D37F25177139006E7B7E /* Resources */,
			);
			buildRules = (
			);
			dependencies = (
				C541D38325177139006E7B7E /* PBXTargetDependency */,
			);
			name = CardAppUITests;
			productName = CardAppUITests;
			productReference = C541D38125177139006E7B7E /* CardAppUITests.xctest */;
			productType = "com.apple.product-type.bundle.ui-testing";
		};
/* End PBXNativeTarget section */

/* Begin PBXProject section */
		C541D35D25177138006E7B7E /* Project object */ = {
			isa = PBXProject;
			attributes = {
				LastSwiftUpdateCheck = 1200;
				LastUpgradeCheck = 1200;
				TargetAttributes = {
					C541D36425177138006E7B7E = {
						CreatedOnToolsVersion = 12.0;
					};
					C541D37525177139006E7B7E = {
						CreatedOnToolsVersion = 12.0;
						TestTargetID = C541D36425177138006E7B7E;
					};
					C541D38025177139006E7B7E = {
						CreatedOnToolsVersion = 12.0;
						TestTargetID = C541D36425177138006E7B7E;
					};
				};
			};
			buildConfigurationList = C541D36025177138006E7B7E /* Build configuration list for PBXProject "CardApp" */;
			compatibilityVersion = "Xcode 9.3";
			developmentRegion = en;
			hasScannedForEncodings = 0;
			knownRegions = (
				en,
				Base,
			);
			mainGroup = C541D35C25177138006E7B7E;
			productRefGroup = C541D36625177138006E7B7E /* Products */;
			projectDirPath = "";
			projectRoot = "";
			targets = (
				C541D36425177138006E7B7E /* CardApp */,
				C541D37525177139006E7B7E /* CardAppTests */,
				C541D38025177139006E7B7E /* CardAppUITests */,
			);
		};
/* End PBXProject section */

/* Begin PBXResourcesBuildPhase section */
		C541D36325177138006E7B7E /* Resources */ = {
			isa = PBXResourcesBuildPhase;
			buildActionMask = 2147483647;
			files = (
				C541D37025177139006E7B7E /* Preview Assets.xcassets in Resources */,
				C541D36D25177139006E7B7E /* Assets.xcassets in Resources */,
				C541D397251794D4006E7B7E /* card.png in Resources */,
			);
			runOnlyForDeploymentPostprocessing = 0;
		};
		C541D37425177139006E7B7E /* Resources */ = {
			isa = PBXResourcesBuildPhase;
			buildActionMask = 2147483647;
			files = (
			);
			runOnlyForDeploymentPostprocessing = 0;
		};
		C541D37F25177139006E7B7E /* Resources */ = {
			isa = PBXResourcesBuildPhase;
			buildActionMask = 2147483647;
			files = (
			);
			runOnlyForDeploymentPostprocessing = 0;
		};
/* End PBXResourcesBuildPhase section */

/* Begin PBXSourcesBuildPhase section */
		C541D36125177138006E7B7E /* Sources */ = {
			isa = PBXSourcesBuildPhase;
			buildActionMask = 2147483647;
			files = (
				C541D36B25177138006E7B7E /* ContentView.swift in Sources */,
				C541D36925177138006E7B7E /* CardAppApp.swift in Sources */,
			);
			runOnlyForDeploymentPostprocessing = 0;
		};
		C541D37225177139006E7B7E /* Sources */ = {
			isa = PBXSourcesBuildPhase;
			buildActionMask = 2147483647;
			files = (
				C541D37B25177139006E7B7E /* CardAppTests.swift in Sources */,
			);
			runOnlyForDeploymentPostprocessing = 0;
		};
		C541D37D25177139006E7B7E /* Sources */ = {
			isa = PBXSourcesBuildPhase;
			buildActionMask = 2147483647;
			files = (
				C541D38625177139006E7B7E /* CardAppUITests.swift in Sources */,
			);
			runOnlyForDeploymentPostprocessing = 0;
		};
/* End PBXSourcesBuildPhase section */

/* Begin PBXTargetDependency section */
		C541D37825177139006E7B7E /* PBXTargetDependency */ = {
			isa = PBXTargetDependency;
			target = C541D36425177138006E7B7E /* CardApp */;
			targetProxy = C541D37725177139006E7B7E /* PBXContainerItemProxy */;
		};
		C541D38325177139006E7B7E /* PBXTargetDependency */ = {
			isa = PBXTargetDependency;
			target = C541D36425177138006E7B7E /* CardApp */;
			targetProxy = C541D38225177139006E7B7E /* PBXContainerItemProxy */;
		};
/* End PBXTargetDependency section */

/* Begin XCBuildConfiguration section */
		C541D38825177139006E7B7E /* Debug */ = {
			isa = XCBuildConfiguration;
			buildSettings = {
				ALWAYS_SEARCH_USER_PATHS = NO;
				CLANG_ANALYZER_NONNULL = YES;
				CLANG_ANALYZER_NUMBER_OBJECT_CONVERSION = YES_AGGRESSIVE;
				CLANG_CXX_LANGUAGE_STANDARD = "gnu++14";
				CLANG_CXX_LIBRARY = "libc++";
				CLANG_ENABLE_MODULES = YES;
				CLANG_ENABLE_OBJC_ARC = YES;
				CLANG_ENABLE_OBJC_WEAK = YES;
				CLANG_WARN_BLOCK_CAPTURE_AUTORELEASING = YES;
				CLANG_WARN_BOOL_CONVERSION = YES;
				CLANG_WARN_COMMA = YES;
				CLANG_WARN_CONSTANT_CONVERSION = YES;
				CLANG_WARN_DEPRECATED_OBJC_IMPLEMENTATIONS = YES;
				CLANG_WARN_DIRECT_OBJC_ISA_USAGE = YES_ERROR;
				CLANG_WARN_DOCUMENTATION_COMMENTS = YES;
				CLANG_WARN_EMPTY_BODY = YES;
				CLANG_WARN_ENUM_CONVERSION = YES;
				CLANG_WARN_INFINITE_RECURSION = YES;
				CLANG_WARN_INT_CONVERSION = YES;
				CLANG_WARN_NON_LITERAL_NULL_CONVERSION = YES;
				CLANG_WARN_OBJC_IMPLICIT_RETAIN_SELF = YES;
				CLANG_WARN_OBJC_LITERAL_CONVERSION = YES;
				CLANG_WARN_OBJC_ROOT_CLASS = YES_ERROR;
				CLANG_WARN_QUOTED_INCLUDE_IN_FRAMEWORK_HEADER = YES;
				CLANG_WARN_RANGE_LOOP_ANALYSIS = YES;
				CLANG_WARN_STRICT_PROTOTYPES = YES;
				CLANG_WARN_SUSPICIOUS_MOVE = YES;
				CLANG_WARN_UNGUARDED_AVAILABILITY = YES_AGGRESSIVE;
				CLANG_WARN_UNREACHABLE_CODE = YES;
				CLANG_WARN__DUPLICATE_METHOD_MATCH = YES;
				COPY_PHASE_STRIP = NO;
				DEBUG_INFORMATION_FORMAT = dwarf;
				ENABLE_STRICT_OBJC_MSGSEND = YES;
				ENABLE_TESTABILITY = YES;
				GCC_C_LANGUAGE_STANDARD = gnu11;
				GCC_DYNAMIC_NO_PIC = NO;
				GCC_NO_COMMON_BLOCKS = YES;
				GCC_OPTIMIZATION_LEVEL = 0;
				GCC_PREPROCESSOR_DEFINITIONS = (
					"DEBUG=1",
					"$(inherited)",
				);
				GCC_WARN_64_TO_32_BIT_CONVERSION = YES;
				GCC_WARN_ABOUT_RETURN_TYPE = YES_ERROR;
				GCC_WARN_UNDECLARED_SELECTOR = YES;
				GCC_WARN_UNINITIALIZED_AUTOS = YES_AGGRESSIVE;
				GCC_WARN_UNUSED_FUNCTION = YES;
				GCC_WARN_UNUSED_VARIABLE = YES;
				IPHONEOS_DEPLOYMENT_TARGET = 14.0;
				MTL_ENABLE_DEBUG_INFO = INCLUDE_SOURCE;
				MTL_FAST_MATH = YES;
				ONLY_ACTIVE_ARCH = YES;
				SDKROOT = iphoneos;
				SWIFT_ACTIVE_COMPILATION_CONDITIONS = DEBUG;
				SWIFT_OPTIMIZATION_LEVEL = "-Onone";
			};
			name = Debug;
		};
		C541D38925177139006E7B7E /* Release */ = {
			isa = XCBuildConfiguration;
			buildSettings = {
				ALWAYS_SEARCH_USER_PATHS = NO;
				CLANG_ANALYZER_NONNULL = YES;
				CLANG_ANALYZER_NUMBER_OBJECT_CONVERSION = YES_AGGRESSIVE;
				CLANG_CXX_LANGUAGE_STANDARD = "gnu++14";
				CLANG_CXX_LIBRARY = "libc++";
				CLANG_ENABLE_MODULES = YES;
				CLANG_ENABLE_OBJC_ARC = YES;
				CLANG_ENABLE_OBJC_WEAK = YES;
				CLANG_WARN_BLOCK_CAPTURE_AUTORELEASING = YES;
				CLANG_WARN_BOOL_CONVERSION = YES;
				CLANG_WARN_COMMA = YES;
				CLANG_WARN_CONSTANT_CONVERSION = YES;
				CLANG_WARN_DEPRECATED_OBJC_IMPLEMENTATIONS = YES;
				CLANG_WARN_DIRECT_OBJC_ISA_USAGE = YES_ERROR;
				CLANG_WARN_DOCUMENTATION_COMMENTS = YES;
				CLANG_WARN_EMPTY_BODY = YES;
				CLANG_WARN_ENUM_CONVERSION = YES;
				CLANG_WARN_INFINITE_RECURSION = YES;
				CLANG_WARN_INT_CONVERSION = YES;
				CLANG_WARN_NON_LITERAL_NULL_CONVERSION = YES;
				CLANG_WARN_OBJC_IMPLICIT_RETAIN_SELF = YES;
				CLANG_WARN_OBJC_LITERAL_CONVERSION = YES;
				CLANG_WARN_OBJC_ROOT_CLASS = YES_ERROR;
				CLANG_WARN_QUOTED_INCLUDE_IN_FRAMEWORK_HEADER = YES;
				CLANG_WARN_RANGE_LOOP_ANALYSIS = YES;
				CLANG_WARN_STRICT_PROTOTYPES = YES;
				CLANG_WARN_SUSPICIOUS_MOVE = YES;
				CLANG_WARN_UNGUARDED_AVAILABILITY = YES_AGGRESSIVE;
				CLANG_WARN_UNREACHABLE_CODE = YES;
				CLANG_WARN__DUPLICATE_METHOD_MATCH = YES;
				COPY_PHASE_STRIP = NO;
				DEBUG_INFORMATION_FORMAT = "dwarf-with-dsym";
				ENABLE_NS_ASSERTIONS = NO;
				ENABLE_STRICT_OBJC_MSGSEND = YES;
				GCC_C_LANGUAGE_STANDARD = gnu11;
				GCC_NO_COMMON_BLOCKS = YES;
				GCC_WARN_64_TO_32_BIT_CONVERSION = YES;
				GCC_WARN_ABOUT_RETURN_TYPE = YES_ERROR;
				GCC_WARN_UNDECLARED_SELECTOR = YES;
				GCC_WARN_UNINITIALIZED_AUTOS = YES_AGGRESSIVE;
				GCC_WARN_UNUSED_FUNCTION = YES;
				GCC_WARN_UNUSED_VARIABLE = YES;
				IPHONEOS_DEPLOYMENT_TARGET = 14.0;
				MTL_ENABLE_DEBUG_INFO = NO;
				MTL_FAST_MATH = YES;
				SDKROOT = iphoneos;
				SWIFT_COMPILATION_MODE = wholemodule;
				SWIFT_OPTIMIZATION_LEVEL = "-O";
				VALIDATE_PRODUCT = YES;
			};
			name = Release;
		};
		C541D38B25177139006E7B7E /* Debug */ = {
			isa = XCBuildConfiguration;
			buildSettings = {
				ASSETCATALOG_COMPILER_APPICON_NAME = AppIcon;
				ASSETCATALOG_COMPILER_GLOBAL_ACCENT_COLOR_NAME = AccentColor;
				CODE_SIGN_STYLE = Automatic;
				DEVELOPMENT_ASSET_PATHS = "\"CardApp/Preview Content\"";
				DEVELOPMENT_TEAM = 8259584TQ2;
				ENABLE_PREVIEWS = YES;
				INFOPLIST_FILE = CardApp/Info.plist;
				IPHONEOS_DEPLOYMENT_TARGET = 14.0;
				LD_RUNPATH_SEARCH_PATHS = (
					"$(inherited)",
					"@executable_path/Frameworks",
				);
				PRODUCT_BUNDLE_IDENTIFIER = "amaebilove-gmail.com.CardApp";
				PRODUCT_NAME = "$(TARGET_NAME)";
				SWIFT_VERSION = 5.0;
				TARGETED_DEVICE_FAMILY = "1,2";
			};
			name = Debug;
		};
		C541D38C25177139006E7B7E /* Release */ = {
			isa = XCBuildConfiguration;
			buildSettings = {
				ASSETCATALOG_COMPILER_APPICON_NAME = AppIcon;
				ASSETCATALOG_COMPILER_GLOBAL_ACCENT_COLOR_NAME = AccentColor;
				CODE_SIGN_STYLE = Automatic;
				DEVELOPMENT_ASSET_PATHS = "\"CardApp/Preview Content\"";
				DEVELOPMENT_TEAM = 8259584TQ2;
				ENABLE_PREVIEWS = YES;
				INFOPLIST_FILE = CardApp/Info.plist;
				IPHONEOS_DEPLOYMENT_TARGET = 14.0;
				LD_RUNPATH_SEARCH_PATHS = (
					"$(inherited)",
					"@executable_path/Frameworks",
				);
				PRODUCT_BUNDLE_IDENTIFIER = "amaebilove-gmail.com.CardApp";
				PRODUCT_NAME = "$(TARGET_NAME)";
				SWIFT_VERSION = 5.0;
				TARGETED_DEVICE_FAMILY = "1,2";
			};
			name = Release;
		};
		C541D38E25177139006E7B7E /* Debug */ = {
			isa = XCBuildConfiguration;
			buildSettings = {
				ALWAYS_EMBED_SWIFT_STANDARD_LIBRARIES = YES;
				BUNDLE_LOADER = "$(TEST_HOST)";
				CODE_SIGN_STYLE = Automatic;
				DEVELOPMENT_TEAM = 8259584TQ2;
				INFOPLIST_FILE = CardAppTests/Info.plist;
				IPHONEOS_DEPLOYMENT_TARGET = 14.0;
				LD_RUNPATH_SEARCH_PATHS = (
					"$(inherited)",
					"@executable_path/Frameworks",
					"@loader_path/Frameworks",
				);
				PRODUCT_BUNDLE_IDENTIFIER = "amaebilove-gmail.com.CardAppTests";
				PRODUCT_NAME = "$(TARGET_NAME)";
				SWIFT_VERSION = 5.0;
				TARGETED_DEVICE_FAMILY = "1,2";
				TEST_HOST = "$(BUILT_PRODUCTS_DIR)/CardApp.app/CardApp";
			};
			name = Debug;
		};
		C541D38F25177139006E7B7E /* Release */ = {
			isa = XCBuildConfiguration;
			buildSettings = {
				ALWAYS_EMBED_SWIFT_STANDARD_LIBRARIES = YES;
				BUNDLE_LOADER = "$(TEST_HOST)";
				CODE_SIGN_STYLE = Automatic;
				DEVELOPMENT_TEAM = 8259584TQ2;
				INFOPLIST_FILE = CardAppTests/Info.plist;
				IPHONEOS_DEPLOYMENT_TARGET = 14.0;
				LD_RUNPATH_SEARCH_PATHS = (
					"$(inherited)",
					"@executable_path/Frameworks",
					"@loader_path/Frameworks",
				);
				PRODUCT_BUNDLE_IDENTIFIER = "amaebilove-gmail.com.CardAppTests";
				PRODUCT_NAME = "$(TARGET_NAME)";
				SWIFT_VERSION = 5.0;
				TARGETED_DEVICE_FAMILY = "1,2";
				TEST_HOST = "$(BUILT_PRODUCTS_DIR)/CardApp.app/CardApp";
			};
			name = Release;
		};
		C541D39125177139006E7B7E /* Debug */ = {
			isa = XCBuildConfiguration;
			buildSettings = {
				ALWAYS_EMBED_SWIFT_STANDARD_LIBRARIES = YES;
				CODE_SIGN_STYLE = Automatic;
				DEVELOPMENT_TEAM = 8259584TQ2;
				INFOPLIST_FILE = CardAppUITests/Info.plist;
				LD_RUNPATH_SEARCH_PATHS = (
					"$(inherited)",
					"@executable_path/Frameworks",
					"@loader_path/Frameworks",
				);
				PRODUCT_BUNDLE_IDENTIFIER = "amaebilove-gmail.com.CardAppUITests";
				PRODUCT_NAME = "$(TARGET_NAME)";
				SWIFT_VERSION = 5.0;
				TARGETED_DEVICE_FAMILY = "1,2";
				TEST_TARGET_NAME = CardApp;
			};
			name = Debug;
		};
		C541D39225177139006E7B7E /* Release */ = {
			isa = XCBuildConfiguration;
			buildSettings = {
				ALWAYS_EMBED_SWIFT_STANDARD_LIBRARIES = YES;
				CODE_SIGN_STYLE = Automatic;
				DEVELOPMENT_TEAM = 8259584TQ2;
				INFOPLIST_FILE = CardAppUITests/Info.plist;
				LD_RUNPATH_SEARCH_PATHS = (
					"$(inherited)",
					"@executable_path/Frameworks",
					"@loader_path/Frameworks",
				);
				PRODUCT_BUNDLE_IDENTIFIER = "amaebilove-gmail.com.CardAppUITests";
				PRODUCT_NAME = "$(TARGET_NAME)";
				SWIFT_VERSION = 5.0;
				TARGETED_DEVICE_FAMILY = "1,2";
				TEST_TARGET_NAME = CardApp;
			};
			name = Release;
		};
/* End XCBuildConfiguration section */

/* Begin XCConfigurationList section */
		C541D36025177138006E7B7E /* Build configuration list for PBXProject "CardApp" */ = {
			isa = XCConfigurationList;
			buildConfigurations = (
				C541D38825177139006E7B7E /* Debug */,
				C541D38925177139006E7B7E /* Release */,
			);
			defaultConfigurationIsVisible = 0;
			defaultConfigurationName = Release;
		};
		C541D38A25177139006E7B7E /* Build configuration list for PBXNativeTarget "CardApp" */ = {
			isa = XCConfigurationList;
			buildConfigurations = (
				C541D38B25177139006E7B7E /* Debug */,
				C541D38C25177139006E7B7E /* Release */,
			);
			defaultConfigurationIsVisible = 0;
			defaultConfigurationName = Release;
		};
		C541D38D25177139006E7B7E /* Build configuration list for PBXNativeTarget "CardAppTests" */ = {
			isa = XCConfigurationList;
			buildConfigurations = (
				C541D38E25177139006E7B7E /* Debug */,
				C541D38F25177139006E7B7E /* Release */,
			);
			defaultConfigurationIsVisible = 0;
			defaultConfigurationName = Release;
		};
		C541D39025177139006E7B7E /* Build configuration list for PBXNativeTarget "CardAppUITests" */ = {
			isa = XCConfigurationList;
			buildConfigurations = (
				C541D39125177139006E7B7E /* Debug */,
				C541D39225177139006E7B7E /* Release */,
			);
			defaultConfigurationIsVisible = 0;
			defaultConfigurationName = Release;
		};
/* End XCConfigurationList section */
	};
	rootObject = C541D35D25177138006E7B7E /* Project object */;
}
