// !$*UTF8*$!
{
	archiveVersion = 1;
	classes = {
	};
	objectVersion = 50;
	objects = {

/* Begin PBXBuildFile section */
		C5A06EB825260FCC00376524 /* AppDelegate.swift in Sources */ = {isa = PBXBuildFile; fileRef = C5A06EB725260FCC00376524 /* AppDelegate.swift */; };
		C5A06EBA25260FCC00376524 /* SceneDelegate.swift in Sources */ = {isa = PBXBuildFile; fileRef = C5A06EB925260FCC00376524 /* SceneDelegate.swift */; };
		C5A06EBC25260FCC00376524 /* ViewController.swift in Sources */ = {isa = PBXBuildFile; fileRef = C5A06EBB25260FCC00376524 /* ViewController.swift */; };
		C5A06EBF25260FCC00376524 /* Main.storyboard in Resources */ = {isa = PBXBuildFile; fileRef = C5A06EBD25260FCC00376524 /* Main.storyboard */; };
		C5A06EC125260FCD00376524 /* Assets.xcassets in Resources */ = {isa = PBXBuildFile; fileRef = C5A06EC025260FCD00376524 /* Assets.xcassets */; };
		C5A06EC425260FCD00376524 /* LaunchScreen.storyboard in Resources */ = {isa = PBXBuildFile; fileRef = C5A06EC225260FCD00376524 /* LaunchScreen.storyboard */; };
		C5A06ECF25260FCE00376524 /* I_AM_RichTests.swift in Sources */ = {isa = PBXBuildFile; fileRef = C5A06ECE25260FCE00376524 /* I_AM_RichTests.swift */; };
		C5A06EDA25260FCE00376524 /* I_AM_RichUITests.swift in Sources */ = {isa = PBXBuildFile; fileRef = C5A06ED925260FCE00376524 /* I_AM_RichUITests.swift */; };
/* End PBXBuildFile section */

/* Begin PBXContainerItemProxy section */
		C5A06ECB25260FCD00376524 /* PBXContainerItemProxy */ = {
			isa = PBXContainerItemProxy;
			containerPortal = C5A06EAC25260FCC00376524 /* Project object */;
			proxyType = 1;
			remoteGlobalIDString = C5A06EB325260FCC00376524;
			remoteInfo = "I AM Rich";
		};
		C5A06ED625260FCE00376524 /* PBXContainerItemProxy */ = {
			isa = PBXContainerItemProxy;
			containerPortal = C5A06EAC25260FCC00376524 /* Project object */;
			proxyType = 1;
			remoteGlobalIDString = C5A06EB325260FCC00376524;
			remoteInfo = "I AM Rich";
		};
/* End PBXContainerItemProxy section */

/* Begin PBXFileReference section */
		C5A06EB425260FCC00376524 /* I AM Rich.app */ = {isa = PBXFileReference; explicitFileType = wrapper.application; includeInIndex = 0; path = "I AM Rich.app"; sourceTree = BUILT_PRODUCTS_DIR; };
		C5A06EB725260FCC00376524 /* AppDelegate.swift */ = {isa = PBXFileReference; lastKnownFileType = sourcecode.swift; path = AppDelegate.swift; sourceTree = "<group>"; };
		C5A06EB925260FCC00376524 /* SceneDelegate.swift */ = {isa = PBXFileReference; lastKnownFileType = sourcecode.swift; path = SceneDelegate.swift; sourceTree = "<group>"; };
		C5A06EBB25260FCC00376524 /* ViewController.swift */ = {isa = PBXFileReference; lastKnownFileType = sourcecode.swift; path = ViewController.swift; sourceTree = "<group>"; };
		C5A06EBE25260FCC00376524 /* Base */ = {isa = PBXFileReference; lastKnownFileType = file.storyboard; name = Base; path = Base.lproj/Main.storyboard; sourceTree = "<group>"; };
		C5A06EC025260FCD00376524 /* Assets.xcassets */ = {isa = PBXFileReference; lastKnownFileType = folder.assetcatalog; path = Assets.xcassets; sourceTree = "<group>"; };
		C5A06EC325260FCD00376524 /* Base */ = {isa = PBXFileReference; lastKnownFileType = file.storyboard; name = Base; path = Base.lproj/LaunchScreen.storyboard; sourceTree = "<group>"; };
		C5A06EC525260FCD00376524 /* Info.plist */ = {isa = PBXFileReference; lastKnownFileType = text.plist.xml; path = Info.plist; sourceTree = "<group>"; };
		C5A06ECA25260FCD00376524 /* I AM RichTests.xctest */ = {isa = PBXFileReference; explicitFileType = wrapper.cfbundle; includeInIndex = 0; path = "I AM RichTests.xctest"; sourceTree = BUILT_PRODUCTS_DIR; };
		C5A06ECE25260FCE00376524 /* I_AM_RichTests.swift */ = {isa = PBXFileReference; lastKnownFileType = sourcecode.swift; path = I_AM_RichTests.swift; sourceTree = "<group>"; };
		C5A06ED025260FCE00376524 /* Info.plist */ = {isa = PBXFileReference; lastKnownFileType = text.plist.xml; path = Info.plist; sourceTree = "<group>"; };
		C5A06ED525260FCE00376524 /* I AM RichUITests.xctest */ = {isa = PBXFileReference; explicitFileType = wrapper.cfbundle; includeInIndex = 0; path = "I AM RichUITests.xctest"; sourceTree = BUILT_PRODUCTS_DIR; };
		C5A06ED925260FCE00376524 /* I_AM_RichUITests.swift */ = {isa = PBXFileReference; lastKnownFileType = sourcecode.swift; path = I_AM_RichUITests.swift; sourceTree = "<group>"; };
		C5A06EDB25260FCE00376524 /* Info.plist */ = {isa = PBXFileReference; lastKnownFileType = text.plist.xml; path = Info.plist; sourceTree = "<group>"; };
/* End PBXFileReference section */

/* Begin PBXFrameworksBuildPhase section */
		C5A06EB125260FCC00376524 /* Frameworks */ = {
			isa = PBXFrameworksBuildPhase;
			buildActionMask = 2147483647;
			files = (
			);
			runOnlyForDeploymentPostprocessing = 0;
		};
		C5A06EC725260FCD00376524 /* Frameworks */ = {
			isa = PBXFrameworksBuildPhase;
			buildActionMask = 2147483647;
			files = (
			);
			runOnlyForDeploymentPostprocessing = 0;
		};
		C5A06ED225260FCE00376524 /* Frameworks */ = {
			isa = PBXFrameworksBuildPhase;
			buildActionMask = 2147483647;
			files = (
			);
			runOnlyForDeploymentPostprocessing = 0;
		};
/* End PBXFrameworksBuildPhase section */

/* Begin PBXGroup section */
		C5A06EAB25260FCC00376524 = {
			isa = PBXGroup;
			children = (
				C5A06EB625260FCC00376524 /* I AM Rich */,
				C5A06ECD25260FCE00376524 /* I AM RichTests */,
				C5A06ED825260FCE00376524 /* I AM RichUITests */,
				C5A06EB525260FCC00376524 /* Products */,
			);
			sourceTree = "<group>";
		};
		C5A06EB525260FCC00376524 /* Products */ = {
			isa = PBXGroup;
			children = (
				C5A06EB425260FCC00376524 /* I AM Rich.app */,
				C5A06ECA25260FCD00376524 /* I AM RichTests.xctest */,
				C5A06ED525260FCE00376524 /* I AM RichUITests.xctest */,
			);
			name = Products;
			sourceTree = "<group>";
		};
		C5A06EB625260FCC00376524 /* I AM Rich */ = {
			isa = PBXGroup;
			children = (
				C5A06EB725260FCC00376524 /* AppDelegate.swift */,
				C5A06EB925260FCC00376524 /* SceneDelegate.swift */,
				C5A06EBB25260FCC00376524 /* ViewController.swift */,
				C5A06EBD25260FCC00376524 /* Main.storyboard */,
				C5A06EC025260FCD00376524 /* Assets.xcassets */,
				C5A06EC225260FCD00376524 /* LaunchScreen.storyboard */,
				C5A06EC525260FCD00376524 /* Info.plist */,
			);
			path = "I AM Rich";
			sourceTree = "<group>";
		};
		C5A06ECD25260FCE00376524 /* I AM RichTests */ = {
			isa = PBXGroup;
			children = (
				C5A06ECE25260FCE00376524 /* I_AM_RichTests.swift */,
				C5A06ED025260FCE00376524 /* Info.plist */,
			);
			path = "I AM RichTests";
			sourceTree = "<group>";
		};
		C5A06ED825260FCE00376524 /* I AM RichUITests */ = {
			isa = PBXGroup;
			children = (
				C5A06ED925260FCE00376524 /* I_AM_RichUITests.swift */,
				C5A06EDB25260FCE00376524 /* Info.plist */,
			);
			path = "I AM RichUITests";
			sourceTree = "<group>";
		};
/* End PBXGroup section */

/* Begin PBXNativeTarget section */
		C5A06EB325260FCC00376524 /* I AM Rich */ = {
			isa = PBXNativeTarget;
			buildConfigurationList = C5A06EDE25260FCE00376524 /* Build configuration list for PBXNativeTarget "I AM Rich" */;
			buildPhases = (
				C5A06EB025260FCC00376524 /* Sources */,
				C5A06EB125260FCC00376524 /* Frameworks */,
				C5A06EB225260FCC00376524 /* Resources */,
			);
			buildRules = (
			);
			dependencies = (
			);
			name = "I AM Rich";
			productName = "I AM Rich";
			productReference = C5A06EB425260FCC00376524 /* I AM Rich.app */;
			productType = "com.apple.product-type.application";
		};
		C5A06EC925260FCD00376524 /* I AM RichTests */ = {
			isa = PBXNativeTarget;
			buildConfigurationList = C5A06EE125260FCE00376524 /* Build configuration list for PBXNativeTarget "I AM RichTests" */;
			buildPhases = (
				C5A06EC625260FCD00376524 /* Sources */,
				C5A06EC725260FCD00376524 /* Frameworks */,
				C5A06EC825260FCD00376524 /* Resources */,
			);
			buildRules = (
			);
			dependencies = (
				C5A06ECC25260FCD00376524 /* PBXTargetDependency */,
			);
			name = "I AM RichTests";
			productName = "I AM RichTests";
			productReference = C5A06ECA25260FCD00376524 /* I AM RichTests.xctest */;
			productType = "com.apple.product-type.bundle.unit-test";
		};
		C5A06ED425260FCE00376524 /* I AM RichUITests */ = {
			isa = PBXNativeTarget;
			buildConfigurationList = C5A06EE425260FCE00376524 /* Build configuration list for PBXNativeTarget "I AM RichUITests" */;
			buildPhases = (
				C5A06ED125260FCE00376524 /* Sources */,
				C5A06ED225260FCE00376524 /* Frameworks */,
				C5A06ED325260FCE00376524 /* Resources */,
			);
			buildRules = (
			);
			dependencies = (
				C5A06ED725260FCE00376524 /* PBXTargetDependency */,
			);
			name = "I AM RichUITests";
			productName = "I AM RichUITests";
			productReference = C5A06ED525260FCE00376524 /* I AM RichUITests.xctest */;
			productType = "com.apple.product-type.bundle.ui-testing";
		};
/* End PBXNativeTarget section */

/* Begin PBXProject section */
		C5A06EAC25260FCC00376524 /* Project object */ = {
			isa = PBXProject;
			attributes = {
				LastSwiftUpdateCheck = 1200;
				LastUpgradeCheck = 1200;
				TargetAttributes = {
					C5A06EB325260FCC00376524 = {
						CreatedOnToolsVersion = 12.0.1;
					};
					C5A06EC925260FCD00376524 = {
						CreatedOnToolsVersion = 12.0.1;
						TestTargetID = C5A06EB325260FCC00376524;
					};
					C5A06ED425260FCE00376524 = {
						CreatedOnToolsVersion = 12.0.1;
						TestTargetID = C5A06EB325260FCC00376524;
					};
				};
			};
			buildConfigurationList = C5A06EAF25260FCC00376524 /* Build configuration list for PBXProject "I AM Rich" */;
			compatibilityVersion = "Xcode 9.3";
			developmentRegion = en;
			hasScannedForEncodings = 0;
			knownRegions = (
				en,
				Base,
			);
			mainGroup = C5A06EAB25260FCC00376524;
			productRefGroup = C5A06EB525260FCC00376524 /* Products */;
			projectDirPath = "";
			projectRoot = "";
			targets = (
				C5A06EB325260FCC00376524 /* I AM Rich */,
				C5A06EC925260FCD00376524 /* I AM RichTests */,
				C5A06ED425260FCE00376524 /* I AM RichUITests */,
			);
		};
/* End PBXProject section */

/* Begin PBXResourcesBuildPhase section */
		C5A06EB225260FCC00376524 /* Resources */ = {
			isa = PBXResourcesBuildPhase;
			buildActionMask = 2147483647;
			files = (
				C5A06EC425260FCD00376524 /* LaunchScreen.storyboard in Resources */,
				C5A06EC125260FCD00376524 /* Assets.xcassets in Resources */,
				C5A06EBF25260FCC00376524 /* Main.storyboard in Resources */,
			);
			runOnlyForDeploymentPostprocessing = 0;
		};
		C5A06EC825260FCD00376524 /* Resources */ = {
			isa = PBXResourcesBuildPhase;
			buildActionMask = 2147483647;
			files = (
			);
			runOnlyForDeploymentPostprocessing = 0;
		};
		C5A06ED325260FCE00376524 /* Resources */ = {
			isa = PBXResourcesBuildPhase;
			buildActionMask = 2147483647;
			files = (
			);
			runOnlyForDeploymentPostprocessing = 0;
		};
/* End PBXResourcesBuildPhase section */

/* Begin PBXSourcesBuildPhase section */
		C5A06EB025260FCC00376524 /* Sources */ = {
			isa = PBXSourcesBuildPhase;
			buildActionMask = 2147483647;
			files = (
				C5A06EBC25260FCC00376524 /* ViewController.swift in Sources */,
				C5A06EB825260FCC00376524 /* AppDelegate.swift in Sources */,
				C5A06EBA25260FCC00376524 /* SceneDelegate.swift in Sources */,
			);
			runOnlyForDeploymentPostprocessing = 0;
		};
		C5A06EC625260FCD00376524 /* Sources */ = {
			isa = PBXSourcesBuildPhase;
			buildActionMask = 2147483647;
			files = (
				C5A06ECF25260FCE00376524 /* I_AM_RichTests.swift in Sources */,
			);
			runOnlyForDeploymentPostprocessing = 0;
		};
		C5A06ED125260FCE00376524 /* Sources */ = {
			isa = PBXSourcesBuildPhase;
			buildActionMask = 2147483647;
			files = (
				C5A06EDA25260FCE00376524 /* I_AM_RichUITests.swift in Sources */,
			);
			runOnlyForDeploymentPostprocessing = 0;
		};
/* End PBXSourcesBuildPhase section */

/* Begin PBXTargetDependency section */
		C5A06ECC25260FCD00376524 /* PBXTargetDependency */ = {
			isa = PBXTargetDependency;
			target = C5A06EB325260FCC00376524 /* I AM Rich */;
			targetProxy = C5A06ECB25260FCD00376524 /* PBXContainerItemProxy */;
		};
		C5A06ED725260FCE00376524 /* PBXTargetDependency */ = {
			isa = PBXTargetDependency;
			target = C5A06EB325260FCC00376524 /* I AM Rich */;
			targetProxy = C5A06ED625260FCE00376524 /* PBXContainerItemProxy */;
		};
/* End PBXTargetDependency section */

/* Begin PBXVariantGroup section */
		C5A06EBD25260FCC00376524 /* Main.storyboard */ = {
			isa = PBXVariantGroup;
			children = (
				C5A06EBE25260FCC00376524 /* Base */,
			);
			name = Main.storyboard;
			sourceTree = "<group>";
		};
		C5A06EC225260FCD00376524 /* LaunchScreen.storyboard */ = {
			isa = PBXVariantGroup;
			children = (
				C5A06EC325260FCD00376524 /* Base */,
			);
			name = LaunchScreen.storyboard;
			sourceTree = "<group>";
		};
/* End PBXVariantGroup section */

/* Begin XCBuildConfiguration section */
		C5A06EDC25260FCE00376524 /* Debug */ = {
			isa = XCBuildConfiguration;
			buildSettings = {
				ALWAYS_SEARCH_USER_PATHS = NO;
				CLANG_ANALYZER_NONNULL = YES;
				CLANG_ANALYZER_NUMBER_OBJECT_CONVERSION = YES_AGGRESSIVE;
				CLANG_CXX_LANGUAGE_STANDARD = "gnu++14";
				CLANG_CXX_LIBRARY = "libc++";
				CLANG_ENABLE_MODULES = YES;
				CLANG_ENABLE_OBJC_ARC = YES;
				CLANG_ENABLE_OBJC_WEAK = YES;
				CLANG_WARN_BLOCK_CAPTURE_AUTORELEASING = YES;
				CLANG_WARN_BOOL_CONVERSION = YES;
				CLANG_WARN_COMMA = YES;
				CLANG_WARN_CONSTANT_CONVERSION = YES;
				CLANG_WARN_DEPRECATED_OBJC_IMPLEMENTATIONS = YES;
				CLANG_WARN_DIRECT_OBJC_ISA_USAGE = YES_ERROR;
				CLANG_WARN_DOCUMENTATION_COMMENTS = YES;
				CLANG_WARN_EMPTY_BODY = YES;
				CLANG_WARN_ENUM_CONVERSION = YES;
				CLANG_WARN_INFINITE_RECURSION = YES;
				CLANG_WARN_INT_CONVERSION = YES;
				CLANG_WARN_NON_LITERAL_NULL_CONVERSION = YES;
				CLANG_WARN_OBJC_IMPLICIT_RETAIN_SELF = YES;
				CLANG_WARN_OBJC_LITERAL_CONVERSION = YES;
				CLANG_WARN_OBJC_ROOT_CLASS = YES_ERROR;
				CLANG_WARN_QUOTED_INCLUDE_IN_FRAMEWORK_HEADER = YES;
				CLANG_WARN_RANGE_LOOP_ANALYSIS = YES;
				CLANG_WARN_STRICT_PROTOTYPES = YES;
				CLANG_WARN_SUSPICIOUS_MOVE = YES;
				CLANG_WARN_UNGUARDED_AVAILABILITY = YES_AGGRESSIVE;
				CLANG_WARN_UNREACHABLE_CODE = YES;
				CLANG_WARN__DUPLICATE_METHOD_MATCH = YES;
				COPY_PHASE_STRIP = NO;
				DEBUG_INFORMATION_FORMAT = dwarf;
				ENABLE_STRICT_OBJC_MSGSEND = YES;
				ENABLE_TESTABILITY = YES;
				GCC_C_LANGUAGE_STANDARD = gnu11;
				GCC_DYNAMIC_NO_PIC = NO;
				GCC_NO_COMMON_BLOCKS = YES;
				GCC_OPTIMIZATION_LEVEL = 0;
				GCC_PREPROCESSOR_DEFINITIONS = (
					"DEBUG=1",
					"$(inherited)",
				);
				GCC_WARN_64_TO_32_BIT_CONVERSION = YES;
				GCC_WARN_ABOUT_RETURN_TYPE = YES_ERROR;
				GCC_WARN_UNDECLARED_SELECTOR = YES;
				GCC_WARN_UNINITIALIZED_AUTOS = YES_AGGRESSIVE;
				GCC_WARN_UNUSED_FUNCTION = YES;
				GCC_WARN_UNUSED_VARIABLE = YES;
				IPHONEOS_DEPLOYMENT_TARGET = 14.0;
				MTL_ENABLE_DEBUG_INFO = INCLUDE_SOURCE;
				MTL_FAST_MATH = YES;
				ONLY_ACTIVE_ARCH = YES;
				SDKROOT = iphoneos;
				SWIFT_ACTIVE_COMPILATION_CONDITIONS = DEBUG;
				SWIFT_OPTIMIZATION_LEVEL = "-Onone";
			};
			name = Debug;
		};
		C5A06EDD25260FCE00376524 /* Release */ = {
			isa = XCBuildConfiguration;
			buildSettings = {
				ALWAYS_SEARCH_USER_PATHS = NO;
				CLANG_ANALYZER_NONNULL = YES;
				CLANG_ANALYZER_NUMBER_OBJECT_CONVERSION = YES_AGGRESSIVE;
				CLANG_CXX_LANGUAGE_STANDARD = "gnu++14";
				CLANG_CXX_LIBRARY = "libc++";
				CLANG_ENABLE_MODULES = YES;
				CLANG_ENABLE_OBJC_ARC = YES;
				CLANG_ENABLE_OBJC_WEAK = YES;
				CLANG_WARN_BLOCK_CAPTURE_AUTORELEASING = YES;
				CLANG_WARN_BOOL_CONVERSION = YES;
				CLANG_WARN_COMMA = YES;
				CLANG_WARN_CONSTANT_CONVERSION = YES;
				CLANG_WARN_DEPRECATED_OBJC_IMPLEMENTATIONS = YES;
				CLANG_WARN_DIRECT_OBJC_ISA_USAGE = YES_ERROR;
				CLANG_WARN_DOCUMENTATION_COMMENTS = YES;
				CLANG_WARN_EMPTY_BODY = YES;
				CLANG_WARN_ENUM_CONVERSION = YES;
				CLANG_WARN_INFINITE_RECURSION = YES;
				CLANG_WARN_INT_CONVERSION = YES;
				CLANG_WARN_NON_LITERAL_NULL_CONVERSION = YES;
				CLANG_WARN_OBJC_IMPLICIT_RETAIN_SELF = YES;
				CLANG_WARN_OBJC_LITERAL_CONVERSION = YES;
				CLANG_WARN_OBJC_ROOT_CLASS = YES_ERROR;
				CLANG_WARN_QUOTED_INCLUDE_IN_FRAMEWORK_HEADER = YES;
				CLANG_WARN_RANGE_LOOP_ANALYSIS = YES;
				CLANG_WARN_STRICT_PROTOTYPES = YES;
				CLANG_WARN_SUSPICIOUS_MOVE = YES;
				CLANG_WARN_UNGUARDED_AVAILABILITY = YES_AGGRESSIVE;
				CLANG_WARN_UNREACHABLE_CODE = YES;
				CLANG_WARN__DUPLICATE_METHOD_MATCH = YES;
				COPY_PHASE_STRIP = NO;
				DEBUG_INFORMATION_FORMAT = "dwarf-with-dsym";
				ENABLE_NS_ASSERTIONS = NO;
				ENABLE_STRICT_OBJC_MSGSEND = YES;
				GCC_C_LANGUAGE_STANDARD = gnu11;
				GCC_NO_COMMON_BLOCKS = YES;
				GCC_WARN_64_TO_32_BIT_CONVERSION = YES;
				GCC_WARN_ABOUT_RETURN_TYPE = YES_ERROR;
				GCC_WARN_UNDECLARED_SELECTOR = YES;
				GCC_WARN_UNINITIALIZED_AUTOS = YES_AGGRESSIVE;
				GCC_WARN_UNUSED_FUNCTION = YES;
				GCC_WARN_UNUSED_VARIABLE = YES;
				IPHONEOS_DEPLOYMENT_TARGET = 14.0;
				MTL_ENABLE_DEBUG_INFO = NO;
				MTL_FAST_MATH = YES;
				SDKROOT = iphoneos;
				SWIFT_COMPILATION_MODE = wholemodule;
				SWIFT_OPTIMIZATION_LEVEL = "-O";
				VALIDATE_PRODUCT = YES;
			};
			name = Release;
		};
		C5A06EDF25260FCE00376524 /* Debug */ = {
			isa = XCBuildConfiguration;
			buildSettings = {
				ASSETCATALOG_COMPILER_APPICON_NAME = AppIcon;
				ASSETCATALOG_COMPILER_GLOBAL_ACCENT_COLOR_NAME = AccentColor;
				CODE_SIGN_STYLE = Automatic;
				DEVELOPMENT_TEAM = 8259584TQ2;
				INFOPLIST_FILE = "I AM Rich/Info.plist";
				LD_RUNPATH_SEARCH_PATHS = (
					"$(inherited)",
					"@executable_path/Frameworks",
				);
				PRODUCT_BUNDLE_IDENTIFIER = "amaebilove-gmail.com.I-AM-Rich";
				PRODUCT_NAME = "$(TARGET_NAME)";
				SWIFT_VERSION = 5.0;
				TARGETED_DEVICE_FAMILY = "1,2";
			};
			name = Debug;
		};
		C5A06EE025260FCE00376524 /* Release */ = {
			isa = XCBuildConfiguration;
			buildSettings = {
				ASSETCATALOG_COMPILER_APPICON_NAME = AppIcon;
				ASSETCATALOG_COMPILER_GLOBAL_ACCENT_COLOR_NAME = AccentColor;
				CODE_SIGN_STYLE = Automatic;
				DEVELOPMENT_TEAM = 8259584TQ2;
				INFOPLIST_FILE = "I AM Rich/Info.plist";
				LD_RUNPATH_SEARCH_PATHS = (
					"$(inherited)",
					"@executable_path/Frameworks",
				);
				PRODUCT_BUNDLE_IDENTIFIER = "amaebilove-gmail.com.I-AM-Rich";
				PRODUCT_NAME = "$(TARGET_NAME)";
				SWIFT_VERSION = 5.0;
				TARGETED_DEVICE_FAMILY = "1,2";
			};
			name = Release;
		};
		C5A06EE225260FCE00376524 /* Debug */ = {
			isa = XCBuildConfiguration;
			buildSettings = {
				ALWAYS_EMBED_SWIFT_STANDARD_LIBRARIES = YES;
				BUNDLE_LOADER = "$(TEST_HOST)";
				CODE_SIGN_STYLE = Automatic;
				DEVELOPMENT_TEAM = 8259584TQ2;
				INFOPLIST_FILE = "I AM RichTests/Info.plist";
				IPHONEOS_DEPLOYMENT_TARGET = 14.0;
				LD_RUNPATH_SEARCH_PATHS = (
					"$(inherited)",
					"@executable_path/Frameworks",
					"@loader_path/Frameworks",
				);
				PRODUCT_BUNDLE_IDENTIFIER = "amaebilove-gmail.com.I-AM-RichTests";
				PRODUCT_NAME = "$(TARGET_NAME)";
				SWIFT_VERSION = 5.0;
				TARGETED_DEVICE_FAMILY = "1,2";
				TEST_HOST = "$(BUILT_PRODUCTS_DIR)/I AM Rich.app/I AM Rich";
			};
			name = Debug;
		};
		C5A06EE325260FCE00376524 /* Release */ = {
			isa = XCBuildConfiguration;
			buildSettings = {
				ALWAYS_EMBED_SWIFT_STANDARD_LIBRARIES = YES;
				BUNDLE_LOADER = "$(TEST_HOST)";
				CODE_SIGN_STYLE = Automatic;
				DEVELOPMENT_TEAM = 8259584TQ2;
				INFOPLIST_FILE = "I AM RichTests/Info.plist";
				IPHONEOS_DEPLOYMENT_TARGET = 14.0;
				LD_RUNPATH_SEARCH_PATHS = (
					"$(inherited)",
					"@executable_path/Frameworks",
					"@loader_path/Frameworks",
				);
				PRODUCT_BUNDLE_IDENTIFIER = "amaebilove-gmail.com.I-AM-RichTests";
				PRODUCT_NAME = "$(TARGET_NAME)";
				SWIFT_VERSION = 5.0;
				TARGETED_DEVICE_FAMILY = "1,2";
				TEST_HOST = "$(BUILT_PRODUCTS_DIR)/I AM Rich.app/I AM Rich";
			};
			name = Release;
		};
		C5A06EE525260FCE00376524 /* Debug */ = {
			isa = XCBuildConfiguration;
			buildSettings = {
				ALWAYS_EMBED_SWIFT_STANDARD_LIBRARIES = YES;
				CODE_SIGN_STYLE = Automatic;
				DEVELOPMENT_TEAM = 8259584TQ2;
				INFOPLIST_FILE = "I AM RichUITests/Info.plist";
				LD_RUNPATH_SEARCH_PATHS = (
					"$(inherited)",
					"@executable_path/Frameworks",
					"@loader_path/Frameworks",
				);
				PRODUCT_BUNDLE_IDENTIFIER = "amaebilove-gmail.com.I-AM-RichUITests";
				PRODUCT_NAME = "$(TARGET_NAME)";
				SWIFT_VERSION = 5.0;
				TARGETED_DEVICE_FAMILY = "1,2";
				TEST_TARGET_NAME = "I AM Rich";
			};
			name = Debug;
		};
		C5A06EE625260FCE00376524 /* Release */ = {
			isa = XCBuildConfiguration;
			buildSettings = {
				ALWAYS_EMBED_SWIFT_STANDARD_LIBRARIES = YES;
				CODE_SIGN_STYLE = Automatic;
				DEVELOPMENT_TEAM = 8259584TQ2;
				INFOPLIST_FILE = "I AM RichUITests/Info.plist";
				LD_RUNPATH_SEARCH_PATHS = (
					"$(inherited)",
					"@executable_path/Frameworks",
					"@loader_path/Frameworks",
				);
				PRODUCT_BUNDLE_IDENTIFIER = "amaebilove-gmail.com.I-AM-RichUITests";
				PRODUCT_NAME = "$(TARGET_NAME)";
				SWIFT_VERSION = 5.0;
				TARGETED_DEVICE_FAMILY = "1,2";
				TEST_TARGET_NAME = "I AM Rich";
			};
			name = Release;
		};
/* End XCBuildConfiguration section */

/* Begin XCConfigurationList section */
		C5A06EAF25260FCC00376524 /* Build configuration list for PBXProject "I AM Rich" */ = {
			isa = XCConfigurationList;
			buildConfigurations = (
				C5A06EDC25260FCE00376524 /* Debug */,
				C5A06EDD25260FCE00376524 /* Release */,
			);
			defaultConfigurationIsVisible = 0;
			defaultConfigurationName = Release;
		};
		C5A06EDE25260FCE00376524 /* Build configuration list for PBXNativeTarget "I AM Rich" */ = {
			isa = XCConfigurationList;
			buildConfigurations = (
				C5A06EDF25260FCE00376524 /* Debug */,
				C5A06EE025260FCE00376524 /* Release */,
			);
			defaultConfigurationIsVisible = 0;
			defaultConfigurationName = Release;
		};
		C5A06EE125260FCE00376524 /* Build configuration list for PBXNativeTarget "I AM RichTests" */ = {
			isa = XCConfigurationList;
			buildConfigurations = (
				C5A06EE225260FCE00376524 /* Debug */,
				C5A06EE325260FCE00376524 /* Release */,
			);
			defaultConfigurationIsVisible = 0;
			defaultConfigurationName = Release;
		};
		C5A06EE425260FCE00376524 /* Build configuration list for PBXNativeTarget "I AM RichUITests" */ = {
			isa = XCConfigurationList;
			buildConfigurations = (
				C5A06EE525260FCE00376524 /* Debug */,
				C5A06EE625260FCE00376524 /* Release */,
			);
			defaultConfigurationIsVisible = 0;
			defaultConfigurationName = Release;
		};
/* End XCConfigurationList section */
	};
	rootObject = C5A06EAC25260FCC00376524 /* Project object */;
}
