// !$*UTF8*$!
{
	archiveVersion = 1;
	classes = {
	};
	objectVersion = 50;
	objects = {

/* Begin PBXBuildFile section */
		C553C09B252F4D3600C48A69 /* WesplitApp.swift in Sources */ = {isa = PBXBuildFile; fileRef = C553C09A252F4D3600C48A69 /* WesplitApp.swift */; };
		C553C09D252F4D3600C48A69 /* ContentView.swift in Sources */ = {isa = PBXBuildFile; fileRef = C553C09C252F4D3600C48A69 /* ContentView.swift */; };
		C553C09F252F4D3700C48A69 /* Assets.xcassets in Resources */ = {isa = PBXBuildFile; fileRef = C553C09E252F4D3700C48A69 /* Assets.xcassets */; };
		C553C0A2252F4D3700C48A69 /* Preview Assets.xcassets in Resources */ = {isa = PBXBuildFile; fileRef = C553C0A1252F4D3700C48A69 /* Preview Assets.xcassets */; };
		C553C0A4252F4D3700C48A69 /* Persistence.swift in Sources */ = {isa = PBXBuildFile; fileRef = C553C0A3252F4D3700C48A69 /* Persistence.swift */; };
		C553C0A7252F4D3700C48A69 /* Wesplit.xcdatamodeld in Sources */ = {isa = PBXBuildFile; fileRef = C553C0A5252F4D3700C48A69 /* Wesplit.xcdatamodeld */; };
		C553C0B2252F4D3700C48A69 /* WesplitTests.swift in Sources */ = {isa = PBXBuildFile; fileRef = C553C0B1252F4D3700C48A69 /* WesplitTests.swift */; };
		C553C0BD252F4D3700C48A69 /* WesplitUITests.swift in Sources */ = {isa = PBXBuildFile; fileRef = C553C0BC252F4D3700C48A69 /* WesplitUITests.swift */; };
/* End PBXBuildFile section */

/* Begin PBXContainerItemProxy section */
		C553C0AE252F4D3700C48A69 /* PBXContainerItemProxy */ = {
			isa = PBXContainerItemProxy;
			containerPortal = C553C08F252F4D3600C48A69 /* Project object */;
			proxyType = 1;
			remoteGlobalIDString = C553C096252F4D3600C48A69;
			remoteInfo = Wesplit;
		};
		C553C0B9252F4D3700C48A69 /* PBXContainerItemProxy */ = {
			isa = PBXContainerItemProxy;
			containerPortal = C553C08F252F4D3600C48A69 /* Project object */;
			proxyType = 1;
			remoteGlobalIDString = C553C096252F4D3600C48A69;
			remoteInfo = Wesplit;
		};
/* End PBXContainerItemProxy section */

/* Begin PBXFileReference section */
		C553C097252F4D3600C48A69 /* Wesplit.app */ = {isa = PBXFileReference; explicitFileType = wrapper.application; includeInIndex = 0; path = Wesplit.app; sourceTree = BUILT_PRODUCTS_DIR; };
		C553C09A252F4D3600C48A69 /* WesplitApp.swift */ = {isa = PBXFileReference; lastKnownFileType = sourcecode.swift; path = WesplitApp.swift; sourceTree = "<group>"; };
		C553C09C252F4D3600C48A69 /* ContentView.swift */ = {isa = PBXFileReference; lastKnownFileType = sourcecode.swift; path = ContentView.swift; sourceTree = "<group>"; };
		C553C09E252F4D3700C48A69 /* Assets.xcassets */ = {isa = PBXFileReference; lastKnownFileType = folder.assetcatalog; path = Assets.xcassets; sourceTree = "<group>"; };
		C553C0A1252F4D3700C48A69 /* Preview Assets.xcassets */ = {isa = PBXFileReference; lastKnownFileType = folder.assetcatalog; path = "Preview Assets.xcassets"; sourceTree = "<group>"; };
		C553C0A3252F4D3700C48A69 /* Persistence.swift */ = {isa = PBXFileReference; lastKnownFileType = sourcecode.swift; path = Persistence.swift; sourceTree = "<group>"; };
		C553C0A6252F4D3700C48A69 /* Wesplit.xcdatamodel */ = {isa = PBXFileReference; lastKnownFileType = wrapper.xcdatamodel; path = Wesplit.xcdatamodel; sourceTree = "<group>"; };
		C553C0A8252F4D3700C48A69 /* Info.plist */ = {isa = PBXFileReference; lastKnownFileType = text.plist.xml; path = Info.plist; sourceTree = "<group>"; };
		C553C0AD252F4D3700C48A69 /* WesplitTests.xctest */ = {isa = PBXFileReference; explicitFileType = wrapper.cfbundle; includeInIndex = 0; path = WesplitTests.xctest; sourceTree = BUILT_PRODUCTS_DIR; };
		C553C0B1252F4D3700C48A69 /* WesplitTests.swift */ = {isa = PBXFileReference; lastKnownFileType = sourcecode.swift; path = WesplitTests.swift; sourceTree = "<group>"; };
		C553C0B3252F4D3700C48A69 /* Info.plist */ = {isa = PBXFileReference; lastKnownFileType = text.plist.xml; path = Info.plist; sourceTree = "<group>"; };
		C553C0B8252F4D3700C48A69 /* WesplitUITests.xctest */ = {isa = PBXFileReference; explicitFileType = wrapper.cfbundle; includeInIndex = 0; path = WesplitUITests.xctest; sourceTree = BUILT_PRODUCTS_DIR; };
		C553C0BC252F4D3700C48A69 /* WesplitUITests.swift */ = {isa = PBXFileReference; lastKnownFileType = sourcecode.swift; path = WesplitUITests.swift; sourceTree = "<group>"; };
		C553C0BE252F4D3700C48A69 /* Info.plist */ = {isa = PBXFileReference; lastKnownFileType = text.plist.xml; path = Info.plist; sourceTree = "<group>"; };
/* End PBXFileReference section */

/* Begin PBXFrameworksBuildPhase section */
		C553C094252F4D3600C48A69 /* Frameworks */ = {
			isa = PBXFrameworksBuildPhase;
			buildActionMask = 2147483647;
			files = (
			);
			runOnlyForDeploymentPostprocessing = 0;
		};
		C553C0AA252F4D3700C48A69 /* Frameworks */ = {
			isa = PBXFrameworksBuildPhase;
			buildActionMask = 2147483647;
			files = (
			);
			runOnlyForDeploymentPostprocessing = 0;
		};
		C553C0B5252F4D3700C48A69 /* Frameworks */ = {
			isa = PBXFrameworksBuildPhase;
			buildActionMask = 2147483647;
			files = (
			);
			runOnlyForDeploymentPostprocessing = 0;
		};
/* End PBXFrameworksBuildPhase section */

/* Begin PBXGroup section */
		C553C08E252F4D3600C48A69 = {
			isa = PBXGroup;
			children = (
				C553C099252F4D3600C48A69 /* Wesplit */,
				C553C0B0252F4D3700C48A69 /* WesplitTests */,
				C553C0BB252F4D3700C48A69 /* WesplitUITests */,
				C553C098252F4D3600C48A69 /* Products */,
			);
			sourceTree = "<group>";
		};
		C553C098252F4D3600C48A69 /* Products */ = {
			isa = PBXGroup;
			children = (
				C553C097252F4D3600C48A69 /* Wesplit.app */,
				C553C0AD252F4D3700C48A69 /* WesplitTests.xctest */,
				C553C0B8252F4D3700C48A69 /* WesplitUITests.xctest */,
			);
			name = Products;
			sourceTree = "<group>";
		};
		C553C099252F4D3600C48A69 /* Wesplit */ = {
			isa = PBXGroup;
			children = (
				C553C09A252F4D3600C48A69 /* WesplitApp.swift */,
				C553C09C252F4D3600C48A69 /* ContentView.swift */,
				C553C09E252F4D3700C48A69 /* Assets.xcassets */,
				C553C0A3252F4D3700C48A69 /* Persistence.swift */,
				C553C0A8252F4D3700C48A69 /* Info.plist */,
				C553C0A5252F4D3700C48A69 /* Wesplit.xcdatamodeld */,
				C553C0A0252F4D3700C48A69 /* Preview Content */,
			);
			path = Wesplit;
			sourceTree = "<group>";
		};
		C553C0A0252F4D3700C48A69 /* Preview Content */ = {
			isa = PBXGroup;
			children = (
				C553C0A1252F4D3700C48A69 /* Preview Assets.xcassets */,
			);
			path = "Preview Content";
			sourceTree = "<group>";
		};
		C553C0B0252F4D3700C48A69 /* WesplitTests */ = {
			isa = PBXGroup;
			children = (
				C553C0B1252F4D3700C48A69 /* WesplitTests.swift */,
				C553C0B3252F4D3700C48A69 /* Info.plist */,
			);
			path = WesplitTests;
			sourceTree = "<group>";
		};
		C553C0BB252F4D3700C48A69 /* WesplitUITests */ = {
			isa = PBXGroup;
			children = (
				C553C0BC252F4D3700C48A69 /* WesplitUITests.swift */,
				C553C0BE252F4D3700C48A69 /* Info.plist */,
			);
			path = WesplitUITests;
			sourceTree = "<group>";
		};
/* End PBXGroup section */

/* Begin PBXNativeTarget section */
		C553C096252F4D3600C48A69 /* Wesplit */ = {
			isa = PBXNativeTarget;
			buildConfigurationList = C553C0C1252F4D3700C48A69 /* Build configuration list for PBXNativeTarget "Wesplit" */;
			buildPhases = (
				C553C093252F4D3600C48A69 /* Sources */,
				C553C094252F4D3600C48A69 /* Frameworks */,
				C553C095252F4D3600C48A69 /* Resources */,
			);
			buildRules = (
			);
			dependencies = (
			);
			name = Wesplit;
			productName = Wesplit;
			productReference = C553C097252F4D3600C48A69 /* Wesplit.app */;
			productType = "com.apple.product-type.application";
		};
		C553C0AC252F4D3700C48A69 /* WesplitTests */ = {
			isa = PBXNativeTarget;
			buildConfigurationList = C553C0C4252F4D3700C48A69 /* Build configuration list for PBXNativeTarget "WesplitTests" */;
			buildPhases = (
				C553C0A9252F4D3700C48A69 /* Sources */,
				C553C0AA252F4D3700C48A69 /* Frameworks */,
				C553C0AB252F4D3700C48A69 /* Resources */,
			);
			buildRules = (
			);
			dependencies = (
				C553C0AF252F4D3700C48A69 /* PBXTargetDependency */,
			);
			name = WesplitTests;
			productName = WesplitTests;
			productReference = C553C0AD252F4D3700C48A69 /* WesplitTests.xctest */;
			productType = "com.apple.product-type.bundle.unit-test";
		};
		C553C0B7252F4D3700C48A69 /* WesplitUITests */ = {
			isa = PBXNativeTarget;
			buildConfigurationList = C553C0C7252F4D3700C48A69 /* Build configuration list for PBXNativeTarget "WesplitUITests" */;
			buildPhases = (
				C553C0B4252F4D3700C48A69 /* Sources */,
				C553C0B5252F4D3700C48A69 /* Frameworks */,
				C553C0B6252F4D3700C48A69 /* Resources */,
			);
			buildRules = (
			);
			dependencies = (
				C553C0BA252F4D3700C48A69 /* PBXTargetDependency */,
			);
			name = WesplitUITests;
			productName = WesplitUITests;
			productReference = C553C0B8252F4D3700C48A69 /* WesplitUITests.xctest */;
			productType = "com.apple.product-type.bundle.ui-testing";
		};
/* End PBXNativeTarget section */

/* Begin PBXProject section */
		C553C08F252F4D3600C48A69 /* Project object */ = {
			isa = PBXProject;
			attributes = {
				LastSwiftUpdateCheck = 1200;
				LastUpgradeCheck = 1200;
				TargetAttributes = {
					C553C096252F4D3600C48A69 = {
						CreatedOnToolsVersion = 12.0.1;
					};
					C553C0AC252F4D3700C48A69 = {
						CreatedOnToolsVersion = 12.0.1;
						TestTargetID = C553C096252F4D3600C48A69;
					};
					C553C0B7252F4D3700C48A69 = {
						CreatedOnToolsVersion = 12.0.1;
						TestTargetID = C553C096252F4D3600C48A69;
					};
				};
			};
			buildConfigurationList = C553C092252F4D3600C48A69 /* Build configuration list for PBXProject "Wesplit" */;
			compatibilityVersion = "Xcode 9.3";
			developmentRegion = en;
			hasScannedForEncodings = 0;
			knownRegions = (
				en,
				Base,
			);
			mainGroup = C553C08E252F4D3600C48A69;
			productRefGroup = C553C098252F4D3600C48A69 /* Products */;
			projectDirPath = "";
			projectRoot = "";
			targets = (
				C553C096252F4D3600C48A69 /* Wesplit */,
				C553C0AC252F4D3700C48A69 /* WesplitTests */,
				C553C0B7252F4D3700C48A69 /* WesplitUITests */,
			);
		};
/* End PBXProject section */

/* Begin PBXResourcesBuildPhase section */
		C553C095252F4D3600C48A69 /* Resources */ = {
			isa = PBXResourcesBuildPhase;
			buildActionMask = 2147483647;
			files = (
				C553C0A2252F4D3700C48A69 /* Preview Assets.xcassets in Resources */,
				C553C09F252F4D3700C48A69 /* Assets.xcassets in Resources */,
			);
			runOnlyForDeploymentPostprocessing = 0;
		};
		C553C0AB252F4D3700C48A69 /* Resources */ = {
			isa = PBXResourcesBuildPhase;
			buildActionMask = 2147483647;
			files = (
			);
			runOnlyForDeploymentPostprocessing = 0;
		};
		C553C0B6252F4D3700C48A69 /* Resources */ = {
			isa = PBXResourcesBuildPhase;
			buildActionMask = 2147483647;
			files = (
			);
			runOnlyForDeploymentPostprocessing = 0;
		};
/* End PBXResourcesBuildPhase section */

/* Begin PBXSourcesBuildPhase section */
		C553C093252F4D3600C48A69 /* Sources */ = {
			isa = PBXSourcesBuildPhase;
			buildActionMask = 2147483647;
			files = (
				C553C0A7252F4D3700C48A69 /* Wesplit.xcdatamodeld in Sources */,
				C553C0A4252F4D3700C48A69 /* Persistence.swift in Sources */,
				C553C09D252F4D3600C48A69 /* ContentView.swift in Sources */,
				C553C09B252F4D3600C48A69 /* WesplitApp.swift in Sources */,
			);
			runOnlyForDeploymentPostprocessing = 0;
		};
		C553C0A9252F4D3700C48A69 /* Sources */ = {
			isa = PBXSourcesBuildPhase;
			buildActionMask = 2147483647;
			files = (
				C553C0B2252F4D3700C48A69 /* WesplitTests.swift in Sources */,
			);
			runOnlyForDeploymentPostprocessing = 0;
		};
		C553C0B4252F4D3700C48A69 /* Sources */ = {
			isa = PBXSourcesBuildPhase;
			buildActionMask = 2147483647;
			files = (
				C553C0BD252F4D3700C48A69 /* WesplitUITests.swift in Sources */,
			);
			runOnlyForDeploymentPostprocessing = 0;
		};
/* End PBXSourcesBuildPhase section */

/* Begin PBXTargetDependency section */
		C553C0AF252F4D3700C48A69 /* PBXTargetDependency */ = {
			isa = PBXTargetDependency;
			target = C553C096252F4D3600C48A69 /* Wesplit */;
			targetProxy = C553C0AE252F4D3700C48A69 /* PBXContainerItemProxy */;
		};
		C553C0BA252F4D3700C48A69 /* PBXTargetDependency */ = {
			isa = PBXTargetDependency;
			target = C553C096252F4D3600C48A69 /* Wesplit */;
			targetProxy = C553C0B9252F4D3700C48A69 /* PBXContainerItemProxy */;
		};
/* End PBXTargetDependency section */

/* Begin XCBuildConfiguration section */
		C553C0BF252F4D3700C48A69 /* Debug */ = {
			isa = XCBuildConfiguration;
			buildSettings = {
				ALWAYS_SEARCH_USER_PATHS = NO;
				CLANG_ANALYZER_NONNULL = YES;
				CLANG_ANALYZER_NUMBER_OBJECT_CONVERSION = YES_AGGRESSIVE;
				CLANG_CXX_LANGUAGE_STANDARD = "gnu++14";
				CLANG_CXX_LIBRARY = "libc++";
				CLANG_ENABLE_MODULES = YES;
				CLANG_ENABLE_OBJC_ARC = YES;
				CLANG_ENABLE_OBJC_WEAK = YES;
				CLANG_WARN_BLOCK_CAPTURE_AUTORELEASING = YES;
				CLANG_WARN_BOOL_CONVERSION = YES;
				CLANG_WARN_COMMA = YES;
				CLANG_WARN_CONSTANT_CONVERSION = YES;
				CLANG_WARN_DEPRECATED_OBJC_IMPLEMENTATIONS = YES;
				CLANG_WARN_DIRECT_OBJC_ISA_USAGE = YES_ERROR;
				CLANG_WARN_DOCUMENTATION_COMMENTS = YES;
				CLANG_WARN_EMPTY_BODY = YES;
				CLANG_WARN_ENUM_CONVERSION = YES;
				CLANG_WARN_INFINITE_RECURSION = YES;
				CLANG_WARN_INT_CONVERSION = YES;
				CLANG_WARN_NON_LITERAL_NULL_CONVERSION = YES;
				CLANG_WARN_OBJC_IMPLICIT_RETAIN_SELF = YES;
				CLANG_WARN_OBJC_LITERAL_CONVERSION = YES;
				CLANG_WARN_OBJC_ROOT_CLASS = YES_ERROR;
				CLANG_WARN_QUOTED_INCLUDE_IN_FRAMEWORK_HEADER = YES;
				CLANG_WARN_RANGE_LOOP_ANALYSIS = YES;
				CLANG_WARN_STRICT_PROTOTYPES = YES;
				CLANG_WARN_SUSPICIOUS_MOVE = YES;
				CLANG_WARN_UNGUARDED_AVAILABILITY = YES_AGGRESSIVE;
				CLANG_WARN_UNREACHABLE_CODE = YES;
				CLANG_WARN__DUPLICATE_METHOD_MATCH = YES;
				COPY_PHASE_STRIP = NO;
				DEBUG_INFORMATION_FORMAT = dwarf;
				ENABLE_STRICT_OBJC_MSGSEND = YES;
				ENABLE_TESTABILITY = YES;
				GCC_C_LANGUAGE_STANDARD = gnu11;
				GCC_DYNAMIC_NO_PIC = NO;
				GCC_NO_COMMON_BLOCKS = YES;
				GCC_OPTIMIZATION_LEVEL = 0;
				GCC_PREPROCESSOR_DEFINITIONS = (
					"DEBUG=1",
					"$(inherited)",
				);
				GCC_WARN_64_TO_32_BIT_CONVERSION = YES;
				GCC_WARN_ABOUT_RETURN_TYPE = YES_ERROR;
				GCC_WARN_UNDECLARED_SELECTOR = YES;
				GCC_WARN_UNINITIALIZED_AUTOS = YES_AGGRESSIVE;
				GCC_WARN_UNUSED_FUNCTION = YES;
				GCC_WARN_UNUSED_VARIABLE = YES;
				IPHONEOS_DEPLOYMENT_TARGET = 14.0;
				MTL_ENABLE_DEBUG_INFO = INCLUDE_SOURCE;
				MTL_FAST_MATH = YES;
				ONLY_ACTIVE_ARCH = YES;
				SDKROOT = iphoneos;
				SWIFT_ACTIVE_COMPILATION_CONDITIONS = DEBUG;
				SWIFT_OPTIMIZATION_LEVEL = "-Onone";
			};
			name = Debug;
		};
		C553C0C0252F4D3700C48A69 /* Release */ = {
			isa = XCBuildConfiguration;
			buildSettings = {
				ALWAYS_SEARCH_USER_PATHS = NO;
				CLANG_ANALYZER_NONNULL = YES;
				CLANG_ANALYZER_NUMBER_OBJECT_CONVERSION = YES_AGGRESSIVE;
				CLANG_CXX_LANGUAGE_STANDARD = "gnu++14";
				CLANG_CXX_LIBRARY = "libc++";
				CLANG_ENABLE_MODULES = YES;
				CLANG_ENABLE_OBJC_ARC = YES;
				CLANG_ENABLE_OBJC_WEAK = YES;
				CLANG_WARN_BLOCK_CAPTURE_AUTORELEASING = YES;
				CLANG_WARN_BOOL_CONVERSION = YES;
				CLANG_WARN_COMMA = YES;
				CLANG_WARN_CONSTANT_CONVERSION = YES;
				CLANG_WARN_DEPRECATED_OBJC_IMPLEMENTATIONS = YES;
				CLANG_WARN_DIRECT_OBJC_ISA_USAGE = YES_ERROR;
				CLANG_WARN_DOCUMENTATION_COMMENTS = YES;
				CLANG_WARN_EMPTY_BODY = YES;
				CLANG_WARN_ENUM_CONVERSION = YES;
				CLANG_WARN_INFINITE_RECURSION = YES;
				CLANG_WARN_INT_CONVERSION = YES;
				CLANG_WARN_NON_LITERAL_NULL_CONVERSION = YES;
				CLANG_WARN_OBJC_IMPLICIT_RETAIN_SELF = YES;
				CLANG_WARN_OBJC_LITERAL_CONVERSION = YES;
				CLANG_WARN_OBJC_ROOT_CLASS = YES_ERROR;
				CLANG_WARN_QUOTED_INCLUDE_IN_FRAMEWORK_HEADER = YES;
				CLANG_WARN_RANGE_LOOP_ANALYSIS = YES;
				CLANG_WARN_STRICT_PROTOTYPES = YES;
				CLANG_WARN_SUSPICIOUS_MOVE = YES;
				CLANG_WARN_UNGUARDED_AVAILABILITY = YES_AGGRESSIVE;
				CLANG_WARN_UNREACHABLE_CODE = YES;
				CLANG_WARN__DUPLICATE_METHOD_MATCH = YES;
				COPY_PHASE_STRIP = NO;
				DEBUG_INFORMATION_FORMAT = "dwarf-with-dsym";
				ENABLE_NS_ASSERTIONS = NO;
				ENABLE_STRICT_OBJC_MSGSEND = YES;
				GCC_C_LANGUAGE_STANDARD = gnu11;
				GCC_NO_COMMON_BLOCKS = YES;
				GCC_WARN_64_TO_32_BIT_CONVERSION = YES;
				GCC_WARN_ABOUT_RETURN_TYPE = YES_ERROR;
				GCC_WARN_UNDECLARED_SELECTOR = YES;
				GCC_WARN_UNINITIALIZED_AUTOS = YES_AGGRESSIVE;
				GCC_WARN_UNUSED_FUNCTION = YES;
				GCC_WARN_UNUSED_VARIABLE = YES;
				IPHONEOS_DEPLOYMENT_TARGET = 14.0;
				MTL_ENABLE_DEBUG_INFO = NO;
				MTL_FAST_MATH = YES;
				SDKROOT = iphoneos;
				SWIFT_COMPILATION_MODE = wholemodule;
				SWIFT_OPTIMIZATION_LEVEL = "-O";
				VALIDATE_PRODUCT = YES;
			};
			name = Release;
		};
		C553C0C2252F4D3700C48A69 /* Debug */ = {
			isa = XCBuildConfiguration;
			buildSettings = {
				ASSETCATALOG_COMPILER_APPICON_NAME = AppIcon;
				ASSETCATALOG_COMPILER_GLOBAL_ACCENT_COLOR_NAME = AccentColor;
				CODE_SIGN_STYLE = Automatic;
				DEVELOPMENT_ASSET_PATHS = "\"Wesplit/Preview Content\"";
				DEVELOPMENT_TEAM = 8259584TQ2;
				ENABLE_PREVIEWS = YES;
				INFOPLIST_FILE = Wesplit/Info.plist;
				IPHONEOS_DEPLOYMENT_TARGET = 14.0;
				LD_RUNPATH_SEARCH_PATHS = (
					"$(inherited)",
					"@executable_path/Frameworks",
				);
				PRODUCT_BUNDLE_IDENTIFIER = "amaebilove-gmail.com.Wesplit";
				PRODUCT_NAME = "$(TARGET_NAME)";
				SWIFT_VERSION = 5.0;
				TARGETED_DEVICE_FAMILY = "1,2";
			};
			name = Debug;
		};
		C553C0C3252F4D3700C48A69 /* Release */ = {
			isa = XCBuildConfiguration;
			buildSettings = {
				ASSETCATALOG_COMPILER_APPICON_NAME = AppIcon;
				ASSETCATALOG_COMPILER_GLOBAL_ACCENT_COLOR_NAME = AccentColor;
				CODE_SIGN_STYLE = Automatic;
				DEVELOPMENT_ASSET_PATHS = "\"Wesplit/Preview Content\"";
				DEVELOPMENT_TEAM = 8259584TQ2;
				ENABLE_PREVIEWS = YES;
				INFOPLIST_FILE = Wesplit/Info.plist;
				IPHONEOS_DEPLOYMENT_TARGET = 14.0;
				LD_RUNPATH_SEARCH_PATHS = (
					"$(inherited)",
					"@executable_path/Frameworks",
				);
				PRODUCT_BUNDLE_IDENTIFIER = "amaebilove-gmail.com.Wesplit";
				PRODUCT_NAME = "$(TARGET_NAME)";
				SWIFT_VERSION = 5.0;
				TARGETED_DEVICE_FAMILY = "1,2";
			};
			name = Release;
		};
		C553C0C5252F4D3700C48A69 /* Debug */ = {
			isa = XCBuildConfiguration;
			buildSettings = {
				ALWAYS_EMBED_SWIFT_STANDARD_LIBRARIES = YES;
				BUNDLE_LOADER = "$(TEST_HOST)";
				CODE_SIGN_STYLE = Automatic;
				DEVELOPMENT_TEAM = 8259584TQ2;
				INFOPLIST_FILE = WesplitTests/Info.plist;
				IPHONEOS_DEPLOYMENT_TARGET = 14.0;
				LD_RUNPATH_SEARCH_PATHS = (
					"$(inherited)",
					"@executable_path/Frameworks",
					"@loader_path/Frameworks",
				);
				PRODUCT_BUNDLE_IDENTIFIER = "amaebilove-gmail.com.WesplitTests";
				PRODUCT_NAME = "$(TARGET_NAME)";
				SWIFT_VERSION = 5.0;
				TARGETED_DEVICE_FAMILY = "1,2";
				TEST_HOST = "$(BUILT_PRODUCTS_DIR)/Wesplit.app/Wesplit";
			};
			name = Debug;
		};
		C553C0C6252F4D3700C48A69 /* Release */ = {
			isa = XCBuildConfiguration;
			buildSettings = {
				ALWAYS_EMBED_SWIFT_STANDARD_LIBRARIES = YES;
				BUNDLE_LOADER = "$(TEST_HOST)";
				CODE_SIGN_STYLE = Automatic;
				DEVELOPMENT_TEAM = 8259584TQ2;
				INFOPLIST_FILE = WesplitTests/Info.plist;
				IPHONEOS_DEPLOYMENT_TARGET = 14.0;
				LD_RUNPATH_SEARCH_PATHS = (
					"$(inherited)",
					"@executable_path/Frameworks",
					"@loader_path/Frameworks",
				);
				PRODUCT_BUNDLE_IDENTIFIER = "amaebilove-gmail.com.WesplitTests";
				PRODUCT_NAME = "$(TARGET_NAME)";
				SWIFT_VERSION = 5.0;
				TARGETED_DEVICE_FAMILY = "1,2";
				TEST_HOST = "$(BUILT_PRODUCTS_DIR)/Wesplit.app/Wesplit";
			};
			name = Release;
		};
		C553C0C8252F4D3700C48A69 /* Debug */ = {
			isa = XCBuildConfiguration;
			buildSettings = {
				ALWAYS_EMBED_SWIFT_STANDARD_LIBRARIES = YES;
				CODE_SIGN_STYLE = Automatic;
				DEVELOPMENT_TEAM = 8259584TQ2;
				INFOPLIST_FILE = WesplitUITests/Info.plist;
				LD_RUNPATH_SEARCH_PATHS = (
					"$(inherited)",
					"@executable_path/Frameworks",
					"@loader_path/Frameworks",
				);
				PRODUCT_BUNDLE_IDENTIFIER = "amaebilove-gmail.com.WesplitUITests";
				PRODUCT_NAME = "$(TARGET_NAME)";
				SWIFT_VERSION = 5.0;
				TARGETED_DEVICE_FAMILY = "1,2";
				TEST_TARGET_NAME = Wesplit;
			};
			name = Debug;
		};
		C553C0C9252F4D3700C48A69 /* Release */ = {
			isa = XCBuildConfiguration;
			buildSettings = {
				ALWAYS_EMBED_SWIFT_STANDARD_LIBRARIES = YES;
				CODE_SIGN_STYLE = Automatic;
				DEVELOPMENT_TEAM = 8259584TQ2;
				INFOPLIST_FILE = WesplitUITests/Info.plist;
				LD_RUNPATH_SEARCH_PATHS = (
					"$(inherited)",
					"@executable_path/Frameworks",
					"@loader_path/Frameworks",
				);
				PRODUCT_BUNDLE_IDENTIFIER = "amaebilove-gmail.com.WesplitUITests";
				PRODUCT_NAME = "$(TARGET_NAME)";
				SWIFT_VERSION = 5.0;
				TARGETED_DEVICE_FAMILY = "1,2";
				TEST_TARGET_NAME = Wesplit;
			};
			name = Release;
		};
/* End XCBuildConfiguration section */

/* Begin XCConfigurationList section */
		C553C092252F4D3600C48A69 /* Build configuration list for PBXProject "Wesplit" */ = {
			isa = XCConfigurationList;
			buildConfigurations = (
				C553C0BF252F4D3700C48A69 /* Debug */,
				C553C0C0252F4D3700C48A69 /* Release */,
			);
			defaultConfigurationIsVisible = 0;
			defaultConfigurationName = Release;
		};
		C553C0C1252F4D3700C48A69 /* Build configuration list for PBXNativeTarget "Wesplit" */ = {
			isa = XCConfigurationList;
			buildConfigurations = (
				C553C0C2252F4D3700C48A69 /* Debug */,
				C553C0C3252F4D3700C48A69 /* Release */,
			);
			defaultConfigurationIsVisible = 0;
			defaultConfigurationName = Release;
		};
		C553C0C4252F4D3700C48A69 /* Build configuration list for PBXNativeTarget "WesplitTests" */ = {
			isa = XCConfigurationList;
			buildConfigurations = (
				C553C0C5252F4D3700C48A69 /* Debug */,
				C553C0C6252F4D3700C48A69 /* Release */,
			);
			defaultConfigurationIsVisible = 0;
			defaultConfigurationName = Release;
		};
		C553C0C7252F4D3700C48A69 /* Build configuration list for PBXNativeTarget "WesplitUITests" */ = {
			isa = XCConfigurationList;
			buildConfigurations = (
				C553C0C8252F4D3700C48A69 /* Debug */,
				C553C0C9252F4D3700C48A69 /* Release */,
			);
			defaultConfigurationIsVisible = 0;
			defaultConfigurationName = Release;
		};
/* End XCConfigurationList section */

/* Begin XCVersionGroup section */
		C553C0A5252F4D3700C48A69 /* Wesplit.xcdatamodeld */ = {
			isa = XCVersionGroup;
			children = (
				C553C0A6252F4D3700C48A69 /* Wesplit.xcdatamodel */,
			);
			currentVersion = C553C0A6252F4D3700C48A69 /* Wesplit.xcdatamodel */;
			path = Wesplit.xcdatamodeld;
			sourceTree = "<group>";
			versionGroupType = wrapper.xcdatamodel;
		};
/* End XCVersionGroup section */
	};
	rootObject = C553C08F252F4D3600C48A69 /* Project object */;
}
