// !$*UTF8*$!
{
	archiveVersion = 1;
	classes = {
	};
	objectVersion = 50;
	objects = {

/* Begin PBXBuildFile section */
		6C0B0EFD248B227C0085E0EC /* AppDelegate.swift in Sources */ = {isa = PBXBuildFile; fileRef = 6C0B0EFC248B227C0085E0EC /* AppDelegate.swift */; };
		6C0B0EFF248B227C0085E0EC /* SceneDelegate.swift in Sources */ = {isa = PBXBuildFile; fileRef = 6C0B0EFE248B227C0085E0EC /* SceneDelegate.swift */; };
		6C0B0F01248B227C0085E0EC /* ContentView.swift in Sources */ = {isa = PBXBuildFile; fileRef = 6C0B0F00248B227C0085E0EC /* ContentView.swift */; };
		6C0B0F03248B227D0085E0EC /* Assets.xcassets in Resources */ = {isa = PBXBuildFile; fileRef = 6C0B0F02248B227D0085E0EC /* Assets.xcassets */; };
		6C0B0F06248B227D0085E0EC /* Preview Assets.xcassets in Resources */ = {isa = PBXBuildFile; fileRef = 6C0B0F05248B227D0085E0EC /* Preview Assets.xcassets */; };
		6C0B0F09248B227D0085E0EC /* LaunchScreen.storyboard in Resources */ = {isa = PBXBuildFile; fileRef = 6C0B0F07248B227D0085E0EC /* LaunchScreen.storyboard */; };
		6C0B0F13248B242D0085E0EC /* Localizable.strings in Resources */ = {isa = PBXBuildFile; fileRef = 6C0B0F15248B242D0085E0EC /* Localizable.strings */; };
		6C0B0F18248B25140085E0EC /* InfoPlist.strings in Resources */ = {isa = PBXBuildFile; fileRef = 6C0B0F1A248B25140085E0EC /* InfoPlist.strings */; };
/* End PBXBuildFile section */

/* Begin PBXFileReference section */
		6C0B0EF9248B227C0085E0EC /* LocalizationApp.app */ = {isa = PBXFileReference; explicitFileType = wrapper.application; includeInIndex = 0; path = LocalizationApp.app; sourceTree = BUILT_PRODUCTS_DIR; };
		6C0B0EFC248B227C0085E0EC /* AppDelegate.swift */ = {isa = PBXFileReference; lastKnownFileType = sourcecode.swift; path = AppDelegate.swift; sourceTree = "<group>"; };
		6C0B0EFE248B227C0085E0EC /* SceneDelegate.swift */ = {isa = PBXFileReference; lastKnownFileType = sourcecode.swift; path = SceneDelegate.swift; sourceTree = "<group>"; };
		6C0B0F00248B227C0085E0EC /* ContentView.swift */ = {isa = PBXFileReference; lastKnownFileType = sourcecode.swift; path = ContentView.swift; sourceTree = "<group>"; };
		6C0B0F02248B227D0085E0EC /* Assets.xcassets */ = {isa = PBXFileReference; lastKnownFileType = folder.assetcatalog; path = Assets.xcassets; sourceTree = "<group>"; };
		6C0B0F05248B227D0085E0EC /* Preview Assets.xcassets */ = {isa = PBXFileReference; lastKnownFileType = folder.assetcatalog; path = "Preview Assets.xcassets"; sourceTree = "<group>"; };
		6C0B0F08248B227D0085E0EC /* Base */ = {isa = PBXFileReference; lastKnownFileType = file.storyboard; name = Base; path = Base.lproj/LaunchScreen.storyboard; sourceTree = "<group>"; };
		6C0B0F0A248B227D0085E0EC /* Info.plist */ = {isa = PBXFileReference; lastKnownFileType = text.plist.xml; path = Info.plist; sourceTree = "<group>"; };
		6C0B0F10248B22D90085E0EC /* ja */ = {isa = PBXFileReference; lastKnownFileType = text.plist.strings; name = ja; path = ja.lproj/LaunchScreen.strings; sourceTree = "<group>"; };
		6C0B0F14248B242D0085E0EC /* ja */ = {isa = PBXFileReference; lastKnownFileType = text.plist.strings; name = ja; path = ja.lproj/Localizable.strings; sourceTree = "<group>"; };
		6C0B0F19248B25140085E0EC /* ja */ = {isa = PBXFileReference; lastKnownFileType = text.plist.strings; name = ja; path = ja.lproj/InfoPlist.strings; sourceTree = "<group>"; };
/* End PBXFileReference section */

/* Begin PBXFrameworksBuildPhase section */
		6C0B0EF6248B227C0085E0EC /* Frameworks */ = {
			isa = PBXFrameworksBuildPhase;
			buildActionMask = 2147483647;
			files = (
			);
			runOnlyForDeploymentPostprocessing = 0;
		};
/* End PBXFrameworksBuildPhase section */

/* Begin PBXGroup section */
		6C0B0EF0248B227C0085E0EC = {
			isa = PBXGroup;
			children = (
				6C0B0EFB248B227C0085E0EC /* LocalizationApp */,
				6C0B0EFA248B227C0085E0EC /* Products */,
			);
			sourceTree = "<group>";
		};
		6C0B0EFA248B227C0085E0EC /* Products */ = {
			isa = PBXGroup;
			children = (
				6C0B0EF9248B227C0085E0EC /* LocalizationApp.app */,
			);
			name = Products;
			sourceTree = "<group>";
		};
		6C0B0EFB248B227C0085E0EC /* LocalizationApp */ = {
			isa = PBXGroup;
			children = (
				6C0B0EFC248B227C0085E0EC /* AppDelegate.swift */,
				6C0B0EFE248B227C0085E0EC /* SceneDelegate.swift */,
				6C0B0F00248B227C0085E0EC /* ContentView.swift */,
				6C0B0F1A248B25140085E0EC /* InfoPlist.strings */,
				6C0B0F15248B242D0085E0EC /* Localizable.strings */,
				6C0B0F02248B227D0085E0EC /* Assets.xcassets */,
				6C0B0F07248B227D0085E0EC /* LaunchScreen.storyboard */,
				6C0B0F0A248B227D0085E0EC /* Info.plist */,
				6C0B0F04248B227D0085E0EC /* Preview Content */,
			);
			path = LocalizationApp;
			sourceTree = "<group>";
		};
		6C0B0F04248B227D0085E0EC /* Preview Content */ = {
			isa = PBXGroup;
			children = (
				6C0B0F05248B227D0085E0EC /* Preview Assets.xcassets */,
			);
			path = "Preview Content";
			sourceTree = "<group>";
		};
/* End PBXGroup section */

/* Begin PBXNativeTarget section */
		6C0B0EF8248B227C0085E0EC /* LocalizationApp */ = {
			isa = PBXNativeTarget;
			buildConfigurationList = 6C0B0F0D248B227D0085E0EC /* Build configuration list for PBXNativeTarget "LocalizationApp" */;
			buildPhases = (
				6C0B0EF5248B227C0085E0EC /* Sources */,
				6C0B0EF6248B227C0085E0EC /* Frameworks */,
				6C0B0EF7248B227C0085E0EC /* Resources */,
			);
			buildRules = (
			);
			dependencies = (
			);
			name = LocalizationApp;
			productName = LocalizationApp;
			productReference = 6C0B0EF9248B227C0085E0EC /* LocalizationApp.app */;
			productType = "com.apple.product-type.application";
		};
/* End PBXNativeTarget section */

/* Begin PBXProject section */
		6C0B0EF1248B227C0085E0EC /* Project object */ = {
			isa = PBXProject;
			attributes = {
				LastSwiftUpdateCheck = 1150;
				LastUpgradeCheck = 1150;
				ORGANIZATIONNAME = "高橋京介";
				TargetAttributes = {
					6C0B0EF8248B227C0085E0EC = {
						CreatedOnToolsVersion = 11.5;
					};
				};
			};
			buildConfigurationList = 6C0B0EF4248B227C0085E0EC /* Build configuration list for PBXProject "LocalizationApp" */;
			compatibilityVersion = "Xcode 9.3";
			developmentRegion = en;
			hasScannedForEncodings = 0;
			knownRegions = (
				en,
				Base,
				ja,
			);
			mainGroup = 6C0B0EF0248B227C0085E0EC;
			productRefGroup = 6C0B0EFA248B227C0085E0EC /* Products */;
			projectDirPath = "";
			projectRoot = "";
			targets = (
				6C0B0EF8248B227C0085E0EC /* LocalizationApp */,
			);
		};
/* End PBXProject section */

/* Begin PBXResourcesBuildPhase section */
		6C0B0EF7248B227C0085E0EC /* Resources */ = {
			isa = PBXResourcesBuildPhase;
			buildActionMask = 2147483647;
			files = (
				6C0B0F09248B227D0085E0EC /* LaunchScreen.storyboard in Resources */,
				6C0B0F13248B242D0085E0EC /* Localizable.strings in Resources */,
				6C0B0F06248B227D0085E0EC /* Preview Assets.xcassets in Resources */,
				6C0B0F03248B227D0085E0EC /* Assets.xcassets in Resources */,
				6C0B0F18248B25140085E0EC /* InfoPlist.strings in Resources */,
			);
			runOnlyForDeploymentPostprocessing = 0;
		};
/* End PBXResourcesBuildPhase section */

/* Begin PBXSourcesBuildPhase section */
		6C0B0EF5248B227C0085E0EC /* Sources */ = {
			isa = PBXSourcesBuildPhase;
			buildActionMask = 2147483647;
			files = (
				6C0B0EFD248B227C0085E0EC /* AppDelegate.swift in Sources */,
				6C0B0EFF248B227C0085E0EC /* SceneDelegate.swift in Sources */,
				6C0B0F01248B227C0085E0EC /* ContentView.swift in Sources */,
			);
			runOnlyForDeploymentPostprocessing = 0;
		};
/* End PBXSourcesBuildPhase section */

/* Begin PBXVariantGroup section */
		6C0B0F07248B227D0085E0EC /* LaunchScreen.storyboard */ = {
			isa = PBXVariantGroup;
			children = (
				6C0B0F08248B227D0085E0EC /* Base */,
				6C0B0F10248B22D90085E0EC /* ja */,
			);
			name = LaunchScreen.storyboard;
			sourceTree = "<group>";
		};
		6C0B0F15248B242D0085E0EC /* Localizable.strings */ = {
			isa = PBXVariantGroup;
			children = (
				6C0B0F14248B242D0085E0EC /* ja */,
			);
			name = Localizable.strings;
			sourceTree = "<group>";
		};
		6C0B0F1A248B25140085E0EC /* InfoPlist.strings */ = {
			isa = PBXVariantGroup;
			children = (
				6C0B0F19248B25140085E0EC /* ja */,
			);
			name = InfoPlist.strings;
			sourceTree = "<group>";
		};
/* End PBXVariantGroup section */

/* Begin XCBuildConfiguration section */
		6C0B0F0B248B227D0085E0EC /* Debug */ = {
			isa = XCBuildConfiguration;
			buildSettings = {
				ALWAYS_SEARCH_USER_PATHS = NO;
				CLANG_ANALYZER_LOCALIZABILITY_NONLOCALIZED = YES;
				CLANG_ANALYZER_NONNULL = YES;
				CLANG_ANALYZER_NUMBER_OBJECT_CONVERSION = YES_AGGRESSIVE;
				CLANG_CXX_LANGUAGE_STANDARD = "gnu++14";
				CLANG_CXX_LIBRARY = "libc++";
				CLANG_ENABLE_MODULES = YES;
				CLANG_ENABLE_OBJC_ARC = YES;
				CLANG_ENABLE_OBJC_WEAK = YES;
				CLANG_WARN_BLOCK_CAPTURE_AUTORELEASING = YES;
				CLANG_WARN_BOOL_CONVERSION = YES;
				CLANG_WARN_COMMA = YES;
				CLANG_WARN_CONSTANT_CONVERSION = YES;
				CLANG_WARN_DEPRECATED_OBJC_IMPLEMENTATIONS = YES;
				CLANG_WARN_DIRECT_OBJC_ISA_USAGE = YES_ERROR;
				CLANG_WARN_DOCUMENTATION_COMMENTS = YES;
				CLANG_WARN_EMPTY_BODY = YES;
				CLANG_WARN_ENUM_CONVERSION = YES;
				CLANG_WARN_INFINITE_RECURSION = YES;
				CLANG_WARN_INT_CONVERSION = YES;
				CLANG_WARN_NON_LITERAL_NULL_CONVERSION = YES;
				CLANG_WARN_OBJC_IMPLICIT_RETAIN_SELF = YES;
				CLANG_WARN_OBJC_LITERAL_CONVERSION = YES;
				CLANG_WARN_OBJC_ROOT_CLASS = YES_ERROR;
				CLANG_WARN_RANGE_LOOP_ANALYSIS = YES;
				CLANG_WARN_STRICT_PROTOTYPES = YES;
				CLANG_WARN_SUSPICIOUS_MOVE = YES;
				CLANG_WARN_UNGUARDED_AVAILABILITY = YES_AGGRESSIVE;
				CLANG_WARN_UNREACHABLE_CODE = YES;
				CLANG_WARN__DUPLICATE_METHOD_MATCH = YES;
				COPY_PHASE_STRIP = NO;
				DEBUG_INFORMATION_FORMAT = dwarf;
				ENABLE_STRICT_OBJC_MSGSEND = YES;
				ENABLE_TESTABILITY = YES;
				GCC_C_LANGUAGE_STANDARD = gnu11;
				GCC_DYNAMIC_NO_PIC = NO;
				GCC_NO_COMMON_BLOCKS = YES;
				GCC_OPTIMIZATION_LEVEL = 0;
				GCC_PREPROCESSOR_DEFINITIONS = (
					"DEBUG=1",
					"$(inherited)",
				);
				GCC_WARN_64_TO_32_BIT_CONVERSION = YES;
				GCC_WARN_ABOUT_RETURN_TYPE = YES_ERROR;
				GCC_WARN_UNDECLARED_SELECTOR = YES;
				GCC_WARN_UNINITIALIZED_AUTOS = YES_AGGRESSIVE;
				GCC_WARN_UNUSED_FUNCTION = YES;
				GCC_WARN_UNUSED_VARIABLE = YES;
				IPHONEOS_DEPLOYMENT_TARGET = 13.5;
				MTL_ENABLE_DEBUG_INFO = INCLUDE_SOURCE;
				MTL_FAST_MATH = YES;
				ONLY_ACTIVE_ARCH = YES;
				SDKROOT = iphoneos;
				SWIFT_ACTIVE_COMPILATION_CONDITIONS = DEBUG;
				SWIFT_OPTIMIZATION_LEVEL = "-Onone";
			};
			name = Debug;
		};
		6C0B0F0C248B227D0085E0EC /* Release */ = {
			isa = XCBuildConfiguration;
			buildSettings = {
				ALWAYS_SEARCH_USER_PATHS = NO;
				CLANG_ANALYZER_LOCALIZABILITY_NONLOCALIZED = YES;
				CLANG_ANALYZER_NONNULL = YES;
				CLANG_ANALYZER_NUMBER_OBJECT_CONVERSION = YES_AGGRESSIVE;
				CLANG_CXX_LANGUAGE_STANDARD = "gnu++14";
				CLANG_CXX_LIBRARY = "libc++";
				CLANG_ENABLE_MODULES = YES;
				CLANG_ENABLE_OBJC_ARC = YES;
				CLANG_ENABLE_OBJC_WEAK = YES;
				CLANG_WARN_BLOCK_CAPTURE_AUTORELEASING = YES;
				CLANG_WARN_BOOL_CONVERSION = YES;
				CLANG_WARN_COMMA = YES;
				CLANG_WARN_CONSTANT_CONVERSION = YES;
				CLANG_WARN_DEPRECATED_OBJC_IMPLEMENTATIONS = YES;
				CLANG_WARN_DIRECT_OBJC_ISA_USAGE = YES_ERROR;
				CLANG_WARN_DOCUMENTATION_COMMENTS = YES;
				CLANG_WARN_EMPTY_BODY = YES;
				CLANG_WARN_ENUM_CONVERSION = YES;
				CLANG_WARN_INFINITE_RECURSION = YES;
				CLANG_WARN_INT_CONVERSION = YES;
				CLANG_WARN_NON_LITERAL_NULL_CONVERSION = YES;
				CLANG_WARN_OBJC_IMPLICIT_RETAIN_SELF = YES;
				CLANG_WARN_OBJC_LITERAL_CONVERSION = YES;
				CLANG_WARN_OBJC_ROOT_CLASS = YES_ERROR;
				CLANG_WARN_RANGE_LOOP_ANALYSIS = YES;
				CLANG_WARN_STRICT_PROTOTYPES = YES;
				CLANG_WARN_SUSPICIOUS_MOVE = YES;
				CLANG_WARN_UNGUARDED_AVAILABILITY = YES_AGGRESSIVE;
				CLANG_WARN_UNREACHABLE_CODE = YES;
				CLANG_WARN__DUPLICATE_METHOD_MATCH = YES;
				COPY_PHASE_STRIP = NO;
				DEBUG_INFORMATION_FORMAT = "dwarf-with-dsym";
				ENABLE_NS_ASSERTIONS = NO;
				ENABLE_STRICT_OBJC_MSGSEND = YES;
				GCC_C_LANGUAGE_STANDARD = gnu11;
				GCC_NO_COMMON_BLOCKS = YES;
				GCC_WARN_64_TO_32_BIT_CONVERSION = YES;
				GCC_WARN_ABOUT_RETURN_TYPE = YES_ERROR;
				GCC_WARN_UNDECLARED_SELECTOR = YES;
				GCC_WARN_UNINITIALIZED_AUTOS = YES_AGGRESSIVE;
				GCC_WARN_UNUSED_FUNCTION = YES;
				GCC_WARN_UNUSED_VARIABLE = YES;
				IPHONEOS_DEPLOYMENT_TARGET = 13.5;
				MTL_ENABLE_DEBUG_INFO = NO;
				MTL_FAST_MATH = YES;
				SDKROOT = iphoneos;
				SWIFT_COMPILATION_MODE = wholemodule;
				SWIFT_OPTIMIZATION_LEVEL = "-O";
				VALIDATE_PRODUCT = YES;
			};
			name = Release;
		};
		6C0B0F0E248B227D0085E0EC /* Debug */ = {
			isa = XCBuildConfiguration;
			buildSettings = {
				ASSETCATALOG_COMPILER_APPICON_NAME = AppIcon;
				CODE_SIGN_STYLE = Automatic;
				DEVELOPMENT_ASSET_PATHS = "\"LocalizationApp/Preview Content\"";
				DEVELOPMENT_TEAM = 6F4V27QA9D;
				ENABLE_PREVIEWS = YES;
				INFOPLIST_FILE = LocalizationApp/Info.plist;
				LD_RUNPATH_SEARCH_PATHS = (
					"$(inherited)",
					"@executable_path/Frameworks",
				);
				PRODUCT_BUNDLE_IDENTIFIER = com.example.someone.LocalizationApp;
				PRODUCT_NAME = "$(TARGET_NAME)";
				SWIFT_VERSION = 5.0;
				TARGETED_DEVICE_FAMILY = "1,2";
			};
			name = Debug;
		};
		6C0B0F0F248B227D0085E0EC /* Release */ = {
			isa = XCBuildConfiguration;
			buildSettings = {
				ASSETCATALOG_COMPILER_APPICON_NAME = AppIcon;
				CODE_SIGN_STYLE = Automatic;
				DEVELOPMENT_ASSET_PATHS = "\"LocalizationApp/Preview Content\"";
				DEVELOPMENT_TEAM = 6F4V27QA9D;
				ENABLE_PREVIEWS = YES;
				INFOPLIST_FILE = LocalizationApp/Info.plist;
				LD_RUNPATH_SEARCH_PATHS = (
					"$(inherited)",
					"@executable_path/Frameworks",
				);
				PRODUCT_BUNDLE_IDENTIFIER = com.example.someone.LocalizationApp;
				PRODUCT_NAME = "$(TARGET_NAME)";
				SWIFT_VERSION = 5.0;
				TARGETED_DEVICE_FAMILY = "1,2";
			};
			name = Release;
		};
/* End XCBuildConfiguration section */

/* Begin XCConfigurationList section */
		6C0B0EF4248B227C0085E0EC /* Build configuration list for PBXProject "LocalizationApp" */ = {
			isa = XCConfigurationList;
			buildConfigurations = (
				6C0B0F0B248B227D0085E0EC /* Debug */,
				6C0B0F0C248B227D0085E0EC /* Release */,
			);
			defaultConfigurationIsVisible = 0;
			defaultConfigurationName = Release;
		};
		6C0B0F0D248B227D0085E0EC /* Build configuration list for PBXNativeTarget "LocalizationApp" */ = {
			isa = XCConfigurationList;
			buildConfigurations = (
				6C0B0F0E248B227D0085E0EC /* Debug */,
				6C0B0F0F248B227D0085E0EC /* Release */,
			);
			defaultConfigurationIsVisible = 0;
			defaultConfigurationName = Release;
		};
/* End XCConfigurationList section */
	};
	rootObject = 6C0B0EF1248B227C0085E0EC /* Project object */;
}
