// !$*UTF8*$!
{
	archiveVersion = 1;
	classes = {
	};
	objectVersion = 50;
	objects = {

/* Begin PBXBuildFile section */
		C505A66525203C5900E634AB /* LandmarksApp.swift in Sources */ = {isa = PBXBuildFile; fileRef = C505A66425203C5900E634AB /* LandmarksApp.swift */; };
		C505A66725203C5900E634AB /* ContentView.swift in Sources */ = {isa = PBXBuildFile; fileRef = C505A66625203C5900E634AB /* ContentView.swift */; };
		C505A66925203C5A00E634AB /* Assets.xcassets in Resources */ = {isa = PBXBuildFile; fileRef = C505A66825203C5A00E634AB /* Assets.xcassets */; };
		C505A66C25203C5A00E634AB /* Preview Assets.xcassets in Resources */ = {isa = PBXBuildFile; fileRef = C505A66B25203C5A00E634AB /* Preview Assets.xcassets */; };
		C505A67725203C5B00E634AB /* LandmarksTests.swift in Sources */ = {isa = PBXBuildFile; fileRef = C505A67625203C5B00E634AB /* LandmarksTests.swift */; };
		C505A68225203C5B00E634AB /* LandmarksUITests.swift in Sources */ = {isa = PBXBuildFile; fileRef = C505A68125203C5B00E634AB /* LandmarksUITests.swift */; };
		C505A69325203D0400E634AB /* CircleImage.swift in Sources */ = {isa = PBXBuildFile; fileRef = C505A69225203D0400E634AB /* CircleImage.swift */; };
		C505A69825203EEC00E634AB /* MapView.swift in Sources */ = {isa = PBXBuildFile; fileRef = C505A69725203EEC00E634AB /* MapView.swift */; };
/* End PBXBuildFile section */

/* Begin PBXContainerItemProxy section */
		C505A67325203C5B00E634AB /* PBXContainerItemProxy */ = {
			isa = PBXContainerItemProxy;
			containerPortal = C505A65925203C5900E634AB /* Project object */;
			proxyType = 1;
			remoteGlobalIDString = C505A66025203C5900E634AB;
			remoteInfo = Landmarks;
		};
		C505A67E25203C5B00E634AB /* PBXContainerItemProxy */ = {
			isa = PBXContainerItemProxy;
			containerPortal = C505A65925203C5900E634AB /* Project object */;
			proxyType = 1;
			remoteGlobalIDString = C505A66025203C5900E634AB;
			remoteInfo = Landmarks;
		};
/* End PBXContainerItemProxy section */

/* Begin PBXFileReference section */
		C505A66125203C5900E634AB /* Landmarks.app */ = {isa = PBXFileReference; explicitFileType = wrapper.application; includeInIndex = 0; path = Landmarks.app; sourceTree = BUILT_PRODUCTS_DIR; };
		C505A66425203C5900E634AB /* LandmarksApp.swift */ = {isa = PBXFileReference; lastKnownFileType = sourcecode.swift; path = LandmarksApp.swift; sourceTree = "<group>"; };
		C505A66625203C5900E634AB /* ContentView.swift */ = {isa = PBXFileReference; lastKnownFileType = sourcecode.swift; path = ContentView.swift; sourceTree = "<group>"; };
		C505A66825203C5A00E634AB /* Assets.xcassets */ = {isa = PBXFileReference; lastKnownFileType = folder.assetcatalog; path = Assets.xcassets; sourceTree = "<group>"; };
		C505A66B25203C5A00E634AB /* Preview Assets.xcassets */ = {isa = PBXFileReference; lastKnownFileType = folder.assetcatalog; path = "Preview Assets.xcassets"; sourceTree = "<group>"; };
		C505A66D25203C5A00E634AB /* Info.plist */ = {isa = PBXFileReference; lastKnownFileType = text.plist.xml; path = Info.plist; sourceTree = "<group>"; };
		C505A67225203C5B00E634AB /* LandmarksTests.xctest */ = {isa = PBXFileReference; explicitFileType = wrapper.cfbundle; includeInIndex = 0; path = LandmarksTests.xctest; sourceTree = BUILT_PRODUCTS_DIR; };
		C505A67625203C5B00E634AB /* LandmarksTests.swift */ = {isa = PBXFileReference; lastKnownFileType = sourcecode.swift; path = LandmarksTests.swift; sourceTree = "<group>"; };
		C505A67825203C5B00E634AB /* Info.plist */ = {isa = PBXFileReference; lastKnownFileType = text.plist.xml; path = Info.plist; sourceTree = "<group>"; };
		C505A67D25203C5B00E634AB /* LandmarksUITests.xctest */ = {isa = PBXFileReference; explicitFileType = wrapper.cfbundle; includeInIndex = 0; path = LandmarksUITests.xctest; sourceTree = BUILT_PRODUCTS_DIR; };
		C505A68125203C5B00E634AB /* LandmarksUITests.swift */ = {isa = PBXFileReference; lastKnownFileType = sourcecode.swift; path = LandmarksUITests.swift; sourceTree = "<group>"; };
		C505A68325203C5B00E634AB /* Info.plist */ = {isa = PBXFileReference; lastKnownFileType = text.plist.xml; path = Info.plist; sourceTree = "<group>"; };
		C505A69225203D0400E634AB /* CircleImage.swift */ = {isa = PBXFileReference; lastKnownFileType = sourcecode.swift; path = CircleImage.swift; sourceTree = "<group>"; };
		C505A69725203EEC00E634AB /* MapView.swift */ = {isa = PBXFileReference; lastKnownFileType = sourcecode.swift; path = MapView.swift; sourceTree = "<group>"; };
/* End PBXFileReference section */

/* Begin PBXFrameworksBuildPhase section */
		C505A65E25203C5900E634AB /* Frameworks */ = {
			isa = PBXFrameworksBuildPhase;
			buildActionMask = 2147483647;
			files = (
			);
			runOnlyForDeploymentPostprocessing = 0;
		};
		C505A66F25203C5B00E634AB /* Frameworks */ = {
			isa = PBXFrameworksBuildPhase;
			buildActionMask = 2147483647;
			files = (
			);
			runOnlyForDeploymentPostprocessing = 0;
		};
		C505A67A25203C5B00E634AB /* Frameworks */ = {
			isa = PBXFrameworksBuildPhase;
			buildActionMask = 2147483647;
			files = (
			);
			runOnlyForDeploymentPostprocessing = 0;
		};
/* End PBXFrameworksBuildPhase section */

/* Begin PBXGroup section */
		C505A65825203C5900E634AB = {
			isa = PBXGroup;
			children = (
				C505A66325203C5900E634AB /* Landmarks */,
				C505A67525203C5B00E634AB /* LandmarksTests */,
				C505A68025203C5B00E634AB /* LandmarksUITests */,
				C505A66225203C5900E634AB /* Products */,
			);
			sourceTree = "<group>";
		};
		C505A66225203C5900E634AB /* Products */ = {
			isa = PBXGroup;
			children = (
				C505A66125203C5900E634AB /* Landmarks.app */,
				C505A67225203C5B00E634AB /* LandmarksTests.xctest */,
				C505A67D25203C5B00E634AB /* LandmarksUITests.xctest */,
			);
			name = Products;
			sourceTree = "<group>";
		};
		C505A66325203C5900E634AB /* Landmarks */ = {
			isa = PBXGroup;
			children = (
				C505A66425203C5900E634AB /* LandmarksApp.swift */,
				C505A66625203C5900E634AB /* ContentView.swift */,
				C505A66825203C5A00E634AB /* Assets.xcassets */,
				C505A69225203D0400E634AB /* CircleImage.swift */,
				C505A69725203EEC00E634AB /* MapView.swift */,
				C505A66D25203C5A00E634AB /* Info.plist */,
				C505A66A25203C5A00E634AB /* Preview Content */,
			);
			path = Landmarks;
			sourceTree = "<group>";
		};
		C505A66A25203C5A00E634AB /* Preview Content */ = {
			isa = PBXGroup;
			children = (
				C505A66B25203C5A00E634AB /* Preview Assets.xcassets */,
			);
			path = "Preview Content";
			sourceTree = "<group>";
		};
		C505A67525203C5B00E634AB /* LandmarksTests */ = {
			isa = PBXGroup;
			children = (
				C505A67625203C5B00E634AB /* LandmarksTests.swift */,
				C505A67825203C5B00E634AB /* Info.plist */,
			);
			path = LandmarksTests;
			sourceTree = "<group>";
		};
		C505A68025203C5B00E634AB /* LandmarksUITests */ = {
			isa = PBXGroup;
			children = (
				C505A68125203C5B00E634AB /* LandmarksUITests.swift */,
				C505A68325203C5B00E634AB /* Info.plist */,
			);
			path = LandmarksUITests;
			sourceTree = "<group>";
		};
/* End PBXGroup section */

/* Begin PBXNativeTarget section */
		C505A66025203C5900E634AB /* Landmarks */ = {
			isa = PBXNativeTarget;
			buildConfigurationList = C505A68625203C5B00E634AB /* Build configuration list for PBXNativeTarget "Landmarks" */;
			buildPhases = (
				C505A65D25203C5900E634AB /* Sources */,
				C505A65E25203C5900E634AB /* Frameworks */,
				C505A65F25203C5900E634AB /* Resources */,
			);
			buildRules = (
			);
			dependencies = (
			);
			name = Landmarks;
			productName = Landmarks;
			productReference = C505A66125203C5900E634AB /* Landmarks.app */;
			productType = "com.apple.product-type.application";
		};
		C505A67125203C5B00E634AB /* LandmarksTests */ = {
			isa = PBXNativeTarget;
			buildConfigurationList = C505A68925203C5B00E634AB /* Build configuration list for PBXNativeTarget "LandmarksTests" */;
			buildPhases = (
				C505A66E25203C5B00E634AB /* Sources */,
				C505A66F25203C5B00E634AB /* Frameworks */,
				C505A67025203C5B00E634AB /* Resources */,
			);
			buildRules = (
			);
			dependencies = (
				C505A67425203C5B00E634AB /* PBXTargetDependency */,
			);
			name = LandmarksTests;
			productName = LandmarksTests;
			productReference = C505A67225203C5B00E634AB /* LandmarksTests.xctest */;
			productType = "com.apple.product-type.bundle.unit-test";
		};
		C505A67C25203C5B00E634AB /* LandmarksUITests */ = {
			isa = PBXNativeTarget;
			buildConfigurationList = C505A68C25203C5B00E634AB /* Build configuration list for PBXNativeTarget "LandmarksUITests" */;
			buildPhases = (
				C505A67925203C5B00E634AB /* Sources */,
				C505A67A25203C5B00E634AB /* Frameworks */,
				C505A67B25203C5B00E634AB /* Resources */,
			);
			buildRules = (
			);
			dependencies = (
				C505A67F25203C5B00E634AB /* PBXTargetDependency */,
			);
			name = LandmarksUITests;
			productName = LandmarksUITests;
			productReference = C505A67D25203C5B00E634AB /* LandmarksUITests.xctest */;
			productType = "com.apple.product-type.bundle.ui-testing";
		};
/* End PBXNativeTarget section */

/* Begin PBXProject section */
		C505A65925203C5900E634AB /* Project object */ = {
			isa = PBXProject;
			attributes = {
				LastSwiftUpdateCheck = 1200;
				LastUpgradeCheck = 1200;
				TargetAttributes = {
					C505A66025203C5900E634AB = {
						CreatedOnToolsVersion = 12.0;
					};
					C505A67125203C5B00E634AB = {
						CreatedOnToolsVersion = 12.0;
						TestTargetID = C505A66025203C5900E634AB;
					};
					C505A67C25203C5B00E634AB = {
						CreatedOnToolsVersion = 12.0;
						TestTargetID = C505A66025203C5900E634AB;
					};
				};
			};
			buildConfigurationList = C505A65C25203C5900E634AB /* Build configuration list for PBXProject "Landmarks" */;
			compatibilityVersion = "Xcode 9.3";
			developmentRegion = en;
			hasScannedForEncodings = 0;
			knownRegions = (
				en,
				Base,
			);
			mainGroup = C505A65825203C5900E634AB;
			productRefGroup = C505A66225203C5900E634AB /* Products */;
			projectDirPath = "";
			projectRoot = "";
			targets = (
				C505A66025203C5900E634AB /* Landmarks */,
				C505A67125203C5B00E634AB /* LandmarksTests */,
				C505A67C25203C5B00E634AB /* LandmarksUITests */,
			);
		};
/* End PBXProject section */

/* Begin PBXResourcesBuildPhase section */
		C505A65F25203C5900E634AB /* Resources */ = {
			isa = PBXResourcesBuildPhase;
			buildActionMask = 2147483647;
			files = (
				C505A66C25203C5A00E634AB /* Preview Assets.xcassets in Resources */,
				C505A66925203C5A00E634AB /* Assets.xcassets in Resources */,
			);
			runOnlyForDeploymentPostprocessing = 0;
		};
		C505A67025203C5B00E634AB /* Resources */ = {
			isa = PBXResourcesBuildPhase;
			buildActionMask = 2147483647;
			files = (
			);
			runOnlyForDeploymentPostprocessing = 0;
		};
		C505A67B25203C5B00E634AB /* Resources */ = {
			isa = PBXResourcesBuildPhase;
			buildActionMask = 2147483647;
			files = (
			);
			runOnlyForDeploymentPostprocessing = 0;
		};
/* End PBXResourcesBuildPhase section */

/* Begin PBXSourcesBuildPhase section */
		C505A65D25203C5900E634AB /* Sources */ = {
			isa = PBXSourcesBuildPhase;
			buildActionMask = 2147483647;
			files = (
				C505A66725203C5900E634AB /* ContentView.swift in Sources */,
				C505A69825203EEC00E634AB /* MapView.swift in Sources */,
				C505A66525203C5900E634AB /* LandmarksApp.swift in Sources */,
				C505A69325203D0400E634AB /* CircleImage.swift in Sources */,
			);
			runOnlyForDeploymentPostprocessing = 0;
		};
		C505A66E25203C5B00E634AB /* Sources */ = {
			isa = PBXSourcesBuildPhase;
			buildActionMask = 2147483647;
			files = (
				C505A67725203C5B00E634AB /* LandmarksTests.swift in Sources */,
			);
			runOnlyForDeploymentPostprocessing = 0;
		};
		C505A67925203C5B00E634AB /* Sources */ = {
			isa = PBXSourcesBuildPhase;
			buildActionMask = 2147483647;
			files = (
				C505A68225203C5B00E634AB /* LandmarksUITests.swift in Sources */,
			);
			runOnlyForDeploymentPostprocessing = 0;
		};
/* End PBXSourcesBuildPhase section */

/* Begin PBXTargetDependency section */
		C505A67425203C5B00E634AB /* PBXTargetDependency */ = {
			isa = PBXTargetDependency;
			target = C505A66025203C5900E634AB /* Landmarks */;
			targetProxy = C505A67325203C5B00E634AB /* PBXContainerItemProxy */;
		};
		C505A67F25203C5B00E634AB /* PBXTargetDependency */ = {
			isa = PBXTargetDependency;
			target = C505A66025203C5900E634AB /* Landmarks */;
			targetProxy = C505A67E25203C5B00E634AB /* PBXContainerItemProxy */;
		};
/* End PBXTargetDependency section */

/* Begin XCBuildConfiguration section */
		C505A68425203C5B00E634AB /* Debug */ = {
			isa = XCBuildConfiguration;
			buildSettings = {
				ALWAYS_SEARCH_USER_PATHS = NO;
				CLANG_ANALYZER_NONNULL = YES;
				CLANG_ANALYZER_NUMBER_OBJECT_CONVERSION = YES_AGGRESSIVE;
				CLANG_CXX_LANGUAGE_STANDARD = "gnu++14";
				CLANG_CXX_LIBRARY = "libc++";
				CLANG_ENABLE_MODULES = YES;
				CLANG_ENABLE_OBJC_ARC = YES;
				CLANG_ENABLE_OBJC_WEAK = YES;
				CLANG_WARN_BLOCK_CAPTURE_AUTORELEASING = YES;
				CLANG_WARN_BOOL_CONVERSION = YES;
				CLANG_WARN_COMMA = YES;
				CLANG_WARN_CONSTANT_CONVERSION = YES;
				CLANG_WARN_DEPRECATED_OBJC_IMPLEMENTATIONS = YES;
				CLANG_WARN_DIRECT_OBJC_ISA_USAGE = YES_ERROR;
				CLANG_WARN_DOCUMENTATION_COMMENTS = YES;
				CLANG_WARN_EMPTY_BODY = YES;
				CLANG_WARN_ENUM_CONVERSION = YES;
				CLANG_WARN_INFINITE_RECURSION = YES;
				CLANG_WARN_INT_CONVERSION = YES;
				CLANG_WARN_NON_LITERAL_NULL_CONVERSION = YES;
				CLANG_WARN_OBJC_IMPLICIT_RETAIN_SELF = YES;
				CLANG_WARN_OBJC_LITERAL_CONVERSION = YES;
				CLANG_WARN_OBJC_ROOT_CLASS = YES_ERROR;
				CLANG_WARN_QUOTED_INCLUDE_IN_FRAMEWORK_HEADER = YES;
				CLANG_WARN_RANGE_LOOP_ANALYSIS = YES;
				CLANG_WARN_STRICT_PROTOTYPES = YES;
				CLANG_WARN_SUSPICIOUS_MOVE = YES;
				CLANG_WARN_UNGUARDED_AVAILABILITY = YES_AGGRESSIVE;
				CLANG_WARN_UNREACHABLE_CODE = YES;
				CLANG_WARN__DUPLICATE_METHOD_MATCH = YES;
				COPY_PHASE_STRIP = NO;
				DEBUG_INFORMATION_FORMAT = dwarf;
				ENABLE_STRICT_OBJC_MSGSEND = YES;
				ENABLE_TESTABILITY = YES;
				GCC_C_LANGUAGE_STANDARD = gnu11;
				GCC_DYNAMIC_NO_PIC = NO;
				GCC_NO_COMMON_BLOCKS = YES;
				GCC_OPTIMIZATION_LEVEL = 0;
				GCC_PREPROCESSOR_DEFINITIONS = (
					"DEBUG=1",
					"$(inherited)",
				);
				GCC_WARN_64_TO_32_BIT_CONVERSION = YES;
				GCC_WARN_ABOUT_RETURN_TYPE = YES_ERROR;
				GCC_WARN_UNDECLARED_SELECTOR = YES;
				GCC_WARN_UNINITIALIZED_AUTOS = YES_AGGRESSIVE;
				GCC_WARN_UNUSED_FUNCTION = YES;
				GCC_WARN_UNUSED_VARIABLE = YES;
				IPHONEOS_DEPLOYMENT_TARGET = 14.0;
				MTL_ENABLE_DEBUG_INFO = INCLUDE_SOURCE;
				MTL_FAST_MATH = YES;
				ONLY_ACTIVE_ARCH = YES;
				SDKROOT = iphoneos;
				SWIFT_ACTIVE_COMPILATION_CONDITIONS = DEBUG;
				SWIFT_OPTIMIZATION_LEVEL = "-Onone";
			};
			name = Debug;
		};
		C505A68525203C5B00E634AB /* Release */ = {
			isa = XCBuildConfiguration;
			buildSettings = {
				ALWAYS_SEARCH_USER_PATHS = NO;
				CLANG_ANALYZER_NONNULL = YES;
				CLANG_ANALYZER_NUMBER_OBJECT_CONVERSION = YES_AGGRESSIVE;
				CLANG_CXX_LANGUAGE_STANDARD = "gnu++14";
				CLANG_CXX_LIBRARY = "libc++";
				CLANG_ENABLE_MODULES = YES;
				CLANG_ENABLE_OBJC_ARC = YES;
				CLANG_ENABLE_OBJC_WEAK = YES;
				CLANG_WARN_BLOCK_CAPTURE_AUTORELEASING = YES;
				CLANG_WARN_BOOL_CONVERSION = YES;
				CLANG_WARN_COMMA = YES;
				CLANG_WARN_CONSTANT_CONVERSION = YES;
				CLANG_WARN_DEPRECATED_OBJC_IMPLEMENTATIONS = YES;
				CLANG_WARN_DIRECT_OBJC_ISA_USAGE = YES_ERROR;
				CLANG_WARN_DOCUMENTATION_COMMENTS = YES;
				CLANG_WARN_EMPTY_BODY = YES;
				CLANG_WARN_ENUM_CONVERSION = YES;
				CLANG_WARN_INFINITE_RECURSION = YES;
				CLANG_WARN_INT_CONVERSION = YES;
				CLANG_WARN_NON_LITERAL_NULL_CONVERSION = YES;
				CLANG_WARN_OBJC_IMPLICIT_RETAIN_SELF = YES;
				CLANG_WARN_OBJC_LITERAL_CONVERSION = YES;
				CLANG_WARN_OBJC_ROOT_CLASS = YES_ERROR;
				CLANG_WARN_QUOTED_INCLUDE_IN_FRAMEWORK_HEADER = YES;
				CLANG_WARN_RANGE_LOOP_ANALYSIS = YES;
				CLANG_WARN_STRICT_PROTOTYPES = YES;
				CLANG_WARN_SUSPICIOUS_MOVE = YES;
				CLANG_WARN_UNGUARDED_AVAILABILITY = YES_AGGRESSIVE;
				CLANG_WARN_UNREACHABLE_CODE = YES;
				CLANG_WARN__DUPLICATE_METHOD_MATCH = YES;
				COPY_PHASE_STRIP = NO;
				DEBUG_INFORMATION_FORMAT = "dwarf-with-dsym";
				ENABLE_NS_ASSERTIONS = NO;
				ENABLE_STRICT_OBJC_MSGSEND = YES;
				GCC_C_LANGUAGE_STANDARD = gnu11;
				GCC_NO_COMMON_BLOCKS = YES;
				GCC_WARN_64_TO_32_BIT_CONVERSION = YES;
				GCC_WARN_ABOUT_RETURN_TYPE = YES_ERROR;
				GCC_WARN_UNDECLARED_SELECTOR = YES;
				GCC_WARN_UNINITIALIZED_AUTOS = YES_AGGRESSIVE;
				GCC_WARN_UNUSED_FUNCTION = YES;
				GCC_WARN_UNUSED_VARIABLE = YES;
				IPHONEOS_DEPLOYMENT_TARGET = 14.0;
				MTL_ENABLE_DEBUG_INFO = NO;
				MTL_FAST_MATH = YES;
				SDKROOT = iphoneos;
				SWIFT_COMPILATION_MODE = wholemodule;
				SWIFT_OPTIMIZATION_LEVEL = "-O";
				VALIDATE_PRODUCT = YES;
			};
			name = Release;
		};
		C505A68725203C5B00E634AB /* Debug */ = {
			isa = XCBuildConfiguration;
			buildSettings = {
				ASSETCATALOG_COMPILER_APPICON_NAME = AppIcon;
				ASSETCATALOG_COMPILER_GLOBAL_ACCENT_COLOR_NAME = AccentColor;
				CODE_SIGN_STYLE = Automatic;
				DEVELOPMENT_ASSET_PATHS = "\"Landmarks/Preview Content\"";
				DEVELOPMENT_TEAM = 8259584TQ2;
				ENABLE_PREVIEWS = YES;
				INFOPLIST_FILE = Landmarks/Info.plist;
				IPHONEOS_DEPLOYMENT_TARGET = 14.0;
				LD_RUNPATH_SEARCH_PATHS = (
					"$(inherited)",
					"@executable_path/Frameworks",
				);
				PRODUCT_BUNDLE_IDENTIFIER = "amaebilove-gmail.com.Landmarks";
				PRODUCT_NAME = "$(TARGET_NAME)";
				SWIFT_VERSION = 5.0;
				TARGETED_DEVICE_FAMILY = "1,2";
			};
			name = Debug;
		};
		C505A68825203C5B00E634AB /* Release */ = {
			isa = XCBuildConfiguration;
			buildSettings = {
				ASSETCATALOG_COMPILER_APPICON_NAME = AppIcon;
				ASSETCATALOG_COMPILER_GLOBAL_ACCENT_COLOR_NAME = AccentColor;
				CODE_SIGN_STYLE = Automatic;
				DEVELOPMENT_ASSET_PATHS = "\"Landmarks/Preview Content\"";
				DEVELOPMENT_TEAM = 8259584TQ2;
				ENABLE_PREVIEWS = YES;
				INFOPLIST_FILE = Landmarks/Info.plist;
				IPHONEOS_DEPLOYMENT_TARGET = 14.0;
				LD_RUNPATH_SEARCH_PATHS = (
					"$(inherited)",
					"@executable_path/Frameworks",
				);
				PRODUCT_BUNDLE_IDENTIFIER = "amaebilove-gmail.com.Landmarks";
				PRODUCT_NAME = "$(TARGET_NAME)";
				SWIFT_VERSION = 5.0;
				TARGETED_DEVICE_FAMILY = "1,2";
			};
			name = Release;
		};
		C505A68A25203C5B00E634AB /* Debug */ = {
			isa = XCBuildConfiguration;
			buildSettings = {
				ALWAYS_EMBED_SWIFT_STANDARD_LIBRARIES = YES;
				BUNDLE_LOADER = "$(TEST_HOST)";
				CODE_SIGN_STYLE = Automatic;
				DEVELOPMENT_TEAM = 8259584TQ2;
				INFOPLIST_FILE = LandmarksTests/Info.plist;
				IPHONEOS_DEPLOYMENT_TARGET = 14.0;
				LD_RUNPATH_SEARCH_PATHS = (
					"$(inherited)",
					"@executable_path/Frameworks",
					"@loader_path/Frameworks",
				);
				PRODUCT_BUNDLE_IDENTIFIER = "amaebilove-gmail.com.LandmarksTests";
				PRODUCT_NAME = "$(TARGET_NAME)";
				SWIFT_VERSION = 5.0;
				TARGETED_DEVICE_FAMILY = "1,2";
				TEST_HOST = "$(BUILT_PRODUCTS_DIR)/Landmarks.app/Landmarks";
			};
			name = Debug;
		};
		C505A68B25203C5B00E634AB /* Release */ = {
			isa = XCBuildConfiguration;
			buildSettings = {
				ALWAYS_EMBED_SWIFT_STANDARD_LIBRARIES = YES;
				BUNDLE_LOADER = "$(TEST_HOST)";
				CODE_SIGN_STYLE = Automatic;
				DEVELOPMENT_TEAM = 8259584TQ2;
				INFOPLIST_FILE = LandmarksTests/Info.plist;
				IPHONEOS_DEPLOYMENT_TARGET = 14.0;
				LD_RUNPATH_SEARCH_PATHS = (
					"$(inherited)",
					"@executable_path/Frameworks",
					"@loader_path/Frameworks",
				);
				PRODUCT_BUNDLE_IDENTIFIER = "amaebilove-gmail.com.LandmarksTests";
				PRODUCT_NAME = "$(TARGET_NAME)";
				SWIFT_VERSION = 5.0;
				TARGETED_DEVICE_FAMILY = "1,2";
				TEST_HOST = "$(BUILT_PRODUCTS_DIR)/Landmarks.app/Landmarks";
			};
			name = Release;
		};
		C505A68D25203C5B00E634AB /* Debug */ = {
			isa = XCBuildConfiguration;
			buildSettings = {
				ALWAYS_EMBED_SWIFT_STANDARD_LIBRARIES = YES;
				CODE_SIGN_STYLE = Automatic;
				DEVELOPMENT_TEAM = 8259584TQ2;
				INFOPLIST_FILE = LandmarksUITests/Info.plist;
				LD_RUNPATH_SEARCH_PATHS = (
					"$(inherited)",
					"@executable_path/Frameworks",
					"@loader_path/Frameworks",
				);
				PRODUCT_BUNDLE_IDENTIFIER = "amaebilove-gmail.com.LandmarksUITests";
				PRODUCT_NAME = "$(TARGET_NAME)";
				SWIFT_VERSION = 5.0;
				TARGETED_DEVICE_FAMILY = "1,2";
				TEST_TARGET_NAME = Landmarks;
			};
			name = Debug;
		};
		C505A68E25203C5B00E634AB /* Release */ = {
			isa = XCBuildConfiguration;
			buildSettings = {
				ALWAYS_EMBED_SWIFT_STANDARD_LIBRARIES = YES;
				CODE_SIGN_STYLE = Automatic;
				DEVELOPMENT_TEAM = 8259584TQ2;
				INFOPLIST_FILE = LandmarksUITests/Info.plist;
				LD_RUNPATH_SEARCH_PATHS = (
					"$(inherited)",
					"@executable_path/Frameworks",
					"@loader_path/Frameworks",
				);
				PRODUCT_BUNDLE_IDENTIFIER = "amaebilove-gmail.com.LandmarksUITests";
				PRODUCT_NAME = "$(TARGET_NAME)";
				SWIFT_VERSION = 5.0;
				TARGETED_DEVICE_FAMILY = "1,2";
				TEST_TARGET_NAME = Landmarks;
			};
			name = Release;
		};
/* End XCBuildConfiguration section */

/* Begin XCConfigurationList section */
		C505A65C25203C5900E634AB /* Build configuration list for PBXProject "Landmarks" */ = {
			isa = XCConfigurationList;
			buildConfigurations = (
				C505A68425203C5B00E634AB /* Debug */,
				C505A68525203C5B00E634AB /* Release */,
			);
			defaultConfigurationIsVisible = 0;
			defaultConfigurationName = Release;
		};
		C505A68625203C5B00E634AB /* Build configuration list for PBXNativeTarget "Landmarks" */ = {
			isa = XCConfigurationList;
			buildConfigurations = (
				C505A68725203C5B00E634AB /* Debug */,
				C505A68825203C5B00E634AB /* Release */,
			);
			defaultConfigurationIsVisible = 0;
			defaultConfigurationName = Release;
		};
		C505A68925203C5B00E634AB /* Build configuration list for PBXNativeTarget "LandmarksTests" */ = {
			isa = XCConfigurationList;
			buildConfigurations = (
				C505A68A25203C5B00E634AB /* Debug */,
				C505A68B25203C5B00E634AB /* Release */,
			);
			defaultConfigurationIsVisible = 0;
			defaultConfigurationName = Release;
		};
		C505A68C25203C5B00E634AB /* Build configuration list for PBXNativeTarget "LandmarksUITests" */ = {
			isa = XCConfigurationList;
			buildConfigurations = (
				C505A68D25203C5B00E634AB /* Debug */,
				C505A68E25203C5B00E634AB /* Release */,
			);
			defaultConfigurationIsVisible = 0;
			defaultConfigurationName = Release;
		};
/* End XCConfigurationList section */
	};
	rootObject = C505A65925203C5900E634AB /* Project object */;
}
