// !$*UTF8*$!
{
	archiveVersion = 1;
	classes = {
	};
	objectVersion = 50;
	objects = {

/* Begin PBXBuildFile section */
		C553C0DA252F4E8100C48A69 /* WeAppApp.swift in Sources */ = {isa = PBXBuildFile; fileRef = C553C0D9252F4E8100C48A69 /* WeAppApp.swift */; };
		C553C0DC252F4E8100C48A69 /* ContentView.swift in Sources */ = {isa = PBXBuildFile; fileRef = C553C0DB252F4E8100C48A69 /* ContentView.swift */; };
		C553C0DE252F4E8200C48A69 /* Assets.xcassets in Resources */ = {isa = PBXBuildFile; fileRef = C553C0DD252F4E8200C48A69 /* Assets.xcassets */; };
		C553C0E1252F4E8200C48A69 /* Preview Assets.xcassets in Resources */ = {isa = PBXBuildFile; fileRef = C553C0E0252F4E8200C48A69 /* Preview Assets.xcassets */; };
		C553C0EC252F4E8200C48A69 /* WeAppTests.swift in Sources */ = {isa = PBXBuildFile; fileRef = C553C0EB252F4E8200C48A69 /* WeAppTests.swift */; };
		C553C0F7252F4E8200C48A69 /* WeAppUITests.swift in Sources */ = {isa = PBXBuildFile; fileRef = C553C0F6252F4E8200C48A69 /* WeAppUITests.swift */; };
/* End PBXBuildFile section */

/* Begin PBXContainerItemProxy section */
		C553C0E8252F4E8200C48A69 /* PBXContainerItemProxy */ = {
			isa = PBXContainerItemProxy;
			containerPortal = C553C0CE252F4E8100C48A69 /* Project object */;
			proxyType = 1;
			remoteGlobalIDString = C553C0D5252F4E8100C48A69;
			remoteInfo = WeApp;
		};
		C553C0F3252F4E8200C48A69 /* PBXContainerItemProxy */ = {
			isa = PBXContainerItemProxy;
			containerPortal = C553C0CE252F4E8100C48A69 /* Project object */;
			proxyType = 1;
			remoteGlobalIDString = C553C0D5252F4E8100C48A69;
			remoteInfo = WeApp;
		};
/* End PBXContainerItemProxy section */

/* Begin PBXFileReference section */
		C553C0D6252F4E8100C48A69 /* WeApp.app */ = {isa = PBXFileReference; explicitFileType = wrapper.application; includeInIndex = 0; path = WeApp.app; sourceTree = BUILT_PRODUCTS_DIR; };
		C553C0D9252F4E8100C48A69 /* WeAppApp.swift */ = {isa = PBXFileReference; lastKnownFileType = sourcecode.swift; path = WeAppApp.swift; sourceTree = "<group>"; };
		C553C0DB252F4E8100C48A69 /* ContentView.swift */ = {isa = PBXFileReference; lastKnownFileType = sourcecode.swift; path = ContentView.swift; sourceTree = "<group>"; };
		C553C0DD252F4E8200C48A69 /* Assets.xcassets */ = {isa = PBXFileReference; lastKnownFileType = folder.assetcatalog; path = Assets.xcassets; sourceTree = "<group>"; };
		C553C0E0252F4E8200C48A69 /* Preview Assets.xcassets */ = {isa = PBXFileReference; lastKnownFileType = folder.assetcatalog; path = "Preview Assets.xcassets"; sourceTree = "<group>"; };
		C553C0E2252F4E8200C48A69 /* Info.plist */ = {isa = PBXFileReference; lastKnownFileType = text.plist.xml; path = Info.plist; sourceTree = "<group>"; };
		C553C0E7252F4E8200C48A69 /* WeAppTests.xctest */ = {isa = PBXFileReference; explicitFileType = wrapper.cfbundle; includeInIndex = 0; path = WeAppTests.xctest; sourceTree = BUILT_PRODUCTS_DIR; };
		C553C0EB252F4E8200C48A69 /* WeAppTests.swift */ = {isa = PBXFileReference; lastKnownFileType = sourcecode.swift; path = WeAppTests.swift; sourceTree = "<group>"; };
		C553C0ED252F4E8200C48A69 /* Info.plist */ = {isa = PBXFileReference; lastKnownFileType = text.plist.xml; path = Info.plist; sourceTree = "<group>"; };
		C553C0F2252F4E8200C48A69 /* WeAppUITests.xctest */ = {isa = PBXFileReference; explicitFileType = wrapper.cfbundle; includeInIndex = 0; path = WeAppUITests.xctest; sourceTree = BUILT_PRODUCTS_DIR; };
		C553C0F6252F4E8200C48A69 /* WeAppUITests.swift */ = {isa = PBXFileReference; lastKnownFileType = sourcecode.swift; path = WeAppUITests.swift; sourceTree = "<group>"; };
		C553C0F8252F4E8200C48A69 /* Info.plist */ = {isa = PBXFileReference; lastKnownFileType = text.plist.xml; path = Info.plist; sourceTree = "<group>"; };
/* End PBXFileReference section */

/* Begin PBXFrameworksBuildPhase section */
		C553C0D3252F4E8100C48A69 /* Frameworks */ = {
			isa = PBXFrameworksBuildPhase;
			buildActionMask = 2147483647;
			files = (
			);
			runOnlyForDeploymentPostprocessing = 0;
		};
		C553C0E4252F4E8200C48A69 /* Frameworks */ = {
			isa = PBXFrameworksBuildPhase;
			buildActionMask = 2147483647;
			files = (
			);
			runOnlyForDeploymentPostprocessing = 0;
		};
		C553C0EF252F4E8200C48A69 /* Frameworks */ = {
			isa = PBXFrameworksBuildPhase;
			buildActionMask = 2147483647;
			files = (
			);
			runOnlyForDeploymentPostprocessing = 0;
		};
/* End PBXFrameworksBuildPhase section */

/* Begin PBXGroup section */
		C553C0CD252F4E8100C48A69 = {
			isa = PBXGroup;
			children = (
				C553C0D8252F4E8100C48A69 /* WeApp */,
				C553C0EA252F4E8200C48A69 /* WeAppTests */,
				C553C0F5252F4E8200C48A69 /* WeAppUITests */,
				C553C0D7252F4E8100C48A69 /* Products */,
			);
			sourceTree = "<group>";
		};
		C553C0D7252F4E8100C48A69 /* Products */ = {
			isa = PBXGroup;
			children = (
				C553C0D6252F4E8100C48A69 /* WeApp.app */,
				C553C0E7252F4E8200C48A69 /* WeAppTests.xctest */,
				C553C0F2252F4E8200C48A69 /* WeAppUITests.xctest */,
			);
			name = Products;
			sourceTree = "<group>";
		};
		C553C0D8252F4E8100C48A69 /* WeApp */ = {
			isa = PBXGroup;
			children = (
				C553C0D9252F4E8100C48A69 /* WeAppApp.swift */,
				C553C0DB252F4E8100C48A69 /* ContentView.swift */,
				C553C0DD252F4E8200C48A69 /* Assets.xcassets */,
				C553C0E2252F4E8200C48A69 /* Info.plist */,
				C553C0DF252F4E8200C48A69 /* Preview Content */,
			);
			path = WeApp;
			sourceTree = "<group>";
		};
		C553C0DF252F4E8200C48A69 /* Preview Content */ = {
			isa = PBXGroup;
			children = (
				C553C0E0252F4E8200C48A69 /* Preview Assets.xcassets */,
			);
			path = "Preview Content";
			sourceTree = "<group>";
		};
		C553C0EA252F4E8200C48A69 /* WeAppTests */ = {
			isa = PBXGroup;
			children = (
				C553C0EB252F4E8200C48A69 /* WeAppTests.swift */,
				C553C0ED252F4E8200C48A69 /* Info.plist */,
			);
			path = WeAppTests;
			sourceTree = "<group>";
		};
		C553C0F5252F4E8200C48A69 /* WeAppUITests */ = {
			isa = PBXGroup;
			children = (
				C553C0F6252F4E8200C48A69 /* WeAppUITests.swift */,
				C553C0F8252F4E8200C48A69 /* Info.plist */,
			);
			path = WeAppUITests;
			sourceTree = "<group>";
		};
/* End PBXGroup section */

/* Begin PBXNativeTarget section */
		C553C0D5252F4E8100C48A69 /* WeApp */ = {
			isa = PBXNativeTarget;
			buildConfigurationList = C553C0FB252F4E8200C48A69 /* Build configuration list for PBXNativeTarget "WeApp" */;
			buildPhases = (
				C553C0D2252F4E8100C48A69 /* Sources */,
				C553C0D3252F4E8100C48A69 /* Frameworks */,
				C553C0D4252F4E8100C48A69 /* Resources */,
			);
			buildRules = (
			);
			dependencies = (
			);
			name = WeApp;
			productName = WeApp;
			productReference = C553C0D6252F4E8100C48A69 /* WeApp.app */;
			productType = "com.apple.product-type.application";
		};
		C553C0E6252F4E8200C48A69 /* WeAppTests */ = {
			isa = PBXNativeTarget;
			buildConfigurationList = C553C0FE252F4E8200C48A69 /* Build configuration list for PBXNativeTarget "WeAppTests" */;
			buildPhases = (
				C553C0E3252F4E8200C48A69 /* Sources */,
				C553C0E4252F4E8200C48A69 /* Frameworks */,
				C553C0E5252F4E8200C48A69 /* Resources */,
			);
			buildRules = (
			);
			dependencies = (
				C553C0E9252F4E8200C48A69 /* PBXTargetDependency */,
			);
			name = WeAppTests;
			productName = WeAppTests;
			productReference = C553C0E7252F4E8200C48A69 /* WeAppTests.xctest */;
			productType = "com.apple.product-type.bundle.unit-test";
		};
		C553C0F1252F4E8200C48A69 /* WeAppUITests */ = {
			isa = PBXNativeTarget;
			buildConfigurationList = C553C101252F4E8200C48A69 /* Build configuration list for PBXNativeTarget "WeAppUITests" */;
			buildPhases = (
				C553C0EE252F4E8200C48A69 /* Sources */,
				C553C0EF252F4E8200C48A69 /* Frameworks */,
				C553C0F0252F4E8200C48A69 /* Resources */,
			);
			buildRules = (
			);
			dependencies = (
				C553C0F4252F4E8200C48A69 /* PBXTargetDependency */,
			);
			name = WeAppUITests;
			productName = WeAppUITests;
			productReference = C553C0F2252F4E8200C48A69 /* WeAppUITests.xctest */;
			productType = "com.apple.product-type.bundle.ui-testing";
		};
/* End PBXNativeTarget section */

/* Begin PBXProject section */
		C553C0CE252F4E8100C48A69 /* Project object */ = {
			isa = PBXProject;
			attributes = {
				LastSwiftUpdateCheck = 1200;
				LastUpgradeCheck = 1200;
				TargetAttributes = {
					C553C0D5252F4E8100C48A69 = {
						CreatedOnToolsVersion = 12.0.1;
					};
					C553C0E6252F4E8200C48A69 = {
						CreatedOnToolsVersion = 12.0.1;
						TestTargetID = C553C0D5252F4E8100C48A69;
					};
					C553C0F1252F4E8200C48A69 = {
						CreatedOnToolsVersion = 12.0.1;
						TestTargetID = C553C0D5252F4E8100C48A69;
					};
				};
			};
			buildConfigurationList = C553C0D1252F4E8100C48A69 /* Build configuration list for PBXProject "WeApp" */;
			compatibilityVersion = "Xcode 9.3";
			developmentRegion = en;
			hasScannedForEncodings = 0;
			knownRegions = (
				en,
				Base,
			);
			mainGroup = C553C0CD252F4E8100C48A69;
			productRefGroup = C553C0D7252F4E8100C48A69 /* Products */;
			projectDirPath = "";
			projectRoot = "";
			targets = (
				C553C0D5252F4E8100C48A69 /* WeApp */,
				C553C0E6252F4E8200C48A69 /* WeAppTests */,
				C553C0F1252F4E8200C48A69 /* WeAppUITests */,
			);
		};
/* End PBXProject section */

/* Begin PBXResourcesBuildPhase section */
		C553C0D4252F4E8100C48A69 /* Resources */ = {
			isa = PBXResourcesBuildPhase;
			buildActionMask = 2147483647;
			files = (
				C553C0E1252F4E8200C48A69 /* Preview Assets.xcassets in Resources */,
				C553C0DE252F4E8200C48A69 /* Assets.xcassets in Resources */,
			);
			runOnlyForDeploymentPostprocessing = 0;
		};
		C553C0E5252F4E8200C48A69 /* Resources */ = {
			isa = PBXResourcesBuildPhase;
			buildActionMask = 2147483647;
			files = (
			);
			runOnlyForDeploymentPostprocessing = 0;
		};
		C553C0F0252F4E8200C48A69 /* Resources */ = {
			isa = PBXResourcesBuildPhase;
			buildActionMask = 2147483647;
			files = (
			);
			runOnlyForDeploymentPostprocessing = 0;
		};
/* End PBXResourcesBuildPhase section */

/* Begin PBXSourcesBuildPhase section */
		C553C0D2252F4E8100C48A69 /* Sources */ = {
			isa = PBXSourcesBuildPhase;
			buildActionMask = 2147483647;
			files = (
				C553C0DC252F4E8100C48A69 /* ContentView.swift in Sources */,
				C553C0DA252F4E8100C48A69 /* WeAppApp.swift in Sources */,
			);
			runOnlyForDeploymentPostprocessing = 0;
		};
		C553C0E3252F4E8200C48A69 /* Sources */ = {
			isa = PBXSourcesBuildPhase;
			buildActionMask = 2147483647;
			files = (
				C553C0EC252F4E8200C48A69 /* WeAppTests.swift in Sources */,
			);
			runOnlyForDeploymentPostprocessing = 0;
		};
		C553C0EE252F4E8200C48A69 /* Sources */ = {
			isa = PBXSourcesBuildPhase;
			buildActionMask = 2147483647;
			files = (
				C553C0F7252F4E8200C48A69 /* WeAppUITests.swift in Sources */,
			);
			runOnlyForDeploymentPostprocessing = 0;
		};
/* End PBXSourcesBuildPhase section */

/* Begin PBXTargetDependency section */
		C553C0E9252F4E8200C48A69 /* PBXTargetDependency */ = {
			isa = PBXTargetDependency;
			target = C553C0D5252F4E8100C48A69 /* WeApp */;
			targetProxy = C553C0E8252F4E8200C48A69 /* PBXContainerItemProxy */;
		};
		C553C0F4252F4E8200C48A69 /* PBXTargetDependency */ = {
			isa = PBXTargetDependency;
			target = C553C0D5252F4E8100C48A69 /* WeApp */;
			targetProxy = C553C0F3252F4E8200C48A69 /* PBXContainerItemProxy */;
		};
/* End PBXTargetDependency section */

/* Begin XCBuildConfiguration section */
		C553C0F9252F4E8200C48A69 /* Debug */ = {
			isa = XCBuildConfiguration;
			buildSettings = {
				ALWAYS_SEARCH_USER_PATHS = NO;
				CLANG_ANALYZER_NONNULL = YES;
				CLANG_ANALYZER_NUMBER_OBJECT_CONVERSION = YES_AGGRESSIVE;
				CLANG_CXX_LANGUAGE_STANDARD = "gnu++14";
				CLANG_CXX_LIBRARY = "libc++";
				CLANG_ENABLE_MODULES = YES;
				CLANG_ENABLE_OBJC_ARC = YES;
				CLANG_ENABLE_OBJC_WEAK = YES;
				CLANG_WARN_BLOCK_CAPTURE_AUTORELEASING = YES;
				CLANG_WARN_BOOL_CONVERSION = YES;
				CLANG_WARN_COMMA = YES;
				CLANG_WARN_CONSTANT_CONVERSION = YES;
				CLANG_WARN_DEPRECATED_OBJC_IMPLEMENTATIONS = YES;
				CLANG_WARN_DIRECT_OBJC_ISA_USAGE = YES_ERROR;
				CLANG_WARN_DOCUMENTATION_COMMENTS = YES;
				CLANG_WARN_EMPTY_BODY = YES;
				CLANG_WARN_ENUM_CONVERSION = YES;
				CLANG_WARN_INFINITE_RECURSION = YES;
				CLANG_WARN_INT_CONVERSION = YES;
				CLANG_WARN_NON_LITERAL_NULL_CONVERSION = YES;
				CLANG_WARN_OBJC_IMPLICIT_RETAIN_SELF = YES;
				CLANG_WARN_OBJC_LITERAL_CONVERSION = YES;
				CLANG_WARN_OBJC_ROOT_CLASS = YES_ERROR;
				CLANG_WARN_QUOTED_INCLUDE_IN_FRAMEWORK_HEADER = YES;
				CLANG_WARN_RANGE_LOOP_ANALYSIS = YES;
				CLANG_WARN_STRICT_PROTOTYPES = YES;
				CLANG_WARN_SUSPICIOUS_MOVE = YES;
				CLANG_WARN_UNGUARDED_AVAILABILITY = YES_AGGRESSIVE;
				CLANG_WARN_UNREACHABLE_CODE = YES;
				CLANG_WARN__DUPLICATE_METHOD_MATCH = YES;
				COPY_PHASE_STRIP = NO;
				DEBUG_INFORMATION_FORMAT = dwarf;
				ENABLE_STRICT_OBJC_MSGSEND = YES;
				ENABLE_TESTABILITY = YES;
				GCC_C_LANGUAGE_STANDARD = gnu11;
				GCC_DYNAMIC_NO_PIC = NO;
				GCC_NO_COMMON_BLOCKS = YES;
				GCC_OPTIMIZATION_LEVEL = 0;
				GCC_PREPROCESSOR_DEFINITIONS = (
					"DEBUG=1",
					"$(inherited)",
				);
				GCC_WARN_64_TO_32_BIT_CONVERSION = YES;
				GCC_WARN_ABOUT_RETURN_TYPE = YES_ERROR;
				GCC_WARN_UNDECLARED_SELECTOR = YES;
				GCC_WARN_UNINITIALIZED_AUTOS = YES_AGGRESSIVE;
				GCC_WARN_UNUSED_FUNCTION = YES;
				GCC_WARN_UNUSED_VARIABLE = YES;
				IPHONEOS_DEPLOYMENT_TARGET = 14.0;
				MTL_ENABLE_DEBUG_INFO = INCLUDE_SOURCE;
				MTL_FAST_MATH = YES;
				ONLY_ACTIVE_ARCH = YES;
				SDKROOT = iphoneos;
				SWIFT_ACTIVE_COMPILATION_CONDITIONS = DEBUG;
				SWIFT_OPTIMIZATION_LEVEL = "-Onone";
			};
			name = Debug;
		};
		C553C0FA252F4E8200C48A69 /* Release */ = {
			isa = XCBuildConfiguration;
			buildSettings = {
				ALWAYS_SEARCH_USER_PATHS = NO;
				CLANG_ANALYZER_NONNULL = YES;
				CLANG_ANALYZER_NUMBER_OBJECT_CONVERSION = YES_AGGRESSIVE;
				CLANG_CXX_LANGUAGE_STANDARD = "gnu++14";
				CLANG_CXX_LIBRARY = "libc++";
				CLANG_ENABLE_MODULES = YES;
				CLANG_ENABLE_OBJC_ARC = YES;
				CLANG_ENABLE_OBJC_WEAK = YES;
				CLANG_WARN_BLOCK_CAPTURE_AUTORELEASING = YES;
				CLANG_WARN_BOOL_CONVERSION = YES;
				CLANG_WARN_COMMA = YES;
				CLANG_WARN_CONSTANT_CONVERSION = YES;
				CLANG_WARN_DEPRECATED_OBJC_IMPLEMENTATIONS = YES;
				CLANG_WARN_DIRECT_OBJC_ISA_USAGE = YES_ERROR;
				CLANG_WARN_DOCUMENTATION_COMMENTS = YES;
				CLANG_WARN_EMPTY_BODY = YES;
				CLANG_WARN_ENUM_CONVERSION = YES;
				CLANG_WARN_INFINITE_RECURSION = YES;
				CLANG_WARN_INT_CONVERSION = YES;
				CLANG_WARN_NON_LITERAL_NULL_CONVERSION = YES;
				CLANG_WARN_OBJC_IMPLICIT_RETAIN_SELF = YES;
				CLANG_WARN_OBJC_LITERAL_CONVERSION = YES;
				CLANG_WARN_OBJC_ROOT_CLASS = YES_ERROR;
				CLANG_WARN_QUOTED_INCLUDE_IN_FRAMEWORK_HEADER = YES;
				CLANG_WARN_RANGE_LOOP_ANALYSIS = YES;
				CLANG_WARN_STRICT_PROTOTYPES = YES;
				CLANG_WARN_SUSPICIOUS_MOVE = YES;
				CLANG_WARN_UNGUARDED_AVAILABILITY = YES_AGGRESSIVE;
				CLANG_WARN_UNREACHABLE_CODE = YES;
				CLANG_WARN__DUPLICATE_METHOD_MATCH = YES;
				COPY_PHASE_STRIP = NO;
				DEBUG_INFORMATION_FORMAT = "dwarf-with-dsym";
				ENABLE_NS_ASSERTIONS = NO;
				ENABLE_STRICT_OBJC_MSGSEND = YES;
				GCC_C_LANGUAGE_STANDARD = gnu11;
				GCC_NO_COMMON_BLOCKS = YES;
				GCC_WARN_64_TO_32_BIT_CONVERSION = YES;
				GCC_WARN_ABOUT_RETURN_TYPE = YES_ERROR;
				GCC_WARN_UNDECLARED_SELECTOR = YES;
				GCC_WARN_UNINITIALIZED_AUTOS = YES_AGGRESSIVE;
				GCC_WARN_UNUSED_FUNCTION = YES;
				GCC_WARN_UNUSED_VARIABLE = YES;
				IPHONEOS_DEPLOYMENT_TARGET = 14.0;
				MTL_ENABLE_DEBUG_INFO = NO;
				MTL_FAST_MATH = YES;
				SDKROOT = iphoneos;
				SWIFT_COMPILATION_MODE = wholemodule;
				SWIFT_OPTIMIZATION_LEVEL = "-O";
				VALIDATE_PRODUCT = YES;
			};
			name = Release;
		};
		C553C0FC252F4E8200C48A69 /* Debug */ = {
			isa = XCBuildConfiguration;
			buildSettings = {
				ASSETCATALOG_COMPILER_APPICON_NAME = AppIcon;
				ASSETCATALOG_COMPILER_GLOBAL_ACCENT_COLOR_NAME = AccentColor;
				CODE_SIGN_STYLE = Automatic;
				DEVELOPMENT_ASSET_PATHS = "\"WeApp/Preview Content\"";
				DEVELOPMENT_TEAM = 8259584TQ2;
				ENABLE_PREVIEWS = YES;
				INFOPLIST_FILE = WeApp/Info.plist;
				IPHONEOS_DEPLOYMENT_TARGET = 14.0;
				LD_RUNPATH_SEARCH_PATHS = (
					"$(inherited)",
					"@executable_path/Frameworks",
				);
				PRODUCT_BUNDLE_IDENTIFIER = "amaebilove-gmail.com.WeApp";
				PRODUCT_NAME = "$(TARGET_NAME)";
				SWIFT_VERSION = 5.0;
				TARGETED_DEVICE_FAMILY = "1,2";
			};
			name = Debug;
		};
		C553C0FD252F4E8200C48A69 /* Release */ = {
			isa = XCBuildConfiguration;
			buildSettings = {
				ASSETCATALOG_COMPILER_APPICON_NAME = AppIcon;
				ASSETCATALOG_COMPILER_GLOBAL_ACCENT_COLOR_NAME = AccentColor;
				CODE_SIGN_STYLE = Automatic;
				DEVELOPMENT_ASSET_PATHS = "\"WeApp/Preview Content\"";
				DEVELOPMENT_TEAM = 8259584TQ2;
				ENABLE_PREVIEWS = YES;
				INFOPLIST_FILE = WeApp/Info.plist;
				IPHONEOS_DEPLOYMENT_TARGET = 14.0;
				LD_RUNPATH_SEARCH_PATHS = (
					"$(inherited)",
					"@executable_path/Frameworks",
				);
				PRODUCT_BUNDLE_IDENTIFIER = "amaebilove-gmail.com.WeApp";
				PRODUCT_NAME = "$(TARGET_NAME)";
				SWIFT_VERSION = 5.0;
				TARGETED_DEVICE_FAMILY = "1,2";
			};
			name = Release;
		};
		C553C0FF252F4E8200C48A69 /* Debug */ = {
			isa = XCBuildConfiguration;
			buildSettings = {
				ALWAYS_EMBED_SWIFT_STANDARD_LIBRARIES = YES;
				BUNDLE_LOADER = "$(TEST_HOST)";
				CODE_SIGN_STYLE = Automatic;
				DEVELOPMENT_TEAM = 8259584TQ2;
				INFOPLIST_FILE = WeAppTests/Info.plist;
				IPHONEOS_DEPLOYMENT_TARGET = 14.0;
				LD_RUNPATH_SEARCH_PATHS = (
					"$(inherited)",
					"@executable_path/Frameworks",
					"@loader_path/Frameworks",
				);
				PRODUCT_BUNDLE_IDENTIFIER = "amaebilove-gmail.com.WeAppTests";
				PRODUCT_NAME = "$(TARGET_NAME)";
				SWIFT_VERSION = 5.0;
				TARGETED_DEVICE_FAMILY = "1,2";
				TEST_HOST = "$(BUILT_PRODUCTS_DIR)/WeApp.app/WeApp";
			};
			name = Debug;
		};
		C553C100252F4E8200C48A69 /* Release */ = {
			isa = XCBuildConfiguration;
			buildSettings = {
				ALWAYS_EMBED_SWIFT_STANDARD_LIBRARIES = YES;
				BUNDLE_LOADER = "$(TEST_HOST)";
				CODE_SIGN_STYLE = Automatic;
				DEVELOPMENT_TEAM = 8259584TQ2;
				INFOPLIST_FILE = WeAppTests/Info.plist;
				IPHONEOS_DEPLOYMENT_TARGET = 14.0;
				LD_RUNPATH_SEARCH_PATHS = (
					"$(inherited)",
					"@executable_path/Frameworks",
					"@loader_path/Frameworks",
				);
				PRODUCT_BUNDLE_IDENTIFIER = "amaebilove-gmail.com.WeAppTests";
				PRODUCT_NAME = "$(TARGET_NAME)";
				SWIFT_VERSION = 5.0;
				TARGETED_DEVICE_FAMILY = "1,2";
				TEST_HOST = "$(BUILT_PRODUCTS_DIR)/WeApp.app/WeApp";
			};
			name = Release;
		};
		C553C102252F4E8200C48A69 /* Debug */ = {
			isa = XCBuildConfiguration;
			buildSettings = {
				ALWAYS_EMBED_SWIFT_STANDARD_LIBRARIES = YES;
				CODE_SIGN_STYLE = Automatic;
				DEVELOPMENT_TEAM = 8259584TQ2;
				INFOPLIST_FILE = WeAppUITests/Info.plist;
				LD_RUNPATH_SEARCH_PATHS = (
					"$(inherited)",
					"@executable_path/Frameworks",
					"@loader_path/Frameworks",
				);
				PRODUCT_BUNDLE_IDENTIFIER = "amaebilove-gmail.com.WeAppUITests";
				PRODUCT_NAME = "$(TARGET_NAME)";
				SWIFT_VERSION = 5.0;
				TARGETED_DEVICE_FAMILY = "1,2";
				TEST_TARGET_NAME = WeApp;
			};
			name = Debug;
		};
		C553C103252F4E8200C48A69 /* Release */ = {
			isa = XCBuildConfiguration;
			buildSettings = {
				ALWAYS_EMBED_SWIFT_STANDARD_LIBRARIES = YES;
				CODE_SIGN_STYLE = Automatic;
				DEVELOPMENT_TEAM = 8259584TQ2;
				INFOPLIST_FILE = WeAppUITests/Info.plist;
				LD_RUNPATH_SEARCH_PATHS = (
					"$(inherited)",
					"@executable_path/Frameworks",
					"@loader_path/Frameworks",
				);
				PRODUCT_BUNDLE_IDENTIFIER = "amaebilove-gmail.com.WeAppUITests";
				PRODUCT_NAME = "$(TARGET_NAME)";
				SWIFT_VERSION = 5.0;
				TARGETED_DEVICE_FAMILY = "1,2";
				TEST_TARGET_NAME = WeApp;
			};
			name = Release;
		};
/* End XCBuildConfiguration section */

/* Begin XCConfigurationList section */
		C553C0D1252F4E8100C48A69 /* Build configuration list for PBXProject "WeApp" */ = {
			isa = XCConfigurationList;
			buildConfigurations = (
				C553C0F9252F4E8200C48A69 /* Debug */,
				C553C0FA252F4E8200C48A69 /* Release */,
			);
			defaultConfigurationIsVisible = 0;
			defaultConfigurationName = Release;
		};
		C553C0FB252F4E8200C48A69 /* Build configuration list for PBXNativeTarget "WeApp" */ = {
			isa = XCConfigurationList;
			buildConfigurations = (
				C553C0FC252F4E8200C48A69 /* Debug */,
				C553C0FD252F4E8200C48A69 /* Release */,
			);
			defaultConfigurationIsVisible = 0;
			defaultConfigurationName = Release;
		};
		C553C0FE252F4E8200C48A69 /* Build configuration list for PBXNativeTarget "WeAppTests" */ = {
			isa = XCConfigurationList;
			buildConfigurations = (
				C553C0FF252F4E8200C48A69 /* Debug */,
				C553C100252F4E8200C48A69 /* Release */,
			);
			defaultConfigurationIsVisible = 0;
			defaultConfigurationName = Release;
		};
		C553C101252F4E8200C48A69 /* Build configuration list for PBXNativeTarget "WeAppUITests" */ = {
			isa = XCConfigurationList;
			buildConfigurations = (
				C553C102252F4E8200C48A69 /* Debug */,
				C553C103252F4E8200C48A69 /* Release */,
			);
			defaultConfigurationIsVisible = 0;
			defaultConfigurationName = Release;
		};
/* End XCConfigurationList section */
	};
	rootObject = C553C0CE252F4E8100C48A69 /* Project object */;
}
